Microsoft Visual Studio Solution File, Format Version 9.00
# Visual C++ Express 2005
Project("{8BC9CEB8-8B4A-11D0-8D11-00A0C91BC942}") = "appceltst_static", "appceltst_static.vcproj", "{2C74948F-1137-8200-436C-0CBAA8C81F83}"
EndProject
Project("{8BC9CEB8-8B4A-11D0-8D11-00A0C91BC942}") = "appnettest_static", "appnettest_static.vcproj", "{ECEE6A39-81B8-E135-B699-92DD86A4B667}"
EndProject
Project("{8BC9CEB8-8B4A-11D0-8D11-00A0C91BC942}") = "grpall_static", "grpall_static.vcproj", "{025A8D97-BA9D-441A-6C95-1AB1DDA432F3}"
EndProject
Project("{8BC9CEB8-8B4A-11D0-8D11-00A0C91BC942}") = "grpapps_static", "grpapps_static.vcproj", "{E52C45F7-9F93-B2E3-AEC6-7091557B118C}"
EndProject
Project("{8BC9CEB8-8B4A-11D0-8D11-00A0C91BC942}") = "grplibs_static", "grplibs_static.vcproj", "{69CC6DCF-6F53-3C1A-B2DD-FFBB09C068AE}"
EndProject
Project("{8BC9CEB8-8B4A-11D0-8D11-00A0C91BC942}") = "grpplugins_static", "grpplugins_static.vcproj", "{0E350FAB-AC29-2982-8FB4-C97CA88F1415}"
EndProject
Project("{8BC9CEB8-8B4A-11D0-8D11-00A0C91BC942}") = "libcel_staticplugins", "libcel_staticplugins.vcproj", "{F8C56937-E665-838E-0B34-DB3EF026DE9C}"
EndProject
Project("{8BC9CEB8-8B4A-11D0-8D11-00A0C91BC942}") = "libceltool", "libceltool.vcproj", "{FE8C31C7-8C7C-B982-16AE-C6CA39940D52}"
EndProject
Global
	GlobalSection(SolutionConfiguration) = preSolution
		ConfigName.0 = Release
		ConfigName.1 = Debug
	EndGlobalSection
	GlobalSection(ProjectDependencies) = postSolution
		{2C74948F-1137-8200-436C-0CBAA8C81F83}.0 = {F8C56937-E665-838E-0B34-DB3EF026DE9C}
		{2C74948F-1137-8200-436C-0CBAA8C81F83}.1 = {FE8C31C7-8C7C-B982-16AE-C6CA39940D52}
		{ECEE6A39-81B8-E135-B699-92DD86A4B667}.0 = {F8C56937-E665-838E-0B34-DB3EF026DE9C}
		{ECEE6A39-81B8-E135-B699-92DD86A4B667}.1 = {FE8C31C7-8C7C-B982-16AE-C6CA39940D52}
		{025A8D97-BA9D-441A-6C95-1AB1DDA432F3}.0 = {2C74948F-1137-8200-436C-0CBAA8C81F83}
		{025A8D97-BA9D-441A-6C95-1AB1DDA432F3}.1 = {ECEE6A39-81B8-E135-B699-92DD86A4B667}
		{025A8D97-BA9D-441A-6C95-1AB1DDA432F3}.2 = {F8C56937-E665-838E-0B34-DB3EF026DE9C}
		{025A8D97-BA9D-441A-6C95-1AB1DDA432F3}.3 = {FE8C31C7-8C7C-B982-16AE-C6CA39940D52}
		{E52C45F7-9F93-B2E3-AEC6-7091557B118C}.0 = {2C74948F-1137-8200-436C-0CBAA8C81F83}
		{E52C45F7-9F93-B2E3-AEC6-7091557B118C}.1 = {ECEE6A39-81B8-E135-B699-92DD86A4B667}
		{69CC6DCF-6F53-3C1A-B2DD-FFBB09C068AE}.0 = {F8C56937-E665-838E-0B34-DB3EF026DE9C}
		{69CC6DCF-6F53-3C1A-B2DD-FFBB09C068AE}.1 = {FE8C31C7-8C7C-B982-16AE-C6CA39940D52}
	EndGlobalSection
	GlobalSection(ProjectConfiguration) = postSolution
		{2C74948F-1137-8200-436C-0CBAA8C81F83}.Release.ActiveCfg = Release|Win32
		{2C74948F-1137-8200-436C-0CBAA8C81F83}.Release.Build.0 = Release|Win32
		{2C74948F-1137-8200-436C-0CBAA8C81F83}.Debug.ActiveCfg = Debug|Win32
		{2C74948F-1137-8200-436C-0CBAA8C81F83}.Debug.Build.0 = Debug|Win32
		{ECEE6A39-81B8-E135-B699-92DD86A4B667}.Release.ActiveCfg = Release|Win32
		{ECEE6A39-81B8-E135-B699-92DD86A4B667}.Release.Build.0 = Release|Win32
		{ECEE6A39-81B8-E135-B699-92DD86A4B667}.Debug.ActiveCfg = Debug|Win32
		{ECEE6A39-81B8-E135-B699-92DD86A4B667}.Debug.Build.0 = Debug|Win32
		{025A8D97-BA9D-441A-6C95-1AB1DDA432F3}.Release.ActiveCfg = Release|Win32
		{025A8D97-BA9D-441A-6C95-1AB1DDA432F3}.Release.Build.0 = Release|Win32
		{025A8D97-BA9D-441A-6C95-1AB1DDA432F3}.Debug.ActiveCfg = Debug|Win32
		{025A8D97-BA9D-441A-6C95-1AB1DDA432F3}.Debug.Build.0 = Debug|Win32
		{E52C45F7-9F93-B2E3-AEC6-7091557B118C}.Release.ActiveCfg = Release|Win32
		{E52C45F7-9F93-B2E3-AEC6-7091557B118C}.Release.Build.0 = Release|Win32
		{E52C45F7-9F93-B2E3-AEC6-7091557B118C}.Debug.ActiveCfg = Debug|Win32
		{E52C45F7-9F93-B2E3-AEC6-7091557B118C}.Debug.Build.0 = Debug|Win32
		{69CC6DCF-6F53-3C1A-B2DD-FFBB09C068AE}.Release.ActiveCfg = Release|Win32
		{69CC6DCF-6F53-3C1A-B2DD-FFBB09C068AE}.Release.Build.0 = Release|Win32
		{69CC6DCF-6F53-3C1A-B2DD-FFBB09C068AE}.Debug.ActiveCfg = Debug|Win32
		{69CC6DCF-6F53-3C1A-B2DD-FFBB09C068AE}.Debug.Build.0 = Debug|Win32
		{0E350FAB-AC29-2982-8FB4-C97CA88F1415}.Release.ActiveCfg = Release|Win32
		{0E350FAB-AC29-2982-8FB4-C97CA88F1415}.Release.Build.0 = Release|Win32
		{0E350FAB-AC29-2982-8FB4-C97CA88F1415}.Debug.ActiveCfg = Debug|Win32
		{0E350FAB-AC29-2982-8FB4-C97CA88F1415}.Debug.Build.0 = Debug|Win32
		{F8C56937-E665-838E-0B34-DB3EF026DE9C}.Release.ActiveCfg = Release|Win32
		{F8C56937-E665-838E-0B34-DB3EF026DE9C}.Release.Build.0 = Release|Win32
		{F8C56937-E665-838E-0B34-DB3EF026DE9C}.Debug.ActiveCfg = Debug|Win32
		{F8C56937-E665-838E-0B34-DB3EF026DE9C}.Debug.Build.0 = Debug|Win32
		{FE8C31C7-8C7C-B982-16AE-C6CA39940D52}.Release.ActiveCfg = Release|Win32
		{FE8C31C7-8C7C-B982-16AE-C6CA39940D52}.Release.Build.0 = Release|Win32
		{FE8C31C7-8C7C-B982-16AE-C6CA39940D52}.Debug.ActiveCfg = Debug|Win32
		{FE8C31C7-8C7C-B982-16AE-C6CA39940D52}.Debug.Build.0 = Debug|Win32
	EndGlobalSection
	GlobalSection(ExtensibilityGlobals) = postSolution
	EndGlobalSection
	GlobalSection(ExtensibilityAddIns) = postSolution
	EndGlobalSection
EndGlobal
