Microsoft Visual Studio Solution File, Format Version 7.00
Project("{8BC9CEB8-8B4A-11D0-8D11-00A0C91BC942}") = "appbootstrap", "appbootstrap.vcproj", "{FF4C7AD7-84CA-8A2F-7EBF-2B1FA775848F}"
EndProject
Project("{8BC9CEB8-8B4A-11D0-8D11-00A0C91BC942}") = "appceltst", "appceltst.vcproj", "{E7FA7509-300D-FB19-912A-61D2694C9BD0}"
EndProject
Project("{8BC9CEB8-8B4A-11D0-8D11-00A0C91BC942}") = "grpall_cel", "grpall_cel.vcproj", "{36C62D61-808A-D8D0-D561-3EE6C506C350}"
EndProject
Project("{8BC9CEB8-8B4A-11D0-8D11-00A0C91BC942}") = "grpapps_cel", "grpapps_cel.vcproj", "{E2ECEB01-C66F-C40A-F57D-14B5700CED7A}"
EndProject
Project("{8BC9CEB8-8B4A-11D0-8D11-00A0C91BC942}") = "grplibs_cel", "grplibs_cel.vcproj", "{106A7F99-1E5C-1E40-BA5B-83418069F01C}"
EndProject
Project("{8BC9CEB8-8B4A-11D0-8D11-00A0C91BC942}") = "grpplugins_cel", "grpplugins_cel.vcproj", "{866C2A26-400D-A8C9-8F7B-B780A879B604}"
EndProject
Project("{8BC9CEB8-8B4A-11D0-8D11-00A0C91BC942}") = "libceltool", "libceltool.vcproj", "{FE8C31C7-8C7C-B982-16AE-C6CA39940D52}"
EndProject
Project("{8BC9CEB8-8B4A-11D0-8D11-00A0C91BC942}") = "plgaddon_celentity", "plgaddon_celentity.vcproj", "{3EF52631-4486-D72B-BB17-DB8FCF36DDBA}"
EndProject
Project("{8BC9CEB8-8B4A-11D0-8D11-00A0C91BC942}") = "plgaddon_xmlscripts", "plgaddon_xmlscripts.vcproj", "{BA7BEDE4-D74D-62E9-2A70-F3E2461698BB}"
EndProject
Project("{8BC9CEB8-8B4A-11D0-8D11-00A0C91BC942}") = "plgblpython", "plgblpython.vcproj", "{A1782967-FA99-DCA4-4D6F-14CD8E1505AD}"
EndProject
Project("{8BC9CEB8-8B4A-11D0-8D11-00A0C91BC942}") = "plgbltest", "plgbltest.vcproj", "{E15D3136-619B-861B-D8FF-561A1F846B6C}"
EndProject
Project("{8BC9CEB8-8B4A-11D0-8D11-00A0C91BC942}") = "plgblxml", "plgblxml.vcproj", "{D4C2A921-6257-1D72-592F-450E19AA3E20}"
EndProject
Project("{8BC9CEB8-8B4A-11D0-8D11-00A0C91BC942}") = "plgcpersist", "plgcpersist.vcproj", "{403E853A-59C3-FBA1-AF01-2BF89B0DA2F7}"
EndProject
Project("{8BC9CEB8-8B4A-11D0-8D11-00A0C91BC942}") = "plgmgr_billboard", "plgmgr_billboard.vcproj", "{32B86666-15E0-F234-58EC-50D3CC10AD59}"
EndProject
Project("{8BC9CEB8-8B4A-11D0-8D11-00A0C91BC942}") = "plgpfactormove", "plgpfactormove.vcproj", "{8EBBE255-F364-3793-8E84-4ACE0FB487A1}"
EndProject
Project("{8BC9CEB8-8B4A-11D0-8D11-00A0C91BC942}") = "plgpfbillboard", "plgpfbillboard.vcproj", "{8E2C61D0-0DDE-9AC3-AB7E-8EE3B4EE09D4}"
EndProject
Project("{8BC9CEB8-8B4A-11D0-8D11-00A0C91BC942}") = "plgpfdynmove", "plgpfdynmove.vcproj", "{2E476624-9278-D3A9-BB30-02D25D1FA031}"
EndProject
Project("{8BC9CEB8-8B4A-11D0-8D11-00A0C91BC942}") = "plgpfengine", "plgpfengine.vcproj", "{F523A3D9-0D90-E985-CA29-10E441393BAE}"
EndProject
Project("{8BC9CEB8-8B4A-11D0-8D11-00A0C91BC942}") = "plgpfinput", "plgpfinput.vcproj", "{5281C5BB-2394-E384-DEDF-73F9F661705D}"
EndProject
Project("{8BC9CEB8-8B4A-11D0-8D11-00A0C91BC942}") = "plgpfinv", "plgpfinv.vcproj", "{CB5A4EF1-E092-959D-EFD1-E0442F3119F1}"
EndProject
Project("{8BC9CEB8-8B4A-11D0-8D11-00A0C91BC942}") = "plgpfmesh", "plgpfmesh.vcproj", "{7577CC57-FF93-6E33-EC99-846E898BED29}"
EndProject
Project("{8BC9CEB8-8B4A-11D0-8D11-00A0C91BC942}") = "plgpfmove", "plgpfmove.vcproj", "{E167BD33-4E68-2BB7-C568-09FC289A2E9A}"
EndProject
Project("{8BC9CEB8-8B4A-11D0-8D11-00A0C91BC942}") = "plgpfmover", "plgpfmover.vcproj", "{6AE42D83-4035-6C15-089B-D65BCF171A11}"
EndProject
Project("{8BC9CEB8-8B4A-11D0-8D11-00A0C91BC942}") = "plgpftest", "plgpftest.vcproj", "{6452026D-0C54-4DCD-DA11-047FAC2224D7}"
EndProject
Project("{8BC9CEB8-8B4A-11D0-8D11-00A0C91BC942}") = "plgpftools", "plgpftools.vcproj", "{058AAD6E-A940-FA17-F583-B3676E4DAC6C}"
EndProject
Project("{8BC9CEB8-8B4A-11D0-8D11-00A0C91BC942}") = "plgpfzone", "plgpfzone.vcproj", "{9B942FB3-91A0-9E4F-1514-1286B4872502}"
EndProject
Project("{8BC9CEB8-8B4A-11D0-8D11-00A0C91BC942}") = "plgstdphyslayer", "plgstdphyslayer.vcproj", "{66C683AA-084B-50DD-3B04-ED38799342BA}"
EndProject
Global
	GlobalSection(SolutionConfiguration) = preSolution
		ConfigName.0 = Release
		ConfigName.1 = Debug
	EndGlobalSection
	GlobalSection(ProjectDependencies) = postSolution
		{36C62D61-808A-D8D0-D561-3EE6C506C350}.0 = {FE8C31C7-8C7C-B982-16AE-C6CA39940D52}
		{36C62D61-808A-D8D0-D561-3EE6C506C350}.1 = {66C683AA-084B-50DD-3B04-ED38799342BA}
		{36C62D61-808A-D8D0-D561-3EE6C506C350}.2 = {F523A3D9-0D90-E985-CA29-10E441393BAE}
		{36C62D61-808A-D8D0-D561-3EE6C506C350}.3 = {5281C5BB-2394-E384-DEDF-73F9F661705D}
		{36C62D61-808A-D8D0-D561-3EE6C506C350}.4 = {CB5A4EF1-E092-959D-EFD1-E0442F3119F1}
		{36C62D61-808A-D8D0-D561-3EE6C506C350}.5 = {7577CC57-FF93-6E33-EC99-846E898BED29}
		{36C62D61-808A-D8D0-D561-3EE6C506C350}.6 = {E167BD33-4E68-2BB7-C568-09FC289A2E9A}
		{36C62D61-808A-D8D0-D561-3EE6C506C350}.7 = {2E476624-9278-D3A9-BB30-02D25D1FA031}
		{36C62D61-808A-D8D0-D561-3EE6C506C350}.8 = {6452026D-0C54-4DCD-DA11-047FAC2224D7}
		{36C62D61-808A-D8D0-D561-3EE6C506C350}.9 = {058AAD6E-A940-FA17-F583-B3676E4DAC6C}
		{36C62D61-808A-D8D0-D561-3EE6C506C350}.10 = {8E2C61D0-0DDE-9AC3-AB7E-8EE3B4EE09D4}
		{36C62D61-808A-D8D0-D561-3EE6C506C350}.11 = {8EBBE255-F364-3793-8E84-4ACE0FB487A1}
		{36C62D61-808A-D8D0-D561-3EE6C506C350}.12 = {9B942FB3-91A0-9E4F-1514-1286B4872502}
		{36C62D61-808A-D8D0-D561-3EE6C506C350}.13 = {6AE42D83-4035-6C15-089B-D65BCF171A11}
		{36C62D61-808A-D8D0-D561-3EE6C506C350}.14 = {403E853A-59C3-FBA1-AF01-2BF89B0DA2F7}
		{36C62D61-808A-D8D0-D561-3EE6C506C350}.15 = {E15D3136-619B-861B-D8FF-561A1F846B6C}
		{36C62D61-808A-D8D0-D561-3EE6C506C350}.16 = {A1782967-FA99-DCA4-4D6F-14CD8E1505AD}
		{36C62D61-808A-D8D0-D561-3EE6C506C350}.17 = {D4C2A921-6257-1D72-592F-450E19AA3E20}
		{36C62D61-808A-D8D0-D561-3EE6C506C350}.18 = {3EF52631-4486-D72B-BB17-DB8FCF36DDBA}
		{36C62D61-808A-D8D0-D561-3EE6C506C350}.19 = {BA7BEDE4-D74D-62E9-2A70-F3E2461698BB}
		{36C62D61-808A-D8D0-D561-3EE6C506C350}.20 = {32B86666-15E0-F234-58EC-50D3CC10AD59}
		{36C62D61-808A-D8D0-D561-3EE6C506C350}.21 = {E7FA7509-300D-FB19-912A-61D2694C9BD0}
		{36C62D61-808A-D8D0-D561-3EE6C506C350}.22 = {FF4C7AD7-84CA-8A2F-7EBF-2B1FA775848F}
		{E2ECEB01-C66F-C40A-F57D-14B5700CED7A}.0 = {E7FA7509-300D-FB19-912A-61D2694C9BD0}
		{E2ECEB01-C66F-C40A-F57D-14B5700CED7A}.1 = {FF4C7AD7-84CA-8A2F-7EBF-2B1FA775848F}
		{106A7F99-1E5C-1E40-BA5B-83418069F01C}.0 = {FE8C31C7-8C7C-B982-16AE-C6CA39940D52}
		{866C2A26-400D-A8C9-8F7B-B780A879B604}.0 = {66C683AA-084B-50DD-3B04-ED38799342BA}
		{866C2A26-400D-A8C9-8F7B-B780A879B604}.1 = {F523A3D9-0D90-E985-CA29-10E441393BAE}
		{866C2A26-400D-A8C9-8F7B-B780A879B604}.2 = {5281C5BB-2394-E384-DEDF-73F9F661705D}
		{866C2A26-400D-A8C9-8F7B-B780A879B604}.3 = {CB5A4EF1-E092-959D-EFD1-E0442F3119F1}
		{866C2A26-400D-A8C9-8F7B-B780A879B604}.4 = {7577CC57-FF93-6E33-EC99-846E898BED29}
		{866C2A26-400D-A8C9-8F7B-B780A879B604}.5 = {E167BD33-4E68-2BB7-C568-09FC289A2E9A}
		{866C2A26-400D-A8C9-8F7B-B780A879B604}.6 = {2E476624-9278-D3A9-BB30-02D25D1FA031}
		{866C2A26-400D-A8C9-8F7B-B780A879B604}.7 = {6452026D-0C54-4DCD-DA11-047FAC2224D7}
		{866C2A26-400D-A8C9-8F7B-B780A879B604}.8 = {058AAD6E-A940-FA17-F583-B3676E4DAC6C}
		{866C2A26-400D-A8C9-8F7B-B780A879B604}.9 = {8E2C61D0-0DDE-9AC3-AB7E-8EE3B4EE09D4}
		{866C2A26-400D-A8C9-8F7B-B780A879B604}.10 = {8EBBE255-F364-3793-8E84-4ACE0FB487A1}
		{866C2A26-400D-A8C9-8F7B-B780A879B604}.11 = {9B942FB3-91A0-9E4F-1514-1286B4872502}
		{866C2A26-400D-A8C9-8F7B-B780A879B604}.12 = {6AE42D83-4035-6C15-089B-D65BCF171A11}
		{866C2A26-400D-A8C9-8F7B-B780A879B604}.13 = {403E853A-59C3-FBA1-AF01-2BF89B0DA2F7}
		{866C2A26-400D-A8C9-8F7B-B780A879B604}.14 = {E15D3136-619B-861B-D8FF-561A1F846B6C}
		{866C2A26-400D-A8C9-8F7B-B780A879B604}.15 = {A1782967-FA99-DCA4-4D6F-14CD8E1505AD}
		{866C2A26-400D-A8C9-8F7B-B780A879B604}.16 = {D4C2A921-6257-1D72-592F-450E19AA3E20}
		{866C2A26-400D-A8C9-8F7B-B780A879B604}.17 = {3EF52631-4486-D72B-BB17-DB8FCF36DDBA}
		{866C2A26-400D-A8C9-8F7B-B780A879B604}.18 = {BA7BEDE4-D74D-62E9-2A70-F3E2461698BB}
		{866C2A26-400D-A8C9-8F7B-B780A879B604}.19 = {32B86666-15E0-F234-58EC-50D3CC10AD59}
		{3EF52631-4486-D72B-BB17-DB8FCF36DDBA}.0 = {FE8C31C7-8C7C-B982-16AE-C6CA39940D52}
		{D4C2A921-6257-1D72-592F-450E19AA3E20}.0 = {FE8C31C7-8C7C-B982-16AE-C6CA39940D52}
		{8EBBE255-F364-3793-8E84-4ACE0FB487A1}.0 = {FE8C31C7-8C7C-B982-16AE-C6CA39940D52}
		{8E2C61D0-0DDE-9AC3-AB7E-8EE3B4EE09D4}.0 = {FE8C31C7-8C7C-B982-16AE-C6CA39940D52}
		{2E476624-9278-D3A9-BB30-02D25D1FA031}.0 = {FE8C31C7-8C7C-B982-16AE-C6CA39940D52}
		{F523A3D9-0D90-E985-CA29-10E441393BAE}.0 = {FE8C31C7-8C7C-B982-16AE-C6CA39940D52}
		{5281C5BB-2394-E384-DEDF-73F9F661705D}.0 = {FE8C31C7-8C7C-B982-16AE-C6CA39940D52}
		{CB5A4EF1-E092-959D-EFD1-E0442F3119F1}.0 = {FE8C31C7-8C7C-B982-16AE-C6CA39940D52}
		{7577CC57-FF93-6E33-EC99-846E898BED29}.0 = {FE8C31C7-8C7C-B982-16AE-C6CA39940D52}
		{E167BD33-4E68-2BB7-C568-09FC289A2E9A}.0 = {FE8C31C7-8C7C-B982-16AE-C6CA39940D52}
		{6AE42D83-4035-6C15-089B-D65BCF171A11}.0 = {FE8C31C7-8C7C-B982-16AE-C6CA39940D52}
		{6452026D-0C54-4DCD-DA11-047FAC2224D7}.0 = {FE8C31C7-8C7C-B982-16AE-C6CA39940D52}
		{058AAD6E-A940-FA17-F583-B3676E4DAC6C}.0 = {FE8C31C7-8C7C-B982-16AE-C6CA39940D52}
		{9B942FB3-91A0-9E4F-1514-1286B4872502}.0 = {FE8C31C7-8C7C-B982-16AE-C6CA39940D52}
	EndGlobalSection
	GlobalSection(ProjectConfiguration) = postSolution
		{FF4C7AD7-84CA-8A2F-7EBF-2B1FA775848F}.Release.ActiveCfg = Release|Win32
		{FF4C7AD7-84CA-8A2F-7EBF-2B1FA775848F}.Release.Build.0 = Release|Win32
		{FF4C7AD7-84CA-8A2F-7EBF-2B1FA775848F}.Debug.ActiveCfg = Debug|Win32
		{FF4C7AD7-84CA-8A2F-7EBF-2B1FA775848F}.Debug.Build.0 = Debug|Win32
		{E7FA7509-300D-FB19-912A-61D2694C9BD0}.Release.ActiveCfg = Release|Win32
		{E7FA7509-300D-FB19-912A-61D2694C9BD0}.Release.Build.0 = Release|Win32
		{E7FA7509-300D-FB19-912A-61D2694C9BD0}.Debug.ActiveCfg = Debug|Win32
		{E7FA7509-300D-FB19-912A-61D2694C9BD0}.Debug.Build.0 = Debug|Win32
		{36C62D61-808A-D8D0-D561-3EE6C506C350}.Release.ActiveCfg = Release|Win32
		{36C62D61-808A-D8D0-D561-3EE6C506C350}.Release.Build.0 = Release|Win32
		{36C62D61-808A-D8D0-D561-3EE6C506C350}.Debug.ActiveCfg = Debug|Win32
		{36C62D61-808A-D8D0-D561-3EE6C506C350}.Debug.Build.0 = Debug|Win32
		{E2ECEB01-C66F-C40A-F57D-14B5700CED7A}.Release.ActiveCfg = Release|Win32
		{E2ECEB01-C66F-C40A-F57D-14B5700CED7A}.Release.Build.0 = Release|Win32
		{E2ECEB01-C66F-C40A-F57D-14B5700CED7A}.Debug.ActiveCfg = Debug|Win32
		{E2ECEB01-C66F-C40A-F57D-14B5700CED7A}.Debug.Build.0 = Debug|Win32
		{106A7F99-1E5C-1E40-BA5B-83418069F01C}.Release.ActiveCfg = Release|Win32
		{106A7F99-1E5C-1E40-BA5B-83418069F01C}.Release.Build.0 = Release|Win32
		{106A7F99-1E5C-1E40-BA5B-83418069F01C}.Debug.ActiveCfg = Debug|Win32
		{106A7F99-1E5C-1E40-BA5B-83418069F01C}.Debug.Build.0 = Debug|Win32
		{866C2A26-400D-A8C9-8F7B-B780A879B604}.Release.ActiveCfg = Release|Win32
		{866C2A26-400D-A8C9-8F7B-B780A879B604}.Release.Build.0 = Release|Win32
		{866C2A26-400D-A8C9-8F7B-B780A879B604}.Debug.ActiveCfg = Debug|Win32
		{866C2A26-400D-A8C9-8F7B-B780A879B604}.Debug.Build.0 = Debug|Win32
		{FE8C31C7-8C7C-B982-16AE-C6CA39940D52}.Release.ActiveCfg = Release|Win32
		{FE8C31C7-8C7C-B982-16AE-C6CA39940D52}.Release.Build.0 = Release|Win32
		{FE8C31C7-8C7C-B982-16AE-C6CA39940D52}.Debug.ActiveCfg = Debug|Win32
		{FE8C31C7-8C7C-B982-16AE-C6CA39940D52}.Debug.Build.0 = Debug|Win32
		{3EF52631-4486-D72B-BB17-DB8FCF36DDBA}.Release.ActiveCfg = Release|Win32
		{3EF52631-4486-D72B-BB17-DB8FCF36DDBA}.Release.Build.0 = Release|Win32
		{3EF52631-4486-D72B-BB17-DB8FCF36DDBA}.Debug.ActiveCfg = Debug|Win32
		{3EF52631-4486-D72B-BB17-DB8FCF36DDBA}.Debug.Build.0 = Debug|Win32
		{BA7BEDE4-D74D-62E9-2A70-F3E2461698BB}.Release.ActiveCfg = Release|Win32
		{BA7BEDE4-D74D-62E9-2A70-F3E2461698BB}.Release.Build.0 = Release|Win32
		{BA7BEDE4-D74D-62E9-2A70-F3E2461698BB}.Debug.ActiveCfg = Debug|Win32
		{BA7BEDE4-D74D-62E9-2A70-F3E2461698BB}.Debug.Build.0 = Debug|Win32
		{A1782967-FA99-DCA4-4D6F-14CD8E1505AD}.Release.ActiveCfg = Release|Win32
		{A1782967-FA99-DCA4-4D6F-14CD8E1505AD}.Release.Build.0 = Release|Win32
		{A1782967-FA99-DCA4-4D6F-14CD8E1505AD}.Debug.ActiveCfg = Debug|Win32
		{A1782967-FA99-DCA4-4D6F-14CD8E1505AD}.Debug.Build.0 = Debug|Win32
		{E15D3136-619B-861B-D8FF-561A1F846B6C}.Release.ActiveCfg = Release|Win32
		{E15D3136-619B-861B-D8FF-561A1F846B6C}.Release.Build.0 = Release|Win32
		{E15D3136-619B-861B-D8FF-561A1F846B6C}.Debug.ActiveCfg = Debug|Win32
		{E15D3136-619B-861B-D8FF-561A1F846B6C}.Debug.Build.0 = Debug|Win32
		{D4C2A921-6257-1D72-592F-450E19AA3E20}.Release.ActiveCfg = Release|Win32
		{D4C2A921-6257-1D72-592F-450E19AA3E20}.Release.Build.0 = Release|Win32
		{D4C2A921-6257-1D72-592F-450E19AA3E20}.Debug.ActiveCfg = Debug|Win32
		{D4C2A921-6257-1D72-592F-450E19AA3E20}.Debug.Build.0 = Debug|Win32
		{403E853A-59C3-FBA1-AF01-2BF89B0DA2F7}.Release.ActiveCfg = Release|Win32
		{403E853A-59C3-FBA1-AF01-2BF89B0DA2F7}.Release.Build.0 = Release|Win32
		{403E853A-59C3-FBA1-AF01-2BF89B0DA2F7}.Debug.ActiveCfg = Debug|Win32
		{403E853A-59C3-FBA1-AF01-2BF89B0DA2F7}.Debug.Build.0 = Debug|Win32
		{32B86666-15E0-F234-58EC-50D3CC10AD59}.Release.ActiveCfg = Release|Win32
		{32B86666-15E0-F234-58EC-50D3CC10AD59}.Release.Build.0 = Release|Win32
		{32B86666-15E0-F234-58EC-50D3CC10AD59}.Debug.ActiveCfg = Debug|Win32
		{32B86666-15E0-F234-58EC-50D3CC10AD59}.Debug.Build.0 = Debug|Win32
		{8EBBE255-F364-3793-8E84-4ACE0FB487A1}.Release.ActiveCfg = Release|Win32
		{8EBBE255-F364-3793-8E84-4ACE0FB487A1}.Release.Build.0 = Release|Win32
		{8EBBE255-F364-3793-8E84-4ACE0FB487A1}.Debug.ActiveCfg = Debug|Win32
		{8EBBE255-F364-3793-8E84-4ACE0FB487A1}.Debug.Build.0 = Debug|Win32
		{8E2C61D0-0DDE-9AC3-AB7E-8EE3B4EE09D4}.Release.ActiveCfg = Release|Win32
		{8E2C61D0-0DDE-9AC3-AB7E-8EE3B4EE09D4}.Release.Build.0 = Release|Win32
		{8E2C61D0-0DDE-9AC3-AB7E-8EE3B4EE09D4}.Debug.ActiveCfg = Debug|Win32
		{8E2C61D0-0DDE-9AC3-AB7E-8EE3B4EE09D4}.Debug.Build.0 = Debug|Win32
		{2E476624-9278-D3A9-BB30-02D25D1FA031}.Release.ActiveCfg = Release|Win32
		{2E476624-9278-D3A9-BB30-02D25D1FA031}.Release.Build.0 = Release|Win32
		{2E476624-9278-D3A9-BB30-02D25D1FA031}.Debug.ActiveCfg = Debug|Win32
		{2E476624-9278-D3A9-BB30-02D25D1FA031}.Debug.Build.0 = Debug|Win32
		{F523A3D9-0D90-E985-CA29-10E441393BAE}.Release.ActiveCfg = Release|Win32
		{F523A3D9-0D90-E985-CA29-10E441393BAE}.Release.Build.0 = Release|Win32
		{F523A3D9-0D90-E985-CA29-10E441393BAE}.Debug.ActiveCfg = Debug|Win32
		{F523A3D9-0D90-E985-CA29-10E441393BAE}.Debug.Build.0 = Debug|Win32
		{5281C5BB-2394-E384-DEDF-73F9F661705D}.Release.ActiveCfg = Release|Win32
		{5281C5BB-2394-E384-DEDF-73F9F661705D}.Release.Build.0 = Release|Win32
		{5281C5BB-2394-E384-DEDF-73F9F661705D}.Debug.ActiveCfg = Debug|Win32
		{5281C5BB-2394-E384-DEDF-73F9F661705D}.Debug.Build.0 = Debug|Win32
		{CB5A4EF1-E092-959D-EFD1-E0442F3119F1}.Release.ActiveCfg = Release|Win32
		{CB5A4EF1-E092-959D-EFD1-E0442F3119F1}.Release.Build.0 = Release|Win32
		{CB5A4EF1-E092-959D-EFD1-E0442F3119F1}.Debug.ActiveCfg = Debug|Win32
		{CB5A4EF1-E092-959D-EFD1-E0442F3119F1}.Debug.Build.0 = Debug|Win32
		{7577CC57-FF93-6E33-EC99-846E898BED29}.Release.ActiveCfg = Release|Win32
		{7577CC57-FF93-6E33-EC99-846E898BED29}.Release.Build.0 = Release|Win32
		{7577CC57-FF93-6E33-EC99-846E898BED29}.Debug.ActiveCfg = Debug|Win32
		{7577CC57-FF93-6E33-EC99-846E898BED29}.Debug.Build.0 = Debug|Win32
		{E167BD33-4E68-2BB7-C568-09FC289A2E9A}.Release.ActiveCfg = Release|Win32
		{E167BD33-4E68-2BB7-C568-09FC289A2E9A}.Release.Build.0 = Release|Win32
		{E167BD33-4E68-2BB7-C568-09FC289A2E9A}.Debug.ActiveCfg = Debug|Win32
		{E167BD33-4E68-2BB7-C568-09FC289A2E9A}.Debug.Build.0 = Debug|Win32
		{6AE42D83-4035-6C15-089B-D65BCF171A11}.Release.ActiveCfg = Release|Win32
		{6AE42D83-4035-6C15-089B-D65BCF171A11}.Release.Build.0 = Release|Win32
		{6AE42D83-4035-6C15-089B-D65BCF171A11}.Debug.ActiveCfg = Debug|Win32
		{6AE42D83-4035-6C15-089B-D65BCF171A11}.Debug.Build.0 = Debug|Win32
		{6452026D-0C54-4DCD-DA11-047FAC2224D7}.Release.ActiveCfg = Release|Win32
		{6452026D-0C54-4DCD-DA11-047FAC2224D7}.Release.Build.0 = Release|Win32
		{6452026D-0C54-4DCD-DA11-047FAC2224D7}.Debug.ActiveCfg = Debug|Win32
		{6452026D-0C54-4DCD-DA11-047FAC2224D7}.Debug.Build.0 = Debug|Win32
		{058AAD6E-A940-FA17-F583-B3676E4DAC6C}.Release.ActiveCfg = Release|Win32
		{058AAD6E-A940-FA17-F583-B3676E4DAC6C}.Release.Build.0 = Release|Win32
		{058AAD6E-A940-FA17-F583-B3676E4DAC6C}.Debug.ActiveCfg = Debug|Win32
		{058AAD6E-A940-FA17-F583-B3676E4DAC6C}.Debug.Build.0 = Debug|Win32
		{9B942FB3-91A0-9E4F-1514-1286B4872502}.Release.ActiveCfg = Release|Win32
		{9B942FB3-91A0-9E4F-1514-1286B4872502}.Release.Build.0 = Release|Win32
		{9B942FB3-91A0-9E4F-1514-1286B4872502}.Debug.ActiveCfg = Debug|Win32
		{9B942FB3-91A0-9E4F-1514-1286B4872502}.Debug.Build.0 = Debug|Win32
		{66C683AA-084B-50DD-3B04-ED38799342BA}.Release.ActiveCfg = Release|Win32
		{66C683AA-084B-50DD-3B04-ED38799342BA}.Release.Build.0 = Release|Win32
		{66C683AA-084B-50DD-3B04-ED38799342BA}.Debug.ActiveCfg = Debug|Win32
		{66C683AA-084B-50DD-3B04-ED38799342BA}.Debug.Build.0 = Debug|Win32
	EndGlobalSection
	GlobalSection(ExtensibilityGlobals) = postSolution
	EndGlobalSection
	GlobalSection(ExtensibilityAddIns) = postSolution
	EndGlobalSection
EndGlobal
