Microsoft Visual Studio Solution File, Format Version 7.00

Project("{8BC9CEB8-8B4A-11D0-8D11-00A0C91BC942}") = "appbootstrap", "appbootstrap.vcproj", "{FF4C7AD7-84CA-8A2F-7EBF-2B1FA775848F}"
EndProject
Project("{8BC9CEB8-8B4A-11D0-8D11-00A0C91BC942}") = "appcelstart", "appcelstart.vcproj", "{AE89B23E-625D-8AD6-F293-EA999B1F3026}"
EndProject
Project("{8BC9CEB8-8B4A-11D0-8D11-00A0C91BC942}") = "appceltst", "appceltst.vcproj", "{E7FA7509-300D-FB19-912A-61D2694C9BD0}"
EndProject
Project("{8BC9CEB8-8B4A-11D0-8D11-00A0C91BC942}") = "appevolvecraft", "appevolvecraft.vcproj", "{CCB20F4A-BCF8-C6ED-2E54-6B5402A00A8D}"
EndProject
Project("{8BC9CEB8-8B4A-11D0-8D11-00A0C91BC942}") = "appgraph", "appgraph.vcproj", "{3D1F3248-B09B-2BB1-31F7-C4460A6D5AB8}"
EndProject
Project("{8BC9CEB8-8B4A-11D0-8D11-00A0C91BC942}") = "apphovertest", "apphovertest.vcproj", "{E083067F-99E2-8C1C-3EE4-BB0ECA726556}"
EndProject
Project("{8BC9CEB8-8B4A-11D0-8D11-00A0C91BC942}") = "appnettest", "appnettest.vcproj", "{810EE67A-EF58-EF92-1367-E6FD972356CE}"
EndProject
Project("{8BC9CEB8-8B4A-11D0-8D11-00A0C91BC942}") = "appsteering", "appsteering.vcproj", "{FF3AAA5C-370E-34D4-7FB3-2AB1AAAC9807}"
EndProject
Project("{8BC9CEB8-8B4A-11D0-8D11-00A0C91BC942}") = "appwalktut", "appwalktut.vcproj", "{894F6414-EF76-A9C4-B26F-7E17223A8FEF}"
EndProject
Project("{8BC9CEB8-8B4A-11D0-8D11-00A0C91BC942}") = "appwheeledtest", "appwheeledtest.vcproj", "{BABE62A6-7763-13E0-7B82-40443399B30F}"
EndProject
Project("{8BC9CEB8-8B4A-11D0-8D11-00A0C91BC942}") = "dllpy_blcelc", "dllpy_blcelc.vcproj", "{94D25C97-3F38-01DE-50C6-978568154AF0}"
EndProject
Project("{8BC9CEB8-8B4A-11D0-8D11-00A0C91BC942}") = "grpall_pycel", "grpall_pycel.vcproj", "{3DBB432C-E136-23CF-9E79-9288F53FE150}"
EndProject
Project("{8BC9CEB8-8B4A-11D0-8D11-00A0C91BC942}") = "grpapps_pycel", "grpapps_pycel.vcproj", "{962F2503-FBE9-3C3E-907F-45D2CF3EA2BB}"
EndProject
Project("{8BC9CEB8-8B4A-11D0-8D11-00A0C91BC942}") = "grpbindings_pycel", "grpbindings_pycel.vcproj", "{931650F6-2F7C-8F61-D415-6032053E6AA7}"
EndProject
Project("{8BC9CEB8-8B4A-11D0-8D11-00A0C91BC942}") = "grplibs_pycel", "grplibs_pycel.vcproj", "{6D85F077-9440-C724-F643-C559BE6A8ED1}"
EndProject
Project("{8BC9CEB8-8B4A-11D0-8D11-00A0C91BC942}") = "grpplugins_pycel", "grpplugins_pycel.vcproj", "{5C77D6F7-701D-C5B0-AEDB-37C262DF145A}"
EndProject
Project("{8BC9CEB8-8B4A-11D0-8D11-00A0C91BC942}") = "libceltool", "libceltool.vcproj", "{FE8C31C7-8C7C-B982-16AE-C6CA39940D52}"
EndProject
Project("{8BC9CEB8-8B4A-11D0-8D11-00A0C91BC942}") = "plgaddon_celentity", "plgaddon_celentity.vcproj", "{3EF52631-4486-D72B-BB17-DB8FCF36DDBA}"
EndProject
Project("{8BC9CEB8-8B4A-11D0-8D11-00A0C91BC942}") = "plgaddon_celentitytpl", "plgaddon_celentitytpl.vcproj", "{EEC493BE-2745-954F-FA24-45447359FCDC}"
EndProject
Project("{8BC9CEB8-8B4A-11D0-8D11-00A0C91BC942}") = "plgaddon_celgraph", "plgaddon_celgraph.vcproj", "{504CB6C0-4303-C53C-C345-AA750CD1A59D}"
EndProject
Project("{8BC9CEB8-8B4A-11D0-8D11-00A0C91BC942}") = "plgaddon_ledges", "plgaddon_ledges.vcproj", "{88DF53AC-1338-547B-6989-1C8B78DE542B}"
EndProject
Project("{8BC9CEB8-8B4A-11D0-8D11-00A0C91BC942}") = "plgaddon_questdef", "plgaddon_questdef.vcproj", "{D55BE37F-A3CE-2CF1-7474-6961CF055BC0}"
EndProject
Project("{8BC9CEB8-8B4A-11D0-8D11-00A0C91BC942}") = "plgaddon_ruledef", "plgaddon_ruledef.vcproj", "{A8B80D52-CD56-437D-0DF3-3798C9279FE4}"
EndProject
Project("{8BC9CEB8-8B4A-11D0-8D11-00A0C91BC942}") = "plgaddon_xmlscripts", "plgaddon_xmlscripts.vcproj", "{BA7BEDE4-D74D-62E9-2A70-F3E2461698BB}"
EndProject
Project("{8BC9CEB8-8B4A-11D0-8D11-00A0C91BC942}") = "plgblpython", "plgblpython.vcproj", "{A1782967-FA99-DCA4-4D6F-14CD8E1505AD}"
EndProject
Project("{8BC9CEB8-8B4A-11D0-8D11-00A0C91BC942}") = "plgbltest", "plgbltest.vcproj", "{E15D3136-619B-861B-D8FF-561A1F846B6C}"
EndProject
Project("{8BC9CEB8-8B4A-11D0-8D11-00A0C91BC942}") = "plgblxml", "plgblxml.vcproj", "{D4C2A921-6257-1D72-592F-450E19AA3E20}"
EndProject
Project("{8BC9CEB8-8B4A-11D0-8D11-00A0C91BC942}") = "plgcelconsole", "plgcelconsole.vcproj", "{98B5AC91-D6B1-1C99-9FEC-D1EEA525ED3B}"
EndProject
Project("{8BC9CEB8-8B4A-11D0-8D11-00A0C91BC942}") = "plgcelgraph", "plgcelgraph.vcproj", "{8BBC74D9-616A-F075-D8FC-8B101A6C5730}"
EndProject
Project("{8BC9CEB8-8B4A-11D0-8D11-00A0C91BC942}") = "plgcpersist", "plgcpersist.vcproj", "{403E853A-59C3-FBA1-AF01-2BF89B0DA2F7}"
EndProject
Project("{8BC9CEB8-8B4A-11D0-8D11-00A0C91BC942}") = "plgledges", "plgledges.vcproj", "{58918459-7FD8-C582-569D-A58038ABE9D1}"
EndProject
Project("{8BC9CEB8-8B4A-11D0-8D11-00A0C91BC942}") = "plgmgr_billboard", "plgmgr_billboard.vcproj", "{32B86666-15E0-F234-58EC-50D3CC10AD59}"
EndProject
Project("{8BC9CEB8-8B4A-11D0-8D11-00A0C91BC942}") = "plgmgr_quests", "plgmgr_quests.vcproj", "{96C3E65A-7CC9-961B-0681-395F51BC9CE2}"
EndProject
Project("{8BC9CEB8-8B4A-11D0-8D11-00A0C91BC942}") = "plgpfactormove", "plgpfactormove.vcproj", "{8EBBE255-F364-3793-8E84-4ACE0FB487A1}"
EndProject
Project("{8BC9CEB8-8B4A-11D0-8D11-00A0C91BC942}") = "plgpfanalogmotion", "plgpfanalogmotion.vcproj", "{EF50101E-0BAC-395C-42F9-378D37DA03CE}"
EndProject
Project("{8BC9CEB8-8B4A-11D0-8D11-00A0C91BC942}") = "plgpfbillboard", "plgpfbillboard.vcproj", "{8E2C61D0-0DDE-9AC3-AB7E-8EE3B4EE09D4}"
EndProject
Project("{8BC9CEB8-8B4A-11D0-8D11-00A0C91BC942}") = "plgpfdamage", "plgpfdamage.vcproj", "{26CDBAC0-9A46-F31F-B6F7-A729CF22B97D}"
EndProject
Project("{8BC9CEB8-8B4A-11D0-8D11-00A0C91BC942}") = "plgpfdefcam", "plgpfdefcam.vcproj", "{10B1A9B3-DB3C-98CB-62C9-DB10F9F43396}"
EndProject
Project("{8BC9CEB8-8B4A-11D0-8D11-00A0C91BC942}") = "plgpfdelegcam", "plgpfdelegcam.vcproj", "{0E134A9B-0448-2CD4-954B-9F3ECBD81534}"
EndProject
Project("{8BC9CEB8-8B4A-11D0-8D11-00A0C91BC942}") = "plgpfengine", "plgpfengine.vcproj", "{F523A3D9-0D90-E985-CA29-10E441393BAE}"
EndProject
Project("{8BC9CEB8-8B4A-11D0-8D11-00A0C91BC942}") = "plgpfevolve", "plgpfevolve.vcproj", "{73CFB4EB-077E-9A27-E4D4-145EA219E262}"
EndProject
Project("{8BC9CEB8-8B4A-11D0-8D11-00A0C91BC942}") = "plgpfgrab", "plgpfgrab.vcproj", "{98DD5582-CDDE-F076-F9C8-D6603B15A78E}"
EndProject
Project("{8BC9CEB8-8B4A-11D0-8D11-00A0C91BC942}") = "plgpfhover", "plgpfhover.vcproj", "{47A9A513-F45E-728E-D930-72B622AE538C}"
EndProject
Project("{8BC9CEB8-8B4A-11D0-8D11-00A0C91BC942}") = "plgpfinput", "plgpfinput.vcproj", "{5281C5BB-2394-E384-DEDF-73F9F661705D}"
EndProject
Project("{8BC9CEB8-8B4A-11D0-8D11-00A0C91BC942}") = "plgpfinv", "plgpfinv.vcproj", "{CB5A4EF1-E092-959D-EFD1-E0442F3119F1}"
EndProject
Project("{8BC9CEB8-8B4A-11D0-8D11-00A0C91BC942}") = "plgpfjump", "plgpfjump.vcproj", "{4F4A2447-5243-2EF5-BE00-701BB9473BA1}"
EndProject
Project("{8BC9CEB8-8B4A-11D0-8D11-00A0C91BC942}") = "plgpflight", "plgpflight.vcproj", "{23D61ADF-182D-DD0F-43F2-2E474EE1FB00}"
EndProject
Project("{8BC9CEB8-8B4A-11D0-8D11-00A0C91BC942}") = "plgpfmechanics", "plgpfmechanics.vcproj", "{89822485-8A94-469B-7CA5-A2839C03D271}"
EndProject
Project("{8BC9CEB8-8B4A-11D0-8D11-00A0C91BC942}") = "plgpfmesh", "plgpfmesh.vcproj", "{7577CC57-FF93-6E33-EC99-846E898BED29}"
EndProject
Project("{8BC9CEB8-8B4A-11D0-8D11-00A0C91BC942}") = "plgpfmeshdeform", "plgpfmeshdeform.vcproj", "{754F06CF-F576-93C5-BE95-3EC4998D9E20}"
EndProject
Project("{8BC9CEB8-8B4A-11D0-8D11-00A0C91BC942}") = "plgpfmove", "plgpfmove.vcproj", "{E167BD33-4E68-2BB7-C568-09FC289A2E9A}"
EndProject
Project("{8BC9CEB8-8B4A-11D0-8D11-00A0C91BC942}") = "plgpfmover", "plgpfmover.vcproj", "{6AE42D83-4035-6C15-089B-D65BCF171A11}"
EndProject
Project("{8BC9CEB8-8B4A-11D0-8D11-00A0C91BC942}") = "plgpfneuralnet", "plgpfneuralnet.vcproj", "{D7782591-5481-74E6-62CC-265E30D63A91}"
EndProject
Project("{8BC9CEB8-8B4A-11D0-8D11-00A0C91BC942}") = "plgpfnewcamera", "plgpfnewcamera.vcproj", "{097814E8-8395-28B7-6CCF-374BA0D10503}"
EndProject
Project("{8BC9CEB8-8B4A-11D0-8D11-00A0C91BC942}") = "plgpfpathfinder", "plgpfpathfinder.vcproj", "{4AA16ABE-76D3-AB92-ED64-43A057F4E5D0}"
EndProject
Project("{8BC9CEB8-8B4A-11D0-8D11-00A0C91BC942}") = "plgpfportal", "plgpfportal.vcproj", "{E4F5830C-8CAF-CBC0-C5E5-B189CECF556A}"
EndProject
Project("{8BC9CEB8-8B4A-11D0-8D11-00A0C91BC942}") = "plgpfprojectile", "plgpfprojectile.vcproj", "{F50BC0A1-DB47-BA5A-5C9A-A12E1C81241D}"
EndProject
Project("{8BC9CEB8-8B4A-11D0-8D11-00A0C91BC942}") = "plgpfquest", "plgpfquest.vcproj", "{3AB21594-2130-A5AE-9E11-272637C9F9B6}"
EndProject
Project("{8BC9CEB8-8B4A-11D0-8D11-00A0C91BC942}") = "plgpfrules", "plgpfrules.vcproj", "{D3852DD2-8840-44C9-AA7A-469FA8445DF3}"
EndProject
Project("{8BC9CEB8-8B4A-11D0-8D11-00A0C91BC942}") = "plgpfsimpcam", "plgpfsimpcam.vcproj", "{967105F5-9828-18D8-0AB3-AB33A96DF792}"
EndProject
Project("{8BC9CEB8-8B4A-11D0-8D11-00A0C91BC942}") = "plgpfsound", "plgpfsound.vcproj", "{E91FEE10-2BA4-53FC-07FA-0A5B3649595F}"
EndProject
Project("{8BC9CEB8-8B4A-11D0-8D11-00A0C91BC942}") = "plgpfsteer", "plgpfsteer.vcproj", "{7453777E-C823-EFB7-31C1-FDF756EBAEBC}"
EndProject
Project("{8BC9CEB8-8B4A-11D0-8D11-00A0C91BC942}") = "plgpftest", "plgpftest.vcproj", "{6452026D-0C54-4DCD-DA11-047FAC2224D7}"
EndProject
Project("{8BC9CEB8-8B4A-11D0-8D11-00A0C91BC942}") = "plgpftools", "plgpftools.vcproj", "{058AAD6E-A940-FA17-F583-B3676E4DAC6C}"
EndProject
Project("{8BC9CEB8-8B4A-11D0-8D11-00A0C91BC942}") = "plgpftrackingcam", "plgpftrackingcam.vcproj", "{83E8AB22-CED2-2646-3A5A-73EA46D8959F}"
EndProject
Project("{8BC9CEB8-8B4A-11D0-8D11-00A0C91BC942}") = "plgpftrigger", "plgpftrigger.vcproj", "{7819CFB4-1D16-C2CA-3B58-319C41E552DF}"
EndProject
Project("{8BC9CEB8-8B4A-11D0-8D11-00A0C91BC942}") = "plgpfwheeled", "plgpfwheeled.vcproj", "{99CE9F68-96D7-1FAF-65BF-DEEF6E5085B8}"
EndProject
Project("{8BC9CEB8-8B4A-11D0-8D11-00A0C91BC942}") = "plgpfzone", "plgpfzone.vcproj", "{9B942FB3-91A0-9E4F-1514-1286B4872502}"
EndProject
Project("{8BC9CEB8-8B4A-11D0-8D11-00A0C91BC942}") = "plgrulebase", "plgrulebase.vcproj", "{E1C134D4-C658-E321-DBBE-7D11200B882E}"
EndProject
Project("{8BC9CEB8-8B4A-11D0-8D11-00A0C91BC942}") = "plgstdphyslayer", "plgstdphyslayer.vcproj", "{66C683AA-084B-50DD-3B04-ED38799342BA}"
EndProject
Project("{8BC9CEB8-8B4A-11D0-8D11-00A0C91BC942}") = "plgxmlpersist", "plgxmlpersist.vcproj", "{274174A0-7101-29E3-D06A-6C0B009A3DDD}"
EndProject
Global
	GlobalSection(SolutionConfiguration) = preSolution
  		ConfigName.0 = Release (with static libs)
  		ConfigName.1 = Release (with DLLs)
    		ConfigName.2 = Debug (with static libs)
  		ConfigName.3 = Debug (with DLLs)
  	EndGlobalSection
	GlobalSection(ProjectDependencies) = postSolution
		{FF4C7AD7-84CA-8A2F-7EBF-2B1FA775848F}.0 = {FE8C31C7-8C7C-B982-16AE-C6CA39940D52}
		{AE89B23E-625D-8AD6-F293-EA999B1F3026}.0 = {FE8C31C7-8C7C-B982-16AE-C6CA39940D52}
		{E7FA7509-300D-FB19-912A-61D2694C9BD0}.0 = {FE8C31C7-8C7C-B982-16AE-C6CA39940D52}
		{CCB20F4A-BCF8-C6ED-2E54-6B5402A00A8D}.0 = {FE8C31C7-8C7C-B982-16AE-C6CA39940D52}
		{3D1F3248-B09B-2BB1-31F7-C4460A6D5AB8}.0 = {FE8C31C7-8C7C-B982-16AE-C6CA39940D52}
		{E083067F-99E2-8C1C-3EE4-BB0ECA726556}.0 = {FE8C31C7-8C7C-B982-16AE-C6CA39940D52}
		{810EE67A-EF58-EF92-1367-E6FD972356CE}.0 = {FE8C31C7-8C7C-B982-16AE-C6CA39940D52}
		{FF3AAA5C-370E-34D4-7FB3-2AB1AAAC9807}.0 = {FE8C31C7-8C7C-B982-16AE-C6CA39940D52}
		{894F6414-EF76-A9C4-B26F-7E17223A8FEF}.0 = {FE8C31C7-8C7C-B982-16AE-C6CA39940D52}
		{BABE62A6-7763-13E0-7B82-40443399B30F}.0 = {FE8C31C7-8C7C-B982-16AE-C6CA39940D52}
		{3DBB432C-E136-23CF-9E79-9288F53FE150}.0 = {FF4C7AD7-84CA-8A2F-7EBF-2B1FA775848F}
		{3DBB432C-E136-23CF-9E79-9288F53FE150}.1 = {AE89B23E-625D-8AD6-F293-EA999B1F3026}
		{3DBB432C-E136-23CF-9E79-9288F53FE150}.2 = {E7FA7509-300D-FB19-912A-61D2694C9BD0}
		{3DBB432C-E136-23CF-9E79-9288F53FE150}.3 = {CCB20F4A-BCF8-C6ED-2E54-6B5402A00A8D}
		{3DBB432C-E136-23CF-9E79-9288F53FE150}.4 = {3D1F3248-B09B-2BB1-31F7-C4460A6D5AB8}
		{3DBB432C-E136-23CF-9E79-9288F53FE150}.5 = {E083067F-99E2-8C1C-3EE4-BB0ECA726556}
		{3DBB432C-E136-23CF-9E79-9288F53FE150}.6 = {810EE67A-EF58-EF92-1367-E6FD972356CE}
		{3DBB432C-E136-23CF-9E79-9288F53FE150}.7 = {FF3AAA5C-370E-34D4-7FB3-2AB1AAAC9807}
		{3DBB432C-E136-23CF-9E79-9288F53FE150}.8 = {894F6414-EF76-A9C4-B26F-7E17223A8FEF}
		{3DBB432C-E136-23CF-9E79-9288F53FE150}.9 = {BABE62A6-7763-13E0-7B82-40443399B30F}
		{3DBB432C-E136-23CF-9E79-9288F53FE150}.10 = {94D25C97-3F38-01DE-50C6-978568154AF0}
		{3DBB432C-E136-23CF-9E79-9288F53FE150}.11 = {FE8C31C7-8C7C-B982-16AE-C6CA39940D52}
		{3DBB432C-E136-23CF-9E79-9288F53FE150}.12 = {3EF52631-4486-D72B-BB17-DB8FCF36DDBA}
		{3DBB432C-E136-23CF-9E79-9288F53FE150}.13 = {EEC493BE-2745-954F-FA24-45447359FCDC}
		{3DBB432C-E136-23CF-9E79-9288F53FE150}.14 = {504CB6C0-4303-C53C-C345-AA750CD1A59D}
		{3DBB432C-E136-23CF-9E79-9288F53FE150}.15 = {88DF53AC-1338-547B-6989-1C8B78DE542B}
		{3DBB432C-E136-23CF-9E79-9288F53FE150}.16 = {D55BE37F-A3CE-2CF1-7474-6961CF055BC0}
		{3DBB432C-E136-23CF-9E79-9288F53FE150}.17 = {A8B80D52-CD56-437D-0DF3-3798C9279FE4}
		{3DBB432C-E136-23CF-9E79-9288F53FE150}.18 = {BA7BEDE4-D74D-62E9-2A70-F3E2461698BB}
		{3DBB432C-E136-23CF-9E79-9288F53FE150}.19 = {A1782967-FA99-DCA4-4D6F-14CD8E1505AD}
		{3DBB432C-E136-23CF-9E79-9288F53FE150}.20 = {E15D3136-619B-861B-D8FF-561A1F846B6C}
		{3DBB432C-E136-23CF-9E79-9288F53FE150}.21 = {D4C2A921-6257-1D72-592F-450E19AA3E20}
		{3DBB432C-E136-23CF-9E79-9288F53FE150}.22 = {98B5AC91-D6B1-1C99-9FEC-D1EEA525ED3B}
		{3DBB432C-E136-23CF-9E79-9288F53FE150}.23 = {8BBC74D9-616A-F075-D8FC-8B101A6C5730}
		{3DBB432C-E136-23CF-9E79-9288F53FE150}.24 = {403E853A-59C3-FBA1-AF01-2BF89B0DA2F7}
		{3DBB432C-E136-23CF-9E79-9288F53FE150}.25 = {58918459-7FD8-C582-569D-A58038ABE9D1}
		{3DBB432C-E136-23CF-9E79-9288F53FE150}.26 = {32B86666-15E0-F234-58EC-50D3CC10AD59}
		{3DBB432C-E136-23CF-9E79-9288F53FE150}.27 = {96C3E65A-7CC9-961B-0681-395F51BC9CE2}
		{3DBB432C-E136-23CF-9E79-9288F53FE150}.28 = {8EBBE255-F364-3793-8E84-4ACE0FB487A1}
		{3DBB432C-E136-23CF-9E79-9288F53FE150}.29 = {EF50101E-0BAC-395C-42F9-378D37DA03CE}
		{3DBB432C-E136-23CF-9E79-9288F53FE150}.30 = {8E2C61D0-0DDE-9AC3-AB7E-8EE3B4EE09D4}
		{3DBB432C-E136-23CF-9E79-9288F53FE150}.31 = {26CDBAC0-9A46-F31F-B6F7-A729CF22B97D}
		{3DBB432C-E136-23CF-9E79-9288F53FE150}.32 = {10B1A9B3-DB3C-98CB-62C9-DB10F9F43396}
		{3DBB432C-E136-23CF-9E79-9288F53FE150}.33 = {0E134A9B-0448-2CD4-954B-9F3ECBD81534}
		{3DBB432C-E136-23CF-9E79-9288F53FE150}.34 = {F523A3D9-0D90-E985-CA29-10E441393BAE}
		{3DBB432C-E136-23CF-9E79-9288F53FE150}.35 = {73CFB4EB-077E-9A27-E4D4-145EA219E262}
		{3DBB432C-E136-23CF-9E79-9288F53FE150}.36 = {98DD5582-CDDE-F076-F9C8-D6603B15A78E}
		{3DBB432C-E136-23CF-9E79-9288F53FE150}.37 = {47A9A513-F45E-728E-D930-72B622AE538C}
		{3DBB432C-E136-23CF-9E79-9288F53FE150}.38 = {5281C5BB-2394-E384-DEDF-73F9F661705D}
		{3DBB432C-E136-23CF-9E79-9288F53FE150}.39 = {CB5A4EF1-E092-959D-EFD1-E0442F3119F1}
		{3DBB432C-E136-23CF-9E79-9288F53FE150}.40 = {4F4A2447-5243-2EF5-BE00-701BB9473BA1}
		{3DBB432C-E136-23CF-9E79-9288F53FE150}.41 = {23D61ADF-182D-DD0F-43F2-2E474EE1FB00}
		{3DBB432C-E136-23CF-9E79-9288F53FE150}.42 = {89822485-8A94-469B-7CA5-A2839C03D271}
		{3DBB432C-E136-23CF-9E79-9288F53FE150}.43 = {7577CC57-FF93-6E33-EC99-846E898BED29}
		{3DBB432C-E136-23CF-9E79-9288F53FE150}.44 = {754F06CF-F576-93C5-BE95-3EC4998D9E20}
		{3DBB432C-E136-23CF-9E79-9288F53FE150}.45 = {E167BD33-4E68-2BB7-C568-09FC289A2E9A}
		{3DBB432C-E136-23CF-9E79-9288F53FE150}.46 = {6AE42D83-4035-6C15-089B-D65BCF171A11}
		{3DBB432C-E136-23CF-9E79-9288F53FE150}.47 = {D7782591-5481-74E6-62CC-265E30D63A91}
		{3DBB432C-E136-23CF-9E79-9288F53FE150}.48 = {097814E8-8395-28B7-6CCF-374BA0D10503}
		{3DBB432C-E136-23CF-9E79-9288F53FE150}.49 = {4AA16ABE-76D3-AB92-ED64-43A057F4E5D0}
		{3DBB432C-E136-23CF-9E79-9288F53FE150}.50 = {E4F5830C-8CAF-CBC0-C5E5-B189CECF556A}
		{3DBB432C-E136-23CF-9E79-9288F53FE150}.51 = {F50BC0A1-DB47-BA5A-5C9A-A12E1C81241D}
		{3DBB432C-E136-23CF-9E79-9288F53FE150}.52 = {3AB21594-2130-A5AE-9E11-272637C9F9B6}
		{3DBB432C-E136-23CF-9E79-9288F53FE150}.53 = {D3852DD2-8840-44C9-AA7A-469FA8445DF3}
		{3DBB432C-E136-23CF-9E79-9288F53FE150}.54 = {967105F5-9828-18D8-0AB3-AB33A96DF792}
		{3DBB432C-E136-23CF-9E79-9288F53FE150}.55 = {E91FEE10-2BA4-53FC-07FA-0A5B3649595F}
		{3DBB432C-E136-23CF-9E79-9288F53FE150}.56 = {7453777E-C823-EFB7-31C1-FDF756EBAEBC}
		{3DBB432C-E136-23CF-9E79-9288F53FE150}.57 = {6452026D-0C54-4DCD-DA11-047FAC2224D7}
		{3DBB432C-E136-23CF-9E79-9288F53FE150}.58 = {058AAD6E-A940-FA17-F583-B3676E4DAC6C}
		{3DBB432C-E136-23CF-9E79-9288F53FE150}.59 = {83E8AB22-CED2-2646-3A5A-73EA46D8959F}
		{3DBB432C-E136-23CF-9E79-9288F53FE150}.60 = {7819CFB4-1D16-C2CA-3B58-319C41E552DF}
		{3DBB432C-E136-23CF-9E79-9288F53FE150}.61 = {99CE9F68-96D7-1FAF-65BF-DEEF6E5085B8}
		{3DBB432C-E136-23CF-9E79-9288F53FE150}.62 = {9B942FB3-91A0-9E4F-1514-1286B4872502}
		{3DBB432C-E136-23CF-9E79-9288F53FE150}.63 = {E1C134D4-C658-E321-DBBE-7D11200B882E}
		{3DBB432C-E136-23CF-9E79-9288F53FE150}.64 = {66C683AA-084B-50DD-3B04-ED38799342BA}
		{3DBB432C-E136-23CF-9E79-9288F53FE150}.65 = {274174A0-7101-29E3-D06A-6C0B009A3DDD}
		{962F2503-FBE9-3C3E-907F-45D2CF3EA2BB}.0 = {FF4C7AD7-84CA-8A2F-7EBF-2B1FA775848F}
		{962F2503-FBE9-3C3E-907F-45D2CF3EA2BB}.1 = {AE89B23E-625D-8AD6-F293-EA999B1F3026}
		{962F2503-FBE9-3C3E-907F-45D2CF3EA2BB}.2 = {E7FA7509-300D-FB19-912A-61D2694C9BD0}
		{962F2503-FBE9-3C3E-907F-45D2CF3EA2BB}.3 = {CCB20F4A-BCF8-C6ED-2E54-6B5402A00A8D}
		{962F2503-FBE9-3C3E-907F-45D2CF3EA2BB}.4 = {3D1F3248-B09B-2BB1-31F7-C4460A6D5AB8}
		{962F2503-FBE9-3C3E-907F-45D2CF3EA2BB}.5 = {E083067F-99E2-8C1C-3EE4-BB0ECA726556}
		{962F2503-FBE9-3C3E-907F-45D2CF3EA2BB}.6 = {810EE67A-EF58-EF92-1367-E6FD972356CE}
		{962F2503-FBE9-3C3E-907F-45D2CF3EA2BB}.7 = {FF3AAA5C-370E-34D4-7FB3-2AB1AAAC9807}
		{962F2503-FBE9-3C3E-907F-45D2CF3EA2BB}.8 = {894F6414-EF76-A9C4-B26F-7E17223A8FEF}
		{962F2503-FBE9-3C3E-907F-45D2CF3EA2BB}.9 = {BABE62A6-7763-13E0-7B82-40443399B30F}
		{931650F6-2F7C-8F61-D415-6032053E6AA7}.0 = {94D25C97-3F38-01DE-50C6-978568154AF0}
		{6D85F077-9440-C724-F643-C559BE6A8ED1}.0 = {FE8C31C7-8C7C-B982-16AE-C6CA39940D52}
		{5C77D6F7-701D-C5B0-AEDB-37C262DF145A}.0 = {3EF52631-4486-D72B-BB17-DB8FCF36DDBA}
		{5C77D6F7-701D-C5B0-AEDB-37C262DF145A}.1 = {EEC493BE-2745-954F-FA24-45447359FCDC}
		{5C77D6F7-701D-C5B0-AEDB-37C262DF145A}.2 = {504CB6C0-4303-C53C-C345-AA750CD1A59D}
		{5C77D6F7-701D-C5B0-AEDB-37C262DF145A}.3 = {88DF53AC-1338-547B-6989-1C8B78DE542B}
		{5C77D6F7-701D-C5B0-AEDB-37C262DF145A}.4 = {D55BE37F-A3CE-2CF1-7474-6961CF055BC0}
		{5C77D6F7-701D-C5B0-AEDB-37C262DF145A}.5 = {A8B80D52-CD56-437D-0DF3-3798C9279FE4}
		{5C77D6F7-701D-C5B0-AEDB-37C262DF145A}.6 = {BA7BEDE4-D74D-62E9-2A70-F3E2461698BB}
		{5C77D6F7-701D-C5B0-AEDB-37C262DF145A}.7 = {A1782967-FA99-DCA4-4D6F-14CD8E1505AD}
		{5C77D6F7-701D-C5B0-AEDB-37C262DF145A}.8 = {E15D3136-619B-861B-D8FF-561A1F846B6C}
		{5C77D6F7-701D-C5B0-AEDB-37C262DF145A}.9 = {D4C2A921-6257-1D72-592F-450E19AA3E20}
		{5C77D6F7-701D-C5B0-AEDB-37C262DF145A}.10 = {98B5AC91-D6B1-1C99-9FEC-D1EEA525ED3B}
		{5C77D6F7-701D-C5B0-AEDB-37C262DF145A}.11 = {8BBC74D9-616A-F075-D8FC-8B101A6C5730}
		{5C77D6F7-701D-C5B0-AEDB-37C262DF145A}.12 = {403E853A-59C3-FBA1-AF01-2BF89B0DA2F7}
		{5C77D6F7-701D-C5B0-AEDB-37C262DF145A}.13 = {58918459-7FD8-C582-569D-A58038ABE9D1}
		{5C77D6F7-701D-C5B0-AEDB-37C262DF145A}.14 = {32B86666-15E0-F234-58EC-50D3CC10AD59}
		{5C77D6F7-701D-C5B0-AEDB-37C262DF145A}.15 = {96C3E65A-7CC9-961B-0681-395F51BC9CE2}
		{5C77D6F7-701D-C5B0-AEDB-37C262DF145A}.16 = {8EBBE255-F364-3793-8E84-4ACE0FB487A1}
		{5C77D6F7-701D-C5B0-AEDB-37C262DF145A}.17 = {EF50101E-0BAC-395C-42F9-378D37DA03CE}
		{5C77D6F7-701D-C5B0-AEDB-37C262DF145A}.18 = {8E2C61D0-0DDE-9AC3-AB7E-8EE3B4EE09D4}
		{5C77D6F7-701D-C5B0-AEDB-37C262DF145A}.19 = {26CDBAC0-9A46-F31F-B6F7-A729CF22B97D}
		{5C77D6F7-701D-C5B0-AEDB-37C262DF145A}.20 = {10B1A9B3-DB3C-98CB-62C9-DB10F9F43396}
		{5C77D6F7-701D-C5B0-AEDB-37C262DF145A}.21 = {0E134A9B-0448-2CD4-954B-9F3ECBD81534}
		{5C77D6F7-701D-C5B0-AEDB-37C262DF145A}.22 = {F523A3D9-0D90-E985-CA29-10E441393BAE}
		{5C77D6F7-701D-C5B0-AEDB-37C262DF145A}.23 = {73CFB4EB-077E-9A27-E4D4-145EA219E262}
		{5C77D6F7-701D-C5B0-AEDB-37C262DF145A}.24 = {98DD5582-CDDE-F076-F9C8-D6603B15A78E}
		{5C77D6F7-701D-C5B0-AEDB-37C262DF145A}.25 = {47A9A513-F45E-728E-D930-72B622AE538C}
		{5C77D6F7-701D-C5B0-AEDB-37C262DF145A}.26 = {5281C5BB-2394-E384-DEDF-73F9F661705D}
		{5C77D6F7-701D-C5B0-AEDB-37C262DF145A}.27 = {CB5A4EF1-E092-959D-EFD1-E0442F3119F1}
		{5C77D6F7-701D-C5B0-AEDB-37C262DF145A}.28 = {4F4A2447-5243-2EF5-BE00-701BB9473BA1}
		{5C77D6F7-701D-C5B0-AEDB-37C262DF145A}.29 = {23D61ADF-182D-DD0F-43F2-2E474EE1FB00}
		{5C77D6F7-701D-C5B0-AEDB-37C262DF145A}.30 = {89822485-8A94-469B-7CA5-A2839C03D271}
		{5C77D6F7-701D-C5B0-AEDB-37C262DF145A}.31 = {7577CC57-FF93-6E33-EC99-846E898BED29}
		{5C77D6F7-701D-C5B0-AEDB-37C262DF145A}.32 = {754F06CF-F576-93C5-BE95-3EC4998D9E20}
		{5C77D6F7-701D-C5B0-AEDB-37C262DF145A}.33 = {E167BD33-4E68-2BB7-C568-09FC289A2E9A}
		{5C77D6F7-701D-C5B0-AEDB-37C262DF145A}.34 = {6AE42D83-4035-6C15-089B-D65BCF171A11}
		{5C77D6F7-701D-C5B0-AEDB-37C262DF145A}.35 = {D7782591-5481-74E6-62CC-265E30D63A91}
		{5C77D6F7-701D-C5B0-AEDB-37C262DF145A}.36 = {097814E8-8395-28B7-6CCF-374BA0D10503}
		{5C77D6F7-701D-C5B0-AEDB-37C262DF145A}.37 = {4AA16ABE-76D3-AB92-ED64-43A057F4E5D0}
		{5C77D6F7-701D-C5B0-AEDB-37C262DF145A}.38 = {E4F5830C-8CAF-CBC0-C5E5-B189CECF556A}
		{5C77D6F7-701D-C5B0-AEDB-37C262DF145A}.39 = {F50BC0A1-DB47-BA5A-5C9A-A12E1C81241D}
		{5C77D6F7-701D-C5B0-AEDB-37C262DF145A}.40 = {3AB21594-2130-A5AE-9E11-272637C9F9B6}
		{5C77D6F7-701D-C5B0-AEDB-37C262DF145A}.41 = {D3852DD2-8840-44C9-AA7A-469FA8445DF3}
		{5C77D6F7-701D-C5B0-AEDB-37C262DF145A}.42 = {967105F5-9828-18D8-0AB3-AB33A96DF792}
		{5C77D6F7-701D-C5B0-AEDB-37C262DF145A}.43 = {E91FEE10-2BA4-53FC-07FA-0A5B3649595F}
		{5C77D6F7-701D-C5B0-AEDB-37C262DF145A}.44 = {7453777E-C823-EFB7-31C1-FDF756EBAEBC}
		{5C77D6F7-701D-C5B0-AEDB-37C262DF145A}.45 = {6452026D-0C54-4DCD-DA11-047FAC2224D7}
		{5C77D6F7-701D-C5B0-AEDB-37C262DF145A}.46 = {058AAD6E-A940-FA17-F583-B3676E4DAC6C}
		{5C77D6F7-701D-C5B0-AEDB-37C262DF145A}.47 = {83E8AB22-CED2-2646-3A5A-73EA46D8959F}
		{5C77D6F7-701D-C5B0-AEDB-37C262DF145A}.48 = {7819CFB4-1D16-C2CA-3B58-319C41E552DF}
		{5C77D6F7-701D-C5B0-AEDB-37C262DF145A}.49 = {99CE9F68-96D7-1FAF-65BF-DEEF6E5085B8}
		{5C77D6F7-701D-C5B0-AEDB-37C262DF145A}.50 = {9B942FB3-91A0-9E4F-1514-1286B4872502}
		{5C77D6F7-701D-C5B0-AEDB-37C262DF145A}.51 = {E1C134D4-C658-E321-DBBE-7D11200B882E}
		{5C77D6F7-701D-C5B0-AEDB-37C262DF145A}.52 = {66C683AA-084B-50DD-3B04-ED38799342BA}
		{5C77D6F7-701D-C5B0-AEDB-37C262DF145A}.53 = {274174A0-7101-29E3-D06A-6C0B009A3DDD}
		{3EF52631-4486-D72B-BB17-DB8FCF36DDBA}.0 = {FE8C31C7-8C7C-B982-16AE-C6CA39940D52}
		{EEC493BE-2745-954F-FA24-45447359FCDC}.0 = {FE8C31C7-8C7C-B982-16AE-C6CA39940D52}
		{504CB6C0-4303-C53C-C345-AA750CD1A59D}.0 = {FE8C31C7-8C7C-B982-16AE-C6CA39940D52}
		{88DF53AC-1338-547B-6989-1C8B78DE542B}.0 = {FE8C31C7-8C7C-B982-16AE-C6CA39940D52}
		{D55BE37F-A3CE-2CF1-7474-6961CF055BC0}.0 = {FE8C31C7-8C7C-B982-16AE-C6CA39940D52}
		{A1782967-FA99-DCA4-4D6F-14CD8E1505AD}.0 = {FE8C31C7-8C7C-B982-16AE-C6CA39940D52}
		{D4C2A921-6257-1D72-592F-450E19AA3E20}.0 = {FE8C31C7-8C7C-B982-16AE-C6CA39940D52}
		{96C3E65A-7CC9-961B-0681-395F51BC9CE2}.0 = {FE8C31C7-8C7C-B982-16AE-C6CA39940D52}
		{8EBBE255-F364-3793-8E84-4ACE0FB487A1}.0 = {FE8C31C7-8C7C-B982-16AE-C6CA39940D52}
		{EF50101E-0BAC-395C-42F9-378D37DA03CE}.0 = {FE8C31C7-8C7C-B982-16AE-C6CA39940D52}
		{8E2C61D0-0DDE-9AC3-AB7E-8EE3B4EE09D4}.0 = {FE8C31C7-8C7C-B982-16AE-C6CA39940D52}
		{26CDBAC0-9A46-F31F-B6F7-A729CF22B97D}.0 = {FE8C31C7-8C7C-B982-16AE-C6CA39940D52}
		{10B1A9B3-DB3C-98CB-62C9-DB10F9F43396}.0 = {FE8C31C7-8C7C-B982-16AE-C6CA39940D52}
		{0E134A9B-0448-2CD4-954B-9F3ECBD81534}.0 = {FE8C31C7-8C7C-B982-16AE-C6CA39940D52}
		{F523A3D9-0D90-E985-CA29-10E441393BAE}.0 = {FE8C31C7-8C7C-B982-16AE-C6CA39940D52}
		{73CFB4EB-077E-9A27-E4D4-145EA219E262}.0 = {FE8C31C7-8C7C-B982-16AE-C6CA39940D52}
		{98DD5582-CDDE-F076-F9C8-D6603B15A78E}.0 = {FE8C31C7-8C7C-B982-16AE-C6CA39940D52}
		{47A9A513-F45E-728E-D930-72B622AE538C}.0 = {FE8C31C7-8C7C-B982-16AE-C6CA39940D52}
		{5281C5BB-2394-E384-DEDF-73F9F661705D}.0 = {FE8C31C7-8C7C-B982-16AE-C6CA39940D52}
		{CB5A4EF1-E092-959D-EFD1-E0442F3119F1}.0 = {FE8C31C7-8C7C-B982-16AE-C6CA39940D52}
		{4F4A2447-5243-2EF5-BE00-701BB9473BA1}.0 = {FE8C31C7-8C7C-B982-16AE-C6CA39940D52}
		{23D61ADF-182D-DD0F-43F2-2E474EE1FB00}.0 = {FE8C31C7-8C7C-B982-16AE-C6CA39940D52}
		{89822485-8A94-469B-7CA5-A2839C03D271}.0 = {FE8C31C7-8C7C-B982-16AE-C6CA39940D52}
		{7577CC57-FF93-6E33-EC99-846E898BED29}.0 = {FE8C31C7-8C7C-B982-16AE-C6CA39940D52}
		{754F06CF-F576-93C5-BE95-3EC4998D9E20}.0 = {FE8C31C7-8C7C-B982-16AE-C6CA39940D52}
		{E167BD33-4E68-2BB7-C568-09FC289A2E9A}.0 = {FE8C31C7-8C7C-B982-16AE-C6CA39940D52}
		{6AE42D83-4035-6C15-089B-D65BCF171A11}.0 = {FE8C31C7-8C7C-B982-16AE-C6CA39940D52}
		{D7782591-5481-74E6-62CC-265E30D63A91}.0 = {FE8C31C7-8C7C-B982-16AE-C6CA39940D52}
		{097814E8-8395-28B7-6CCF-374BA0D10503}.0 = {FE8C31C7-8C7C-B982-16AE-C6CA39940D52}
		{4AA16ABE-76D3-AB92-ED64-43A057F4E5D0}.0 = {FE8C31C7-8C7C-B982-16AE-C6CA39940D52}
		{E4F5830C-8CAF-CBC0-C5E5-B189CECF556A}.0 = {FE8C31C7-8C7C-B982-16AE-C6CA39940D52}
		{F50BC0A1-DB47-BA5A-5C9A-A12E1C81241D}.0 = {FE8C31C7-8C7C-B982-16AE-C6CA39940D52}
		{3AB21594-2130-A5AE-9E11-272637C9F9B6}.0 = {FE8C31C7-8C7C-B982-16AE-C6CA39940D52}
		{D3852DD2-8840-44C9-AA7A-469FA8445DF3}.0 = {FE8C31C7-8C7C-B982-16AE-C6CA39940D52}
		{967105F5-9828-18D8-0AB3-AB33A96DF792}.0 = {FE8C31C7-8C7C-B982-16AE-C6CA39940D52}
		{E91FEE10-2BA4-53FC-07FA-0A5B3649595F}.0 = {FE8C31C7-8C7C-B982-16AE-C6CA39940D52}
		{7453777E-C823-EFB7-31C1-FDF756EBAEBC}.0 = {FE8C31C7-8C7C-B982-16AE-C6CA39940D52}
		{6452026D-0C54-4DCD-DA11-047FAC2224D7}.0 = {FE8C31C7-8C7C-B982-16AE-C6CA39940D52}
		{058AAD6E-A940-FA17-F583-B3676E4DAC6C}.0 = {FE8C31C7-8C7C-B982-16AE-C6CA39940D52}
		{83E8AB22-CED2-2646-3A5A-73EA46D8959F}.0 = {FE8C31C7-8C7C-B982-16AE-C6CA39940D52}
		{7819CFB4-1D16-C2CA-3B58-319C41E552DF}.0 = {FE8C31C7-8C7C-B982-16AE-C6CA39940D52}
		{99CE9F68-96D7-1FAF-65BF-DEEF6E5085B8}.0 = {FE8C31C7-8C7C-B982-16AE-C6CA39940D52}
		{9B942FB3-91A0-9E4F-1514-1286B4872502}.0 = {FE8C31C7-8C7C-B982-16AE-C6CA39940D52}
		{66C683AA-084B-50DD-3B04-ED38799342BA}.0 = {FE8C31C7-8C7C-B982-16AE-C6CA39940D52}
	EndGlobalSection
	GlobalSection(ProjectConfiguration) = postSolution
  		{FF4C7AD7-84CA-8A2F-7EBF-2B1FA775848F}.Release (with static libs).ActiveCfg = Release (with static libs)|Win32
		{FF4C7AD7-84CA-8A2F-7EBF-2B1FA775848F}.Release (with static libs).Build.0 = Release (with static libs)|Win32
  		{FF4C7AD7-84CA-8A2F-7EBF-2B1FA775848F}.Release (with DLLs).ActiveCfg = Release (with DLLs)|Win32
		{FF4C7AD7-84CA-8A2F-7EBF-2B1FA775848F}.Release (with DLLs).Build.0 = Release (with DLLs)|Win32
    		{FF4C7AD7-84CA-8A2F-7EBF-2B1FA775848F}.Debug (with static libs).ActiveCfg = Debug (with static libs)|Win32
		{FF4C7AD7-84CA-8A2F-7EBF-2B1FA775848F}.Debug (with static libs).Build.0 = Debug (with static libs)|Win32
  		{FF4C7AD7-84CA-8A2F-7EBF-2B1FA775848F}.Debug (with DLLs).ActiveCfg = Debug (with DLLs)|Win32
		{FF4C7AD7-84CA-8A2F-7EBF-2B1FA775848F}.Debug (with DLLs).Build.0 = Debug (with DLLs)|Win32
    		{AE89B23E-625D-8AD6-F293-EA999B1F3026}.Release (with static libs).ActiveCfg = Release (with static libs)|Win32
		{AE89B23E-625D-8AD6-F293-EA999B1F3026}.Release (with static libs).Build.0 = Release (with static libs)|Win32
  		{AE89B23E-625D-8AD6-F293-EA999B1F3026}.Release (with DLLs).ActiveCfg = Release (with DLLs)|Win32
		{AE89B23E-625D-8AD6-F293-EA999B1F3026}.Release (with DLLs).Build.0 = Release (with DLLs)|Win32
    		{AE89B23E-625D-8AD6-F293-EA999B1F3026}.Debug (with static libs).ActiveCfg = Debug (with static libs)|Win32
		{AE89B23E-625D-8AD6-F293-EA999B1F3026}.Debug (with static libs).Build.0 = Debug (with static libs)|Win32
  		{AE89B23E-625D-8AD6-F293-EA999B1F3026}.Debug (with DLLs).ActiveCfg = Debug (with DLLs)|Win32
		{AE89B23E-625D-8AD6-F293-EA999B1F3026}.Debug (with DLLs).Build.0 = Debug (with DLLs)|Win32
    		{E7FA7509-300D-FB19-912A-61D2694C9BD0}.Release (with static libs).ActiveCfg = Release (with static libs)|Win32
		{E7FA7509-300D-FB19-912A-61D2694C9BD0}.Release (with static libs).Build.0 = Release (with static libs)|Win32
  		{E7FA7509-300D-FB19-912A-61D2694C9BD0}.Release (with DLLs).ActiveCfg = Release (with DLLs)|Win32
		{E7FA7509-300D-FB19-912A-61D2694C9BD0}.Release (with DLLs).Build.0 = Release (with DLLs)|Win32
    		{E7FA7509-300D-FB19-912A-61D2694C9BD0}.Debug (with static libs).ActiveCfg = Debug (with static libs)|Win32
		{E7FA7509-300D-FB19-912A-61D2694C9BD0}.Debug (with static libs).Build.0 = Debug (with static libs)|Win32
  		{E7FA7509-300D-FB19-912A-61D2694C9BD0}.Debug (with DLLs).ActiveCfg = Debug (with DLLs)|Win32
		{E7FA7509-300D-FB19-912A-61D2694C9BD0}.Debug (with DLLs).Build.0 = Debug (with DLLs)|Win32
    		{CCB20F4A-BCF8-C6ED-2E54-6B5402A00A8D}.Release (with static libs).ActiveCfg = Release (with static libs)|Win32
		{CCB20F4A-BCF8-C6ED-2E54-6B5402A00A8D}.Release (with static libs).Build.0 = Release (with static libs)|Win32
  		{CCB20F4A-BCF8-C6ED-2E54-6B5402A00A8D}.Release (with DLLs).ActiveCfg = Release (with DLLs)|Win32
		{CCB20F4A-BCF8-C6ED-2E54-6B5402A00A8D}.Release (with DLLs).Build.0 = Release (with DLLs)|Win32
    		{CCB20F4A-BCF8-C6ED-2E54-6B5402A00A8D}.Debug (with static libs).ActiveCfg = Debug (with static libs)|Win32
		{CCB20F4A-BCF8-C6ED-2E54-6B5402A00A8D}.Debug (with static libs).Build.0 = Debug (with static libs)|Win32
  		{CCB20F4A-BCF8-C6ED-2E54-6B5402A00A8D}.Debug (with DLLs).ActiveCfg = Debug (with DLLs)|Win32
		{CCB20F4A-BCF8-C6ED-2E54-6B5402A00A8D}.Debug (with DLLs).Build.0 = Debug (with DLLs)|Win32
    		{3D1F3248-B09B-2BB1-31F7-C4460A6D5AB8}.Release (with static libs).ActiveCfg = Release (with static libs)|Win32
		{3D1F3248-B09B-2BB1-31F7-C4460A6D5AB8}.Release (with static libs).Build.0 = Release (with static libs)|Win32
  		{3D1F3248-B09B-2BB1-31F7-C4460A6D5AB8}.Release (with DLLs).ActiveCfg = Release (with DLLs)|Win32
		{3D1F3248-B09B-2BB1-31F7-C4460A6D5AB8}.Release (with DLLs).Build.0 = Release (with DLLs)|Win32
    		{3D1F3248-B09B-2BB1-31F7-C4460A6D5AB8}.Debug (with static libs).ActiveCfg = Debug (with static libs)|Win32
		{3D1F3248-B09B-2BB1-31F7-C4460A6D5AB8}.Debug (with static libs).Build.0 = Debug (with static libs)|Win32
  		{3D1F3248-B09B-2BB1-31F7-C4460A6D5AB8}.Debug (with DLLs).ActiveCfg = Debug (with DLLs)|Win32
		{3D1F3248-B09B-2BB1-31F7-C4460A6D5AB8}.Debug (with DLLs).Build.0 = Debug (with DLLs)|Win32
    		{E083067F-99E2-8C1C-3EE4-BB0ECA726556}.Release (with static libs).ActiveCfg = Release (with static libs)|Win32
		{E083067F-99E2-8C1C-3EE4-BB0ECA726556}.Release (with static libs).Build.0 = Release (with static libs)|Win32
  		{E083067F-99E2-8C1C-3EE4-BB0ECA726556}.Release (with DLLs).ActiveCfg = Release (with DLLs)|Win32
		{E083067F-99E2-8C1C-3EE4-BB0ECA726556}.Release (with DLLs).Build.0 = Release (with DLLs)|Win32
    		{E083067F-99E2-8C1C-3EE4-BB0ECA726556}.Debug (with static libs).ActiveCfg = Debug (with static libs)|Win32
		{E083067F-99E2-8C1C-3EE4-BB0ECA726556}.Debug (with static libs).Build.0 = Debug (with static libs)|Win32
  		{E083067F-99E2-8C1C-3EE4-BB0ECA726556}.Debug (with DLLs).ActiveCfg = Debug (with DLLs)|Win32
		{E083067F-99E2-8C1C-3EE4-BB0ECA726556}.Debug (with DLLs).Build.0 = Debug (with DLLs)|Win32
    		{810EE67A-EF58-EF92-1367-E6FD972356CE}.Release (with static libs).ActiveCfg = Release (with static libs)|Win32
		{810EE67A-EF58-EF92-1367-E6FD972356CE}.Release (with static libs).Build.0 = Release (with static libs)|Win32
  		{810EE67A-EF58-EF92-1367-E6FD972356CE}.Release (with DLLs).ActiveCfg = Release (with DLLs)|Win32
		{810EE67A-EF58-EF92-1367-E6FD972356CE}.Release (with DLLs).Build.0 = Release (with DLLs)|Win32
    		{810EE67A-EF58-EF92-1367-E6FD972356CE}.Debug (with static libs).ActiveCfg = Debug (with static libs)|Win32
		{810EE67A-EF58-EF92-1367-E6FD972356CE}.Debug (with static libs).Build.0 = Debug (with static libs)|Win32
  		{810EE67A-EF58-EF92-1367-E6FD972356CE}.Debug (with DLLs).ActiveCfg = Debug (with DLLs)|Win32
		{810EE67A-EF58-EF92-1367-E6FD972356CE}.Debug (with DLLs).Build.0 = Debug (with DLLs)|Win32
    		{FF3AAA5C-370E-34D4-7FB3-2AB1AAAC9807}.Release (with static libs).ActiveCfg = Release (with static libs)|Win32
		{FF3AAA5C-370E-34D4-7FB3-2AB1AAAC9807}.Release (with static libs).Build.0 = Release (with static libs)|Win32
  		{FF3AAA5C-370E-34D4-7FB3-2AB1AAAC9807}.Release (with DLLs).ActiveCfg = Release (with DLLs)|Win32
		{FF3AAA5C-370E-34D4-7FB3-2AB1AAAC9807}.Release (with DLLs).Build.0 = Release (with DLLs)|Win32
    		{FF3AAA5C-370E-34D4-7FB3-2AB1AAAC9807}.Debug (with static libs).ActiveCfg = Debug (with static libs)|Win32
		{FF3AAA5C-370E-34D4-7FB3-2AB1AAAC9807}.Debug (with static libs).Build.0 = Debug (with static libs)|Win32
  		{FF3AAA5C-370E-34D4-7FB3-2AB1AAAC9807}.Debug (with DLLs).ActiveCfg = Debug (with DLLs)|Win32
		{FF3AAA5C-370E-34D4-7FB3-2AB1AAAC9807}.Debug (with DLLs).Build.0 = Debug (with DLLs)|Win32
    		{894F6414-EF76-A9C4-B26F-7E17223A8FEF}.Release (with static libs).ActiveCfg = Release (with static libs)|Win32
		{894F6414-EF76-A9C4-B26F-7E17223A8FEF}.Release (with static libs).Build.0 = Release (with static libs)|Win32
  		{894F6414-EF76-A9C4-B26F-7E17223A8FEF}.Release (with DLLs).ActiveCfg = Release (with DLLs)|Win32
		{894F6414-EF76-A9C4-B26F-7E17223A8FEF}.Release (with DLLs).Build.0 = Release (with DLLs)|Win32
    		{894F6414-EF76-A9C4-B26F-7E17223A8FEF}.Debug (with static libs).ActiveCfg = Debug (with static libs)|Win32
		{894F6414-EF76-A9C4-B26F-7E17223A8FEF}.Debug (with static libs).Build.0 = Debug (with static libs)|Win32
  		{894F6414-EF76-A9C4-B26F-7E17223A8FEF}.Debug (with DLLs).ActiveCfg = Debug (with DLLs)|Win32
		{894F6414-EF76-A9C4-B26F-7E17223A8FEF}.Debug (with DLLs).Build.0 = Debug (with DLLs)|Win32
    		{BABE62A6-7763-13E0-7B82-40443399B30F}.Release (with static libs).ActiveCfg = Release (with static libs)|Win32
		{BABE62A6-7763-13E0-7B82-40443399B30F}.Release (with static libs).Build.0 = Release (with static libs)|Win32
  		{BABE62A6-7763-13E0-7B82-40443399B30F}.Release (with DLLs).ActiveCfg = Release (with DLLs)|Win32
		{BABE62A6-7763-13E0-7B82-40443399B30F}.Release (with DLLs).Build.0 = Release (with DLLs)|Win32
    		{BABE62A6-7763-13E0-7B82-40443399B30F}.Debug (with static libs).ActiveCfg = Debug (with static libs)|Win32
		{BABE62A6-7763-13E0-7B82-40443399B30F}.Debug (with static libs).Build.0 = Debug (with static libs)|Win32
  		{BABE62A6-7763-13E0-7B82-40443399B30F}.Debug (with DLLs).ActiveCfg = Debug (with DLLs)|Win32
		{BABE62A6-7763-13E0-7B82-40443399B30F}.Debug (with DLLs).Build.0 = Debug (with DLLs)|Win32
    		{94D25C97-3F38-01DE-50C6-978568154AF0}.Release (with static libs).ActiveCfg = Release (with static libs)|Win32
		{94D25C97-3F38-01DE-50C6-978568154AF0}.Release (with static libs).Build.0 = Release (with static libs)|Win32
  		{94D25C97-3F38-01DE-50C6-978568154AF0}.Release (with DLLs).ActiveCfg = Release (with DLLs)|Win32
		{94D25C97-3F38-01DE-50C6-978568154AF0}.Release (with DLLs).Build.0 = Release (with DLLs)|Win32
    		{94D25C97-3F38-01DE-50C6-978568154AF0}.Debug (with static libs).ActiveCfg = Debug (with static libs)|Win32
		{94D25C97-3F38-01DE-50C6-978568154AF0}.Debug (with static libs).Build.0 = Debug (with static libs)|Win32
  		{94D25C97-3F38-01DE-50C6-978568154AF0}.Debug (with DLLs).ActiveCfg = Debug (with DLLs)|Win32
		{94D25C97-3F38-01DE-50C6-978568154AF0}.Debug (with DLLs).Build.0 = Debug (with DLLs)|Win32
    		{3DBB432C-E136-23CF-9E79-9288F53FE150}.Release (with static libs).ActiveCfg = Release (with static libs)|Win32
		{3DBB432C-E136-23CF-9E79-9288F53FE150}.Release (with static libs).Build.0 = Release (with static libs)|Win32
  		{3DBB432C-E136-23CF-9E79-9288F53FE150}.Release (with DLLs).ActiveCfg = Release (with DLLs)|Win32
		{3DBB432C-E136-23CF-9E79-9288F53FE150}.Release (with DLLs).Build.0 = Release (with DLLs)|Win32
    		{3DBB432C-E136-23CF-9E79-9288F53FE150}.Debug (with static libs).ActiveCfg = Debug (with static libs)|Win32
		{3DBB432C-E136-23CF-9E79-9288F53FE150}.Debug (with static libs).Build.0 = Debug (with static libs)|Win32
  		{3DBB432C-E136-23CF-9E79-9288F53FE150}.Debug (with DLLs).ActiveCfg = Debug (with DLLs)|Win32
		{3DBB432C-E136-23CF-9E79-9288F53FE150}.Debug (with DLLs).Build.0 = Debug (with DLLs)|Win32
    		{962F2503-FBE9-3C3E-907F-45D2CF3EA2BB}.Release (with static libs).ActiveCfg = Release (with static libs)|Win32
		{962F2503-FBE9-3C3E-907F-45D2CF3EA2BB}.Release (with static libs).Build.0 = Release (with static libs)|Win32
  		{962F2503-FBE9-3C3E-907F-45D2CF3EA2BB}.Release (with DLLs).ActiveCfg = Release (with DLLs)|Win32
		{962F2503-FBE9-3C3E-907F-45D2CF3EA2BB}.Release (with DLLs).Build.0 = Release (with DLLs)|Win32
    		{962F2503-FBE9-3C3E-907F-45D2CF3EA2BB}.Debug (with static libs).ActiveCfg = Debug (with static libs)|Win32
		{962F2503-FBE9-3C3E-907F-45D2CF3EA2BB}.Debug (with static libs).Build.0 = Debug (with static libs)|Win32
  		{962F2503-FBE9-3C3E-907F-45D2CF3EA2BB}.Debug (with DLLs).ActiveCfg = Debug (with DLLs)|Win32
		{962F2503-FBE9-3C3E-907F-45D2CF3EA2BB}.Debug (with DLLs).Build.0 = Debug (with DLLs)|Win32
    		{931650F6-2F7C-8F61-D415-6032053E6AA7}.Release (with static libs).ActiveCfg = Release (with static libs)|Win32
		{931650F6-2F7C-8F61-D415-6032053E6AA7}.Release (with static libs).Build.0 = Release (with static libs)|Win32
  		{931650F6-2F7C-8F61-D415-6032053E6AA7}.Release (with DLLs).ActiveCfg = Release (with DLLs)|Win32
		{931650F6-2F7C-8F61-D415-6032053E6AA7}.Release (with DLLs).Build.0 = Release (with DLLs)|Win32
    		{931650F6-2F7C-8F61-D415-6032053E6AA7}.Debug (with static libs).ActiveCfg = Debug (with static libs)|Win32
		{931650F6-2F7C-8F61-D415-6032053E6AA7}.Debug (with static libs).Build.0 = Debug (with static libs)|Win32
  		{931650F6-2F7C-8F61-D415-6032053E6AA7}.Debug (with DLLs).ActiveCfg = Debug (with DLLs)|Win32
		{931650F6-2F7C-8F61-D415-6032053E6AA7}.Debug (with DLLs).Build.0 = Debug (with DLLs)|Win32
    		{6D85F077-9440-C724-F643-C559BE6A8ED1}.Release (with static libs).ActiveCfg = Release (with static libs)|Win32
		{6D85F077-9440-C724-F643-C559BE6A8ED1}.Release (with static libs).Build.0 = Release (with static libs)|Win32
  		{6D85F077-9440-C724-F643-C559BE6A8ED1}.Release (with DLLs).ActiveCfg = Release (with DLLs)|Win32
		{6D85F077-9440-C724-F643-C559BE6A8ED1}.Release (with DLLs).Build.0 = Release (with DLLs)|Win32
    		{6D85F077-9440-C724-F643-C559BE6A8ED1}.Debug (with static libs).ActiveCfg = Debug (with static libs)|Win32
		{6D85F077-9440-C724-F643-C559BE6A8ED1}.Debug (with static libs).Build.0 = Debug (with static libs)|Win32
  		{6D85F077-9440-C724-F643-C559BE6A8ED1}.Debug (with DLLs).ActiveCfg = Debug (with DLLs)|Win32
		{6D85F077-9440-C724-F643-C559BE6A8ED1}.Debug (with DLLs).Build.0 = Debug (with DLLs)|Win32
    		{5C77D6F7-701D-C5B0-AEDB-37C262DF145A}.Release (with static libs).ActiveCfg = Release (with static libs)|Win32
		{5C77D6F7-701D-C5B0-AEDB-37C262DF145A}.Release (with static libs).Build.0 = Release (with static libs)|Win32
  		{5C77D6F7-701D-C5B0-AEDB-37C262DF145A}.Release (with DLLs).ActiveCfg = Release (with DLLs)|Win32
		{5C77D6F7-701D-C5B0-AEDB-37C262DF145A}.Release (with DLLs).Build.0 = Release (with DLLs)|Win32
    		{5C77D6F7-701D-C5B0-AEDB-37C262DF145A}.Debug (with static libs).ActiveCfg = Debug (with static libs)|Win32
		{5C77D6F7-701D-C5B0-AEDB-37C262DF145A}.Debug (with static libs).Build.0 = Debug (with static libs)|Win32
  		{5C77D6F7-701D-C5B0-AEDB-37C262DF145A}.Debug (with DLLs).ActiveCfg = Debug (with DLLs)|Win32
		{5C77D6F7-701D-C5B0-AEDB-37C262DF145A}.Debug (with DLLs).Build.0 = Debug (with DLLs)|Win32
    		{FE8C31C7-8C7C-B982-16AE-C6CA39940D52}.Release (with static libs).ActiveCfg = Release (with static libs)|Win32
		{FE8C31C7-8C7C-B982-16AE-C6CA39940D52}.Release (with static libs).Build.0 = Release (with static libs)|Win32
  		{FE8C31C7-8C7C-B982-16AE-C6CA39940D52}.Release (with DLLs).ActiveCfg = Release (with DLLs)|Win32
		{FE8C31C7-8C7C-B982-16AE-C6CA39940D52}.Release (with DLLs).Build.0 = Release (with DLLs)|Win32
    		{FE8C31C7-8C7C-B982-16AE-C6CA39940D52}.Debug (with static libs).ActiveCfg = Debug (with static libs)|Win32
		{FE8C31C7-8C7C-B982-16AE-C6CA39940D52}.Debug (with static libs).Build.0 = Debug (with static libs)|Win32
  		{FE8C31C7-8C7C-B982-16AE-C6CA39940D52}.Debug (with DLLs).ActiveCfg = Debug (with DLLs)|Win32
		{FE8C31C7-8C7C-B982-16AE-C6CA39940D52}.Debug (with DLLs).Build.0 = Debug (with DLLs)|Win32
    		{3EF52631-4486-D72B-BB17-DB8FCF36DDBA}.Release (with static libs).ActiveCfg = Release (with static libs)|Win32
		{3EF52631-4486-D72B-BB17-DB8FCF36DDBA}.Release (with static libs).Build.0 = Release (with static libs)|Win32
  		{3EF52631-4486-D72B-BB17-DB8FCF36DDBA}.Release (with DLLs).ActiveCfg = Release (with DLLs)|Win32
		{3EF52631-4486-D72B-BB17-DB8FCF36DDBA}.Release (with DLLs).Build.0 = Release (with DLLs)|Win32
    		{3EF52631-4486-D72B-BB17-DB8FCF36DDBA}.Debug (with static libs).ActiveCfg = Debug (with static libs)|Win32
		{3EF52631-4486-D72B-BB17-DB8FCF36DDBA}.Debug (with static libs).Build.0 = Debug (with static libs)|Win32
  		{3EF52631-4486-D72B-BB17-DB8FCF36DDBA}.Debug (with DLLs).ActiveCfg = Debug (with DLLs)|Win32
		{3EF52631-4486-D72B-BB17-DB8FCF36DDBA}.Debug (with DLLs).Build.0 = Debug (with DLLs)|Win32
    		{EEC493BE-2745-954F-FA24-45447359FCDC}.Release (with static libs).ActiveCfg = Release (with static libs)|Win32
		{EEC493BE-2745-954F-FA24-45447359FCDC}.Release (with static libs).Build.0 = Release (with static libs)|Win32
  		{EEC493BE-2745-954F-FA24-45447359FCDC}.Release (with DLLs).ActiveCfg = Release (with DLLs)|Win32
		{EEC493BE-2745-954F-FA24-45447359FCDC}.Release (with DLLs).Build.0 = Release (with DLLs)|Win32
    		{EEC493BE-2745-954F-FA24-45447359FCDC}.Debug (with static libs).ActiveCfg = Debug (with static libs)|Win32
		{EEC493BE-2745-954F-FA24-45447359FCDC}.Debug (with static libs).Build.0 = Debug (with static libs)|Win32
  		{EEC493BE-2745-954F-FA24-45447359FCDC}.Debug (with DLLs).ActiveCfg = Debug (with DLLs)|Win32
		{EEC493BE-2745-954F-FA24-45447359FCDC}.Debug (with DLLs).Build.0 = Debug (with DLLs)|Win32
    		{504CB6C0-4303-C53C-C345-AA750CD1A59D}.Release (with static libs).ActiveCfg = Release (with static libs)|Win32
		{504CB6C0-4303-C53C-C345-AA750CD1A59D}.Release (with static libs).Build.0 = Release (with static libs)|Win32
  		{504CB6C0-4303-C53C-C345-AA750CD1A59D}.Release (with DLLs).ActiveCfg = Release (with DLLs)|Win32
		{504CB6C0-4303-C53C-C345-AA750CD1A59D}.Release (with DLLs).Build.0 = Release (with DLLs)|Win32
    		{504CB6C0-4303-C53C-C345-AA750CD1A59D}.Debug (with static libs).ActiveCfg = Debug (with static libs)|Win32
		{504CB6C0-4303-C53C-C345-AA750CD1A59D}.Debug (with static libs).Build.0 = Debug (with static libs)|Win32
  		{504CB6C0-4303-C53C-C345-AA750CD1A59D}.Debug (with DLLs).ActiveCfg = Debug (with DLLs)|Win32
		{504CB6C0-4303-C53C-C345-AA750CD1A59D}.Debug (with DLLs).Build.0 = Debug (with DLLs)|Win32
    		{88DF53AC-1338-547B-6989-1C8B78DE542B}.Release (with static libs).ActiveCfg = Release (with static libs)|Win32
		{88DF53AC-1338-547B-6989-1C8B78DE542B}.Release (with static libs).Build.0 = Release (with static libs)|Win32
  		{88DF53AC-1338-547B-6989-1C8B78DE542B}.Release (with DLLs).ActiveCfg = Release (with DLLs)|Win32
		{88DF53AC-1338-547B-6989-1C8B78DE542B}.Release (with DLLs).Build.0 = Release (with DLLs)|Win32
    		{88DF53AC-1338-547B-6989-1C8B78DE542B}.Debug (with static libs).ActiveCfg = Debug (with static libs)|Win32
		{88DF53AC-1338-547B-6989-1C8B78DE542B}.Debug (with static libs).Build.0 = Debug (with static libs)|Win32
  		{88DF53AC-1338-547B-6989-1C8B78DE542B}.Debug (with DLLs).ActiveCfg = Debug (with DLLs)|Win32
		{88DF53AC-1338-547B-6989-1C8B78DE542B}.Debug (with DLLs).Build.0 = Debug (with DLLs)|Win32
    		{D55BE37F-A3CE-2CF1-7474-6961CF055BC0}.Release (with static libs).ActiveCfg = Release (with static libs)|Win32
		{D55BE37F-A3CE-2CF1-7474-6961CF055BC0}.Release (with static libs).Build.0 = Release (with static libs)|Win32
  		{D55BE37F-A3CE-2CF1-7474-6961CF055BC0}.Release (with DLLs).ActiveCfg = Release (with DLLs)|Win32
		{D55BE37F-A3CE-2CF1-7474-6961CF055BC0}.Release (with DLLs).Build.0 = Release (with DLLs)|Win32
    		{D55BE37F-A3CE-2CF1-7474-6961CF055BC0}.Debug (with static libs).ActiveCfg = Debug (with static libs)|Win32
		{D55BE37F-A3CE-2CF1-7474-6961CF055BC0}.Debug (with static libs).Build.0 = Debug (with static libs)|Win32
  		{D55BE37F-A3CE-2CF1-7474-6961CF055BC0}.Debug (with DLLs).ActiveCfg = Debug (with DLLs)|Win32
		{D55BE37F-A3CE-2CF1-7474-6961CF055BC0}.Debug (with DLLs).Build.0 = Debug (with DLLs)|Win32
    		{A8B80D52-CD56-437D-0DF3-3798C9279FE4}.Release (with static libs).ActiveCfg = Release (with static libs)|Win32
		{A8B80D52-CD56-437D-0DF3-3798C9279FE4}.Release (with static libs).Build.0 = Release (with static libs)|Win32
  		{A8B80D52-CD56-437D-0DF3-3798C9279FE4}.Release (with DLLs).ActiveCfg = Release (with DLLs)|Win32
		{A8B80D52-CD56-437D-0DF3-3798C9279FE4}.Release (with DLLs).Build.0 = Release (with DLLs)|Win32
    		{A8B80D52-CD56-437D-0DF3-3798C9279FE4}.Debug (with static libs).ActiveCfg = Debug (with static libs)|Win32
		{A8B80D52-CD56-437D-0DF3-3798C9279FE4}.Debug (with static libs).Build.0 = Debug (with static libs)|Win32
  		{A8B80D52-CD56-437D-0DF3-3798C9279FE4}.Debug (with DLLs).ActiveCfg = Debug (with DLLs)|Win32
		{A8B80D52-CD56-437D-0DF3-3798C9279FE4}.Debug (with DLLs).Build.0 = Debug (with DLLs)|Win32
    		{BA7BEDE4-D74D-62E9-2A70-F3E2461698BB}.Release (with static libs).ActiveCfg = Release (with static libs)|Win32
		{BA7BEDE4-D74D-62E9-2A70-F3E2461698BB}.Release (with static libs).Build.0 = Release (with static libs)|Win32
  		{BA7BEDE4-D74D-62E9-2A70-F3E2461698BB}.Release (with DLLs).ActiveCfg = Release (with DLLs)|Win32
		{BA7BEDE4-D74D-62E9-2A70-F3E2461698BB}.Release (with DLLs).Build.0 = Release (with DLLs)|Win32
    		{BA7BEDE4-D74D-62E9-2A70-F3E2461698BB}.Debug (with static libs).ActiveCfg = Debug (with static libs)|Win32
		{BA7BEDE4-D74D-62E9-2A70-F3E2461698BB}.Debug (with static libs).Build.0 = Debug (with static libs)|Win32
  		{BA7BEDE4-D74D-62E9-2A70-F3E2461698BB}.Debug (with DLLs).ActiveCfg = Debug (with DLLs)|Win32
		{BA7BEDE4-D74D-62E9-2A70-F3E2461698BB}.Debug (with DLLs).Build.0 = Debug (with DLLs)|Win32
    		{A1782967-FA99-DCA4-4D6F-14CD8E1505AD}.Release (with static libs).ActiveCfg = Release (with static libs)|Win32
		{A1782967-FA99-DCA4-4D6F-14CD8E1505AD}.Release (with static libs).Build.0 = Release (with static libs)|Win32
  		{A1782967-FA99-DCA4-4D6F-14CD8E1505AD}.Release (with DLLs).ActiveCfg = Release (with DLLs)|Win32
		{A1782967-FA99-DCA4-4D6F-14CD8E1505AD}.Release (with DLLs).Build.0 = Release (with DLLs)|Win32
    		{A1782967-FA99-DCA4-4D6F-14CD8E1505AD}.Debug (with static libs).ActiveCfg = Debug (with static libs)|Win32
		{A1782967-FA99-DCA4-4D6F-14CD8E1505AD}.Debug (with static libs).Build.0 = Debug (with static libs)|Win32
  		{A1782967-FA99-DCA4-4D6F-14CD8E1505AD}.Debug (with DLLs).ActiveCfg = Debug (with DLLs)|Win32
		{A1782967-FA99-DCA4-4D6F-14CD8E1505AD}.Debug (with DLLs).Build.0 = Debug (with DLLs)|Win32
    		{E15D3136-619B-861B-D8FF-561A1F846B6C}.Release (with static libs).ActiveCfg = Release (with static libs)|Win32
		{E15D3136-619B-861B-D8FF-561A1F846B6C}.Release (with static libs).Build.0 = Release (with static libs)|Win32
  		{E15D3136-619B-861B-D8FF-561A1F846B6C}.Release (with DLLs).ActiveCfg = Release (with DLLs)|Win32
		{E15D3136-619B-861B-D8FF-561A1F846B6C}.Release (with DLLs).Build.0 = Release (with DLLs)|Win32
    		{E15D3136-619B-861B-D8FF-561A1F846B6C}.Debug (with static libs).ActiveCfg = Debug (with static libs)|Win32
		{E15D3136-619B-861B-D8FF-561A1F846B6C}.Debug (with static libs).Build.0 = Debug (with static libs)|Win32
  		{E15D3136-619B-861B-D8FF-561A1F846B6C}.Debug (with DLLs).ActiveCfg = Debug (with DLLs)|Win32
		{E15D3136-619B-861B-D8FF-561A1F846B6C}.Debug (with DLLs).Build.0 = Debug (with DLLs)|Win32
    		{D4C2A921-6257-1D72-592F-450E19AA3E20}.Release (with static libs).ActiveCfg = Release (with static libs)|Win32
		{D4C2A921-6257-1D72-592F-450E19AA3E20}.Release (with static libs).Build.0 = Release (with static libs)|Win32
  		{D4C2A921-6257-1D72-592F-450E19AA3E20}.Release (with DLLs).ActiveCfg = Release (with DLLs)|Win32
		{D4C2A921-6257-1D72-592F-450E19AA3E20}.Release (with DLLs).Build.0 = Release (with DLLs)|Win32
    		{D4C2A921-6257-1D72-592F-450E19AA3E20}.Debug (with static libs).ActiveCfg = Debug (with static libs)|Win32
		{D4C2A921-6257-1D72-592F-450E19AA3E20}.Debug (with static libs).Build.0 = Debug (with static libs)|Win32
  		{D4C2A921-6257-1D72-592F-450E19AA3E20}.Debug (with DLLs).ActiveCfg = Debug (with DLLs)|Win32
		{D4C2A921-6257-1D72-592F-450E19AA3E20}.Debug (with DLLs).Build.0 = Debug (with DLLs)|Win32
    		{98B5AC91-D6B1-1C99-9FEC-D1EEA525ED3B}.Release (with static libs).ActiveCfg = Release (with static libs)|Win32
		{98B5AC91-D6B1-1C99-9FEC-D1EEA525ED3B}.Release (with static libs).Build.0 = Release (with static libs)|Win32
  		{98B5AC91-D6B1-1C99-9FEC-D1EEA525ED3B}.Release (with DLLs).ActiveCfg = Release (with DLLs)|Win32
		{98B5AC91-D6B1-1C99-9FEC-D1EEA525ED3B}.Release (with DLLs).Build.0 = Release (with DLLs)|Win32
    		{98B5AC91-D6B1-1C99-9FEC-D1EEA525ED3B}.Debug (with static libs).ActiveCfg = Debug (with static libs)|Win32
		{98B5AC91-D6B1-1C99-9FEC-D1EEA525ED3B}.Debug (with static libs).Build.0 = Debug (with static libs)|Win32
  		{98B5AC91-D6B1-1C99-9FEC-D1EEA525ED3B}.Debug (with DLLs).ActiveCfg = Debug (with DLLs)|Win32
		{98B5AC91-D6B1-1C99-9FEC-D1EEA525ED3B}.Debug (with DLLs).Build.0 = Debug (with DLLs)|Win32
    		{8BBC74D9-616A-F075-D8FC-8B101A6C5730}.Release (with static libs).ActiveCfg = Release (with static libs)|Win32
		{8BBC74D9-616A-F075-D8FC-8B101A6C5730}.Release (with static libs).Build.0 = Release (with static libs)|Win32
  		{8BBC74D9-616A-F075-D8FC-8B101A6C5730}.Release (with DLLs).ActiveCfg = Release (with DLLs)|Win32
		{8BBC74D9-616A-F075-D8FC-8B101A6C5730}.Release (with DLLs).Build.0 = Release (with DLLs)|Win32
    		{8BBC74D9-616A-F075-D8FC-8B101A6C5730}.Debug (with static libs).ActiveCfg = Debug (with static libs)|Win32
		{8BBC74D9-616A-F075-D8FC-8B101A6C5730}.Debug (with static libs).Build.0 = Debug (with static libs)|Win32
  		{8BBC74D9-616A-F075-D8FC-8B101A6C5730}.Debug (with DLLs).ActiveCfg = Debug (with DLLs)|Win32
		{8BBC74D9-616A-F075-D8FC-8B101A6C5730}.Debug (with DLLs).Build.0 = Debug (with DLLs)|Win32
    		{403E853A-59C3-FBA1-AF01-2BF89B0DA2F7}.Release (with static libs).ActiveCfg = Release (with static libs)|Win32
		{403E853A-59C3-FBA1-AF01-2BF89B0DA2F7}.Release (with static libs).Build.0 = Release (with static libs)|Win32
  		{403E853A-59C3-FBA1-AF01-2BF89B0DA2F7}.Release (with DLLs).ActiveCfg = Release (with DLLs)|Win32
		{403E853A-59C3-FBA1-AF01-2BF89B0DA2F7}.Release (with DLLs).Build.0 = Release (with DLLs)|Win32
    		{403E853A-59C3-FBA1-AF01-2BF89B0DA2F7}.Debug (with static libs).ActiveCfg = Debug (with static libs)|Win32
		{403E853A-59C3-FBA1-AF01-2BF89B0DA2F7}.Debug (with static libs).Build.0 = Debug (with static libs)|Win32
  		{403E853A-59C3-FBA1-AF01-2BF89B0DA2F7}.Debug (with DLLs).ActiveCfg = Debug (with DLLs)|Win32
		{403E853A-59C3-FBA1-AF01-2BF89B0DA2F7}.Debug (with DLLs).Build.0 = Debug (with DLLs)|Win32
    		{58918459-7FD8-C582-569D-A58038ABE9D1}.Release (with static libs).ActiveCfg = Release (with static libs)|Win32
		{58918459-7FD8-C582-569D-A58038ABE9D1}.Release (with static libs).Build.0 = Release (with static libs)|Win32
  		{58918459-7FD8-C582-569D-A58038ABE9D1}.Release (with DLLs).ActiveCfg = Release (with DLLs)|Win32
		{58918459-7FD8-C582-569D-A58038ABE9D1}.Release (with DLLs).Build.0 = Release (with DLLs)|Win32
    		{58918459-7FD8-C582-569D-A58038ABE9D1}.Debug (with static libs).ActiveCfg = Debug (with static libs)|Win32
		{58918459-7FD8-C582-569D-A58038ABE9D1}.Debug (with static libs).Build.0 = Debug (with static libs)|Win32
  		{58918459-7FD8-C582-569D-A58038ABE9D1}.Debug (with DLLs).ActiveCfg = Debug (with DLLs)|Win32
		{58918459-7FD8-C582-569D-A58038ABE9D1}.Debug (with DLLs).Build.0 = Debug (with DLLs)|Win32
    		{32B86666-15E0-F234-58EC-50D3CC10AD59}.Release (with static libs).ActiveCfg = Release (with static libs)|Win32
		{32B86666-15E0-F234-58EC-50D3CC10AD59}.Release (with static libs).Build.0 = Release (with static libs)|Win32
  		{32B86666-15E0-F234-58EC-50D3CC10AD59}.Release (with DLLs).ActiveCfg = Release (with DLLs)|Win32
		{32B86666-15E0-F234-58EC-50D3CC10AD59}.Release (with DLLs).Build.0 = Release (with DLLs)|Win32
    		{32B86666-15E0-F234-58EC-50D3CC10AD59}.Debug (with static libs).ActiveCfg = Debug (with static libs)|Win32
		{32B86666-15E0-F234-58EC-50D3CC10AD59}.Debug (with static libs).Build.0 = Debug (with static libs)|Win32
  		{32B86666-15E0-F234-58EC-50D3CC10AD59}.Debug (with DLLs).ActiveCfg = Debug (with DLLs)|Win32
		{32B86666-15E0-F234-58EC-50D3CC10AD59}.Debug (with DLLs).Build.0 = Debug (with DLLs)|Win32
    		{96C3E65A-7CC9-961B-0681-395F51BC9CE2}.Release (with static libs).ActiveCfg = Release (with static libs)|Win32
		{96C3E65A-7CC9-961B-0681-395F51BC9CE2}.Release (with static libs).Build.0 = Release (with static libs)|Win32
  		{96C3E65A-7CC9-961B-0681-395F51BC9CE2}.Release (with DLLs).ActiveCfg = Release (with DLLs)|Win32
		{96C3E65A-7CC9-961B-0681-395F51BC9CE2}.Release (with DLLs).Build.0 = Release (with DLLs)|Win32
    		{96C3E65A-7CC9-961B-0681-395F51BC9CE2}.Debug (with static libs).ActiveCfg = Debug (with static libs)|Win32
		{96C3E65A-7CC9-961B-0681-395F51BC9CE2}.Debug (with static libs).Build.0 = Debug (with static libs)|Win32
  		{96C3E65A-7CC9-961B-0681-395F51BC9CE2}.Debug (with DLLs).ActiveCfg = Debug (with DLLs)|Win32
		{96C3E65A-7CC9-961B-0681-395F51BC9CE2}.Debug (with DLLs).Build.0 = Debug (with DLLs)|Win32
    		{8EBBE255-F364-3793-8E84-4ACE0FB487A1}.Release (with static libs).ActiveCfg = Release (with static libs)|Win32
		{8EBBE255-F364-3793-8E84-4ACE0FB487A1}.Release (with static libs).Build.0 = Release (with static libs)|Win32
  		{8EBBE255-F364-3793-8E84-4ACE0FB487A1}.Release (with DLLs).ActiveCfg = Release (with DLLs)|Win32
		{8EBBE255-F364-3793-8E84-4ACE0FB487A1}.Release (with DLLs).Build.0 = Release (with DLLs)|Win32
    		{8EBBE255-F364-3793-8E84-4ACE0FB487A1}.Debug (with static libs).ActiveCfg = Debug (with static libs)|Win32
		{8EBBE255-F364-3793-8E84-4ACE0FB487A1}.Debug (with static libs).Build.0 = Debug (with static libs)|Win32
  		{8EBBE255-F364-3793-8E84-4ACE0FB487A1}.Debug (with DLLs).ActiveCfg = Debug (with DLLs)|Win32
		{8EBBE255-F364-3793-8E84-4ACE0FB487A1}.Debug (with DLLs).Build.0 = Debug (with DLLs)|Win32
    		{EF50101E-0BAC-395C-42F9-378D37DA03CE}.Release (with static libs).ActiveCfg = Release (with static libs)|Win32
		{EF50101E-0BAC-395C-42F9-378D37DA03CE}.Release (with static libs).Build.0 = Release (with static libs)|Win32
  		{EF50101E-0BAC-395C-42F9-378D37DA03CE}.Release (with DLLs).ActiveCfg = Release (with DLLs)|Win32
		{EF50101E-0BAC-395C-42F9-378D37DA03CE}.Release (with DLLs).Build.0 = Release (with DLLs)|Win32
    		{EF50101E-0BAC-395C-42F9-378D37DA03CE}.Debug (with static libs).ActiveCfg = Debug (with static libs)|Win32
		{EF50101E-0BAC-395C-42F9-378D37DA03CE}.Debug (with static libs).Build.0 = Debug (with static libs)|Win32
  		{EF50101E-0BAC-395C-42F9-378D37DA03CE}.Debug (with DLLs).ActiveCfg = Debug (with DLLs)|Win32
		{EF50101E-0BAC-395C-42F9-378D37DA03CE}.Debug (with DLLs).Build.0 = Debug (with DLLs)|Win32
    		{8E2C61D0-0DDE-9AC3-AB7E-8EE3B4EE09D4}.Release (with static libs).ActiveCfg = Release (with static libs)|Win32
		{8E2C61D0-0DDE-9AC3-AB7E-8EE3B4EE09D4}.Release (with static libs).Build.0 = Release (with static libs)|Win32
  		{8E2C61D0-0DDE-9AC3-AB7E-8EE3B4EE09D4}.Release (with DLLs).ActiveCfg = Release (with DLLs)|Win32
		{8E2C61D0-0DDE-9AC3-AB7E-8EE3B4EE09D4}.Release (with DLLs).Build.0 = Release (with DLLs)|Win32
    		{8E2C61D0-0DDE-9AC3-AB7E-8EE3B4EE09D4}.Debug (with static libs).ActiveCfg = Debug (with static libs)|Win32
		{8E2C61D0-0DDE-9AC3-AB7E-8EE3B4EE09D4}.Debug (with static libs).Build.0 = Debug (with static libs)|Win32
  		{8E2C61D0-0DDE-9AC3-AB7E-8EE3B4EE09D4}.Debug (with DLLs).ActiveCfg = Debug (with DLLs)|Win32
		{8E2C61D0-0DDE-9AC3-AB7E-8EE3B4EE09D4}.Debug (with DLLs).Build.0 = Debug (with DLLs)|Win32
    		{26CDBAC0-9A46-F31F-B6F7-A729CF22B97D}.Release (with static libs).ActiveCfg = Release (with static libs)|Win32
		{26CDBAC0-9A46-F31F-B6F7-A729CF22B97D}.Release (with static libs).Build.0 = Release (with static libs)|Win32
  		{26CDBAC0-9A46-F31F-B6F7-A729CF22B97D}.Release (with DLLs).ActiveCfg = Release (with DLLs)|Win32
		{26CDBAC0-9A46-F31F-B6F7-A729CF22B97D}.Release (with DLLs).Build.0 = Release (with DLLs)|Win32
    		{26CDBAC0-9A46-F31F-B6F7-A729CF22B97D}.Debug (with static libs).ActiveCfg = Debug (with static libs)|Win32
		{26CDBAC0-9A46-F31F-B6F7-A729CF22B97D}.Debug (with static libs).Build.0 = Debug (with static libs)|Win32
  		{26CDBAC0-9A46-F31F-B6F7-A729CF22B97D}.Debug (with DLLs).ActiveCfg = Debug (with DLLs)|Win32
		{26CDBAC0-9A46-F31F-B6F7-A729CF22B97D}.Debug (with DLLs).Build.0 = Debug (with DLLs)|Win32
    		{10B1A9B3-DB3C-98CB-62C9-DB10F9F43396}.Release (with static libs).ActiveCfg = Release (with static libs)|Win32
		{10B1A9B3-DB3C-98CB-62C9-DB10F9F43396}.Release (with static libs).Build.0 = Release (with static libs)|Win32
  		{10B1A9B3-DB3C-98CB-62C9-DB10F9F43396}.Release (with DLLs).ActiveCfg = Release (with DLLs)|Win32
		{10B1A9B3-DB3C-98CB-62C9-DB10F9F43396}.Release (with DLLs).Build.0 = Release (with DLLs)|Win32
    		{10B1A9B3-DB3C-98CB-62C9-DB10F9F43396}.Debug (with static libs).ActiveCfg = Debug (with static libs)|Win32
		{10B1A9B3-DB3C-98CB-62C9-DB10F9F43396}.Debug (with static libs).Build.0 = Debug (with static libs)|Win32
  		{10B1A9B3-DB3C-98CB-62C9-DB10F9F43396}.Debug (with DLLs).ActiveCfg = Debug (with DLLs)|Win32
		{10B1A9B3-DB3C-98CB-62C9-DB10F9F43396}.Debug (with DLLs).Build.0 = Debug (with DLLs)|Win32
    		{0E134A9B-0448-2CD4-954B-9F3ECBD81534}.Release (with static libs).ActiveCfg = Release (with static libs)|Win32
		{0E134A9B-0448-2CD4-954B-9F3ECBD81534}.Release (with static libs).Build.0 = Release (with static libs)|Win32
  		{0E134A9B-0448-2CD4-954B-9F3ECBD81534}.Release (with DLLs).ActiveCfg = Release (with DLLs)|Win32
		{0E134A9B-0448-2CD4-954B-9F3ECBD81534}.Release (with DLLs).Build.0 = Release (with DLLs)|Win32
    		{0E134A9B-0448-2CD4-954B-9F3ECBD81534}.Debug (with static libs).ActiveCfg = Debug (with static libs)|Win32
		{0E134A9B-0448-2CD4-954B-9F3ECBD81534}.Debug (with static libs).Build.0 = Debug (with static libs)|Win32
  		{0E134A9B-0448-2CD4-954B-9F3ECBD81534}.Debug (with DLLs).ActiveCfg = Debug (with DLLs)|Win32
		{0E134A9B-0448-2CD4-954B-9F3ECBD81534}.Debug (with DLLs).Build.0 = Debug (with DLLs)|Win32
    		{F523A3D9-0D90-E985-CA29-10E441393BAE}.Release (with static libs).ActiveCfg = Release (with static libs)|Win32
		{F523A3D9-0D90-E985-CA29-10E441393BAE}.Release (with static libs).Build.0 = Release (with static libs)|Win32
  		{F523A3D9-0D90-E985-CA29-10E441393BAE}.Release (with DLLs).ActiveCfg = Release (with DLLs)|Win32
		{F523A3D9-0D90-E985-CA29-10E441393BAE}.Release (with DLLs).Build.0 = Release (with DLLs)|Win32
    		{F523A3D9-0D90-E985-CA29-10E441393BAE}.Debug (with static libs).ActiveCfg = Debug (with static libs)|Win32
		{F523A3D9-0D90-E985-CA29-10E441393BAE}.Debug (with static libs).Build.0 = Debug (with static libs)|Win32
  		{F523A3D9-0D90-E985-CA29-10E441393BAE}.Debug (with DLLs).ActiveCfg = Debug (with DLLs)|Win32
		{F523A3D9-0D90-E985-CA29-10E441393BAE}.Debug (with DLLs).Build.0 = Debug (with DLLs)|Win32
    		{73CFB4EB-077E-9A27-E4D4-145EA219E262}.Release (with static libs).ActiveCfg = Release (with static libs)|Win32
		{73CFB4EB-077E-9A27-E4D4-145EA219E262}.Release (with static libs).Build.0 = Release (with static libs)|Win32
  		{73CFB4EB-077E-9A27-E4D4-145EA219E262}.Release (with DLLs).ActiveCfg = Release (with DLLs)|Win32
		{73CFB4EB-077E-9A27-E4D4-145EA219E262}.Release (with DLLs).Build.0 = Release (with DLLs)|Win32
    		{73CFB4EB-077E-9A27-E4D4-145EA219E262}.Debug (with static libs).ActiveCfg = Debug (with static libs)|Win32
		{73CFB4EB-077E-9A27-E4D4-145EA219E262}.Debug (with static libs).Build.0 = Debug (with static libs)|Win32
  		{73CFB4EB-077E-9A27-E4D4-145EA219E262}.Debug (with DLLs).ActiveCfg = Debug (with DLLs)|Win32
		{73CFB4EB-077E-9A27-E4D4-145EA219E262}.Debug (with DLLs).Build.0 = Debug (with DLLs)|Win32
    		{98DD5582-CDDE-F076-F9C8-D6603B15A78E}.Release (with static libs).ActiveCfg = Release (with static libs)|Win32
		{98DD5582-CDDE-F076-F9C8-D6603B15A78E}.Release (with static libs).Build.0 = Release (with static libs)|Win32
  		{98DD5582-CDDE-F076-F9C8-D6603B15A78E}.Release (with DLLs).ActiveCfg = Release (with DLLs)|Win32
		{98DD5582-CDDE-F076-F9C8-D6603B15A78E}.Release (with DLLs).Build.0 = Release (with DLLs)|Win32
    		{98DD5582-CDDE-F076-F9C8-D6603B15A78E}.Debug (with static libs).ActiveCfg = Debug (with static libs)|Win32
		{98DD5582-CDDE-F076-F9C8-D6603B15A78E}.Debug (with static libs).Build.0 = Debug (with static libs)|Win32
  		{98DD5582-CDDE-F076-F9C8-D6603B15A78E}.Debug (with DLLs).ActiveCfg = Debug (with DLLs)|Win32
		{98DD5582-CDDE-F076-F9C8-D6603B15A78E}.Debug (with DLLs).Build.0 = Debug (with DLLs)|Win32
    		{47A9A513-F45E-728E-D930-72B622AE538C}.Release (with static libs).ActiveCfg = Release (with static libs)|Win32
		{47A9A513-F45E-728E-D930-72B622AE538C}.Release (with static libs).Build.0 = Release (with static libs)|Win32
  		{47A9A513-F45E-728E-D930-72B622AE538C}.Release (with DLLs).ActiveCfg = Release (with DLLs)|Win32
		{47A9A513-F45E-728E-D930-72B622AE538C}.Release (with DLLs).Build.0 = Release (with DLLs)|Win32
    		{47A9A513-F45E-728E-D930-72B622AE538C}.Debug (with static libs).ActiveCfg = Debug (with static libs)|Win32
		{47A9A513-F45E-728E-D930-72B622AE538C}.Debug (with static libs).Build.0 = Debug (with static libs)|Win32
  		{47A9A513-F45E-728E-D930-72B622AE538C}.Debug (with DLLs).ActiveCfg = Debug (with DLLs)|Win32
		{47A9A513-F45E-728E-D930-72B622AE538C}.Debug (with DLLs).Build.0 = Debug (with DLLs)|Win32
    		{5281C5BB-2394-E384-DEDF-73F9F661705D}.Release (with static libs).ActiveCfg = Release (with static libs)|Win32
		{5281C5BB-2394-E384-DEDF-73F9F661705D}.Release (with static libs).Build.0 = Release (with static libs)|Win32
  		{5281C5BB-2394-E384-DEDF-73F9F661705D}.Release (with DLLs).ActiveCfg = Release (with DLLs)|Win32
		{5281C5BB-2394-E384-DEDF-73F9F661705D}.Release (with DLLs).Build.0 = Release (with DLLs)|Win32
    		{5281C5BB-2394-E384-DEDF-73F9F661705D}.Debug (with static libs).ActiveCfg = Debug (with static libs)|Win32
		{5281C5BB-2394-E384-DEDF-73F9F661705D}.Debug (with static libs).Build.0 = Debug (with static libs)|Win32
  		{5281C5BB-2394-E384-DEDF-73F9F661705D}.Debug (with DLLs).ActiveCfg = Debug (with DLLs)|Win32
		{5281C5BB-2394-E384-DEDF-73F9F661705D}.Debug (with DLLs).Build.0 = Debug (with DLLs)|Win32
    		{CB5A4EF1-E092-959D-EFD1-E0442F3119F1}.Release (with static libs).ActiveCfg = Release (with static libs)|Win32
		{CB5A4EF1-E092-959D-EFD1-E0442F3119F1}.Release (with static libs).Build.0 = Release (with static libs)|Win32
  		{CB5A4EF1-E092-959D-EFD1-E0442F3119F1}.Release (with DLLs).ActiveCfg = Release (with DLLs)|Win32
		{CB5A4EF1-E092-959D-EFD1-E0442F3119F1}.Release (with DLLs).Build.0 = Release (with DLLs)|Win32
    		{CB5A4EF1-E092-959D-EFD1-E0442F3119F1}.Debug (with static libs).ActiveCfg = Debug (with static libs)|Win32
		{CB5A4EF1-E092-959D-EFD1-E0442F3119F1}.Debug (with static libs).Build.0 = Debug (with static libs)|Win32
  		{CB5A4EF1-E092-959D-EFD1-E0442F3119F1}.Debug (with DLLs).ActiveCfg = Debug (with DLLs)|Win32
		{CB5A4EF1-E092-959D-EFD1-E0442F3119F1}.Debug (with DLLs).Build.0 = Debug (with DLLs)|Win32
    		{4F4A2447-5243-2EF5-BE00-701BB9473BA1}.Release (with static libs).ActiveCfg = Release (with static libs)|Win32
		{4F4A2447-5243-2EF5-BE00-701BB9473BA1}.Release (with static libs).Build.0 = Release (with static libs)|Win32
  		{4F4A2447-5243-2EF5-BE00-701BB9473BA1}.Release (with DLLs).ActiveCfg = Release (with DLLs)|Win32
		{4F4A2447-5243-2EF5-BE00-701BB9473BA1}.Release (with DLLs).Build.0 = Release (with DLLs)|Win32
    		{4F4A2447-5243-2EF5-BE00-701BB9473BA1}.Debug (with static libs).ActiveCfg = Debug (with static libs)|Win32
		{4F4A2447-5243-2EF5-BE00-701BB9473BA1}.Debug (with static libs).Build.0 = Debug (with static libs)|Win32
  		{4F4A2447-5243-2EF5-BE00-701BB9473BA1}.Debug (with DLLs).ActiveCfg = Debug (with DLLs)|Win32
		{4F4A2447-5243-2EF5-BE00-701BB9473BA1}.Debug (with DLLs).Build.0 = Debug (with DLLs)|Win32
    		{23D61ADF-182D-DD0F-43F2-2E474EE1FB00}.Release (with static libs).ActiveCfg = Release (with static libs)|Win32
		{23D61ADF-182D-DD0F-43F2-2E474EE1FB00}.Release (with static libs).Build.0 = Release (with static libs)|Win32
  		{23D61ADF-182D-DD0F-43F2-2E474EE1FB00}.Release (with DLLs).ActiveCfg = Release (with DLLs)|Win32
		{23D61ADF-182D-DD0F-43F2-2E474EE1FB00}.Release (with DLLs).Build.0 = Release (with DLLs)|Win32
    		{23D61ADF-182D-DD0F-43F2-2E474EE1FB00}.Debug (with static libs).ActiveCfg = Debug (with static libs)|Win32
		{23D61ADF-182D-DD0F-43F2-2E474EE1FB00}.Debug (with static libs).Build.0 = Debug (with static libs)|Win32
  		{23D61ADF-182D-DD0F-43F2-2E474EE1FB00}.Debug (with DLLs).ActiveCfg = Debug (with DLLs)|Win32
		{23D61ADF-182D-DD0F-43F2-2E474EE1FB00}.Debug (with DLLs).Build.0 = Debug (with DLLs)|Win32
    		{89822485-8A94-469B-7CA5-A2839C03D271}.Release (with static libs).ActiveCfg = Release (with static libs)|Win32
		{89822485-8A94-469B-7CA5-A2839C03D271}.Release (with static libs).Build.0 = Release (with static libs)|Win32
  		{89822485-8A94-469B-7CA5-A2839C03D271}.Release (with DLLs).ActiveCfg = Release (with DLLs)|Win32
		{89822485-8A94-469B-7CA5-A2839C03D271}.Release (with DLLs).Build.0 = Release (with DLLs)|Win32
    		{89822485-8A94-469B-7CA5-A2839C03D271}.Debug (with static libs).ActiveCfg = Debug (with static libs)|Win32
		{89822485-8A94-469B-7CA5-A2839C03D271}.Debug (with static libs).Build.0 = Debug (with static libs)|Win32
  		{89822485-8A94-469B-7CA5-A2839C03D271}.Debug (with DLLs).ActiveCfg = Debug (with DLLs)|Win32
		{89822485-8A94-469B-7CA5-A2839C03D271}.Debug (with DLLs).Build.0 = Debug (with DLLs)|Win32
    		{7577CC57-FF93-6E33-EC99-846E898BED29}.Release (with static libs).ActiveCfg = Release (with static libs)|Win32
		{7577CC57-FF93-6E33-EC99-846E898BED29}.Release (with static libs).Build.0 = Release (with static libs)|Win32
  		{7577CC57-FF93-6E33-EC99-846E898BED29}.Release (with DLLs).ActiveCfg = Release (with DLLs)|Win32
		{7577CC57-FF93-6E33-EC99-846E898BED29}.Release (with DLLs).Build.0 = Release (with DLLs)|Win32
    		{7577CC57-FF93-6E33-EC99-846E898BED29}.Debug (with static libs).ActiveCfg = Debug (with static libs)|Win32
		{7577CC57-FF93-6E33-EC99-846E898BED29}.Debug (with static libs).Build.0 = Debug (with static libs)|Win32
  		{7577CC57-FF93-6E33-EC99-846E898BED29}.Debug (with DLLs).ActiveCfg = Debug (with DLLs)|Win32
		{7577CC57-FF93-6E33-EC99-846E898BED29}.Debug (with DLLs).Build.0 = Debug (with DLLs)|Win32
    		{754F06CF-F576-93C5-BE95-3EC4998D9E20}.Release (with static libs).ActiveCfg = Release (with static libs)|Win32
		{754F06CF-F576-93C5-BE95-3EC4998D9E20}.Release (with static libs).Build.0 = Release (with static libs)|Win32
  		{754F06CF-F576-93C5-BE95-3EC4998D9E20}.Release (with DLLs).ActiveCfg = Release (with DLLs)|Win32
		{754F06CF-F576-93C5-BE95-3EC4998D9E20}.Release (with DLLs).Build.0 = Release (with DLLs)|Win32
    		{754F06CF-F576-93C5-BE95-3EC4998D9E20}.Debug (with static libs).ActiveCfg = Debug (with static libs)|Win32
		{754F06CF-F576-93C5-BE95-3EC4998D9E20}.Debug (with static libs).Build.0 = Debug (with static libs)|Win32
  		{754F06CF-F576-93C5-BE95-3EC4998D9E20}.Debug (with DLLs).ActiveCfg = Debug (with DLLs)|Win32
		{754F06CF-F576-93C5-BE95-3EC4998D9E20}.Debug (with DLLs).Build.0 = Debug (with DLLs)|Win32
    		{E167BD33-4E68-2BB7-C568-09FC289A2E9A}.Release (with static libs).ActiveCfg = Release (with static libs)|Win32
		{E167BD33-4E68-2BB7-C568-09FC289A2E9A}.Release (with static libs).Build.0 = Release (with static libs)|Win32
  		{E167BD33-4E68-2BB7-C568-09FC289A2E9A}.Release (with DLLs).ActiveCfg = Release (with DLLs)|Win32
		{E167BD33-4E68-2BB7-C568-09FC289A2E9A}.Release (with DLLs).Build.0 = Release (with DLLs)|Win32
    		{E167BD33-4E68-2BB7-C568-09FC289A2E9A}.Debug (with static libs).ActiveCfg = Debug (with static libs)|Win32
		{E167BD33-4E68-2BB7-C568-09FC289A2E9A}.Debug (with static libs).Build.0 = Debug (with static libs)|Win32
  		{E167BD33-4E68-2BB7-C568-09FC289A2E9A}.Debug (with DLLs).ActiveCfg = Debug (with DLLs)|Win32
		{E167BD33-4E68-2BB7-C568-09FC289A2E9A}.Debug (with DLLs).Build.0 = Debug (with DLLs)|Win32
    		{6AE42D83-4035-6C15-089B-D65BCF171A11}.Release (with static libs).ActiveCfg = Release (with static libs)|Win32
		{6AE42D83-4035-6C15-089B-D65BCF171A11}.Release (with static libs).Build.0 = Release (with static libs)|Win32
  		{6AE42D83-4035-6C15-089B-D65BCF171A11}.Release (with DLLs).ActiveCfg = Release (with DLLs)|Win32
		{6AE42D83-4035-6C15-089B-D65BCF171A11}.Release (with DLLs).Build.0 = Release (with DLLs)|Win32
    		{6AE42D83-4035-6C15-089B-D65BCF171A11}.Debug (with static libs).ActiveCfg = Debug (with static libs)|Win32
		{6AE42D83-4035-6C15-089B-D65BCF171A11}.Debug (with static libs).Build.0 = Debug (with static libs)|Win32
  		{6AE42D83-4035-6C15-089B-D65BCF171A11}.Debug (with DLLs).ActiveCfg = Debug (with DLLs)|Win32
		{6AE42D83-4035-6C15-089B-D65BCF171A11}.Debug (with DLLs).Build.0 = Debug (with DLLs)|Win32
    		{D7782591-5481-74E6-62CC-265E30D63A91}.Release (with static libs).ActiveCfg = Release (with static libs)|Win32
		{D7782591-5481-74E6-62CC-265E30D63A91}.Release (with static libs).Build.0 = Release (with static libs)|Win32
  		{D7782591-5481-74E6-62CC-265E30D63A91}.Release (with DLLs).ActiveCfg = Release (with DLLs)|Win32
		{D7782591-5481-74E6-62CC-265E30D63A91}.Release (with DLLs).Build.0 = Release (with DLLs)|Win32
    		{D7782591-5481-74E6-62CC-265E30D63A91}.Debug (with static libs).ActiveCfg = Debug (with static libs)|Win32
		{D7782591-5481-74E6-62CC-265E30D63A91}.Debug (with static libs).Build.0 = Debug (with static libs)|Win32
  		{D7782591-5481-74E6-62CC-265E30D63A91}.Debug (with DLLs).ActiveCfg = Debug (with DLLs)|Win32
		{D7782591-5481-74E6-62CC-265E30D63A91}.Debug (with DLLs).Build.0 = Debug (with DLLs)|Win32
    		{097814E8-8395-28B7-6CCF-374BA0D10503}.Release (with static libs).ActiveCfg = Release (with static libs)|Win32
		{097814E8-8395-28B7-6CCF-374BA0D10503}.Release (with static libs).Build.0 = Release (with static libs)|Win32
  		{097814E8-8395-28B7-6CCF-374BA0D10503}.Release (with DLLs).ActiveCfg = Release (with DLLs)|Win32
		{097814E8-8395-28B7-6CCF-374BA0D10503}.Release (with DLLs).Build.0 = Release (with DLLs)|Win32
    		{097814E8-8395-28B7-6CCF-374BA0D10503}.Debug (with static libs).ActiveCfg = Debug (with static libs)|Win32
		{097814E8-8395-28B7-6CCF-374BA0D10503}.Debug (with static libs).Build.0 = Debug (with static libs)|Win32
  		{097814E8-8395-28B7-6CCF-374BA0D10503}.Debug (with DLLs).ActiveCfg = Debug (with DLLs)|Win32
		{097814E8-8395-28B7-6CCF-374BA0D10503}.Debug (with DLLs).Build.0 = Debug (with DLLs)|Win32
    		{4AA16ABE-76D3-AB92-ED64-43A057F4E5D0}.Release (with static libs).ActiveCfg = Release (with static libs)|Win32
		{4AA16ABE-76D3-AB92-ED64-43A057F4E5D0}.Release (with static libs).Build.0 = Release (with static libs)|Win32
  		{4AA16ABE-76D3-AB92-ED64-43A057F4E5D0}.Release (with DLLs).ActiveCfg = Release (with DLLs)|Win32
		{4AA16ABE-76D3-AB92-ED64-43A057F4E5D0}.Release (with DLLs).Build.0 = Release (with DLLs)|Win32
    		{4AA16ABE-76D3-AB92-ED64-43A057F4E5D0}.Debug (with static libs).ActiveCfg = Debug (with static libs)|Win32
		{4AA16ABE-76D3-AB92-ED64-43A057F4E5D0}.Debug (with static libs).Build.0 = Debug (with static libs)|Win32
  		{4AA16ABE-76D3-AB92-ED64-43A057F4E5D0}.Debug (with DLLs).ActiveCfg = Debug (with DLLs)|Win32
		{4AA16ABE-76D3-AB92-ED64-43A057F4E5D0}.Debug (with DLLs).Build.0 = Debug (with DLLs)|Win32
    		{E4F5830C-8CAF-CBC0-C5E5-B189CECF556A}.Release (with static libs).ActiveCfg = Release (with static libs)|Win32
		{E4F5830C-8CAF-CBC0-C5E5-B189CECF556A}.Release (with static libs).Build.0 = Release (with static libs)|Win32
  		{E4F5830C-8CAF-CBC0-C5E5-B189CECF556A}.Release (with DLLs).ActiveCfg = Release (with DLLs)|Win32
		{E4F5830C-8CAF-CBC0-C5E5-B189CECF556A}.Release (with DLLs).Build.0 = Release (with DLLs)|Win32
    		{E4F5830C-8CAF-CBC0-C5E5-B189CECF556A}.Debug (with static libs).ActiveCfg = Debug (with static libs)|Win32
		{E4F5830C-8CAF-CBC0-C5E5-B189CECF556A}.Debug (with static libs).Build.0 = Debug (with static libs)|Win32
  		{E4F5830C-8CAF-CBC0-C5E5-B189CECF556A}.Debug (with DLLs).ActiveCfg = Debug (with DLLs)|Win32
		{E4F5830C-8CAF-CBC0-C5E5-B189CECF556A}.Debug (with DLLs).Build.0 = Debug (with DLLs)|Win32
    		{F50BC0A1-DB47-BA5A-5C9A-A12E1C81241D}.Release (with static libs).ActiveCfg = Release (with static libs)|Win32
		{F50BC0A1-DB47-BA5A-5C9A-A12E1C81241D}.Release (with static libs).Build.0 = Release (with static libs)|Win32
  		{F50BC0A1-DB47-BA5A-5C9A-A12E1C81241D}.Release (with DLLs).ActiveCfg = Release (with DLLs)|Win32
		{F50BC0A1-DB47-BA5A-5C9A-A12E1C81241D}.Release (with DLLs).Build.0 = Release (with DLLs)|Win32
    		{F50BC0A1-DB47-BA5A-5C9A-A12E1C81241D}.Debug (with static libs).ActiveCfg = Debug (with static libs)|Win32
		{F50BC0A1-DB47-BA5A-5C9A-A12E1C81241D}.Debug (with static libs).Build.0 = Debug (with static libs)|Win32
  		{F50BC0A1-DB47-BA5A-5C9A-A12E1C81241D}.Debug (with DLLs).ActiveCfg = Debug (with DLLs)|Win32
		{F50BC0A1-DB47-BA5A-5C9A-A12E1C81241D}.Debug (with DLLs).Build.0 = Debug (with DLLs)|Win32
    		{3AB21594-2130-A5AE-9E11-272637C9F9B6}.Release (with static libs).ActiveCfg = Release (with static libs)|Win32
		{3AB21594-2130-A5AE-9E11-272637C9F9B6}.Release (with static libs).Build.0 = Release (with static libs)|Win32
  		{3AB21594-2130-A5AE-9E11-272637C9F9B6}.Release (with DLLs).ActiveCfg = Release (with DLLs)|Win32
		{3AB21594-2130-A5AE-9E11-272637C9F9B6}.Release (with DLLs).Build.0 = Release (with DLLs)|Win32
    		{3AB21594-2130-A5AE-9E11-272637C9F9B6}.Debug (with static libs).ActiveCfg = Debug (with static libs)|Win32
		{3AB21594-2130-A5AE-9E11-272637C9F9B6}.Debug (with static libs).Build.0 = Debug (with static libs)|Win32
  		{3AB21594-2130-A5AE-9E11-272637C9F9B6}.Debug (with DLLs).ActiveCfg = Debug (with DLLs)|Win32
		{3AB21594-2130-A5AE-9E11-272637C9F9B6}.Debug (with DLLs).Build.0 = Debug (with DLLs)|Win32
    		{D3852DD2-8840-44C9-AA7A-469FA8445DF3}.Release (with static libs).ActiveCfg = Release (with static libs)|Win32
		{D3852DD2-8840-44C9-AA7A-469FA8445DF3}.Release (with static libs).Build.0 = Release (with static libs)|Win32
  		{D3852DD2-8840-44C9-AA7A-469FA8445DF3}.Release (with DLLs).ActiveCfg = Release (with DLLs)|Win32
		{D3852DD2-8840-44C9-AA7A-469FA8445DF3}.Release (with DLLs).Build.0 = Release (with DLLs)|Win32
    		{D3852DD2-8840-44C9-AA7A-469FA8445DF3}.Debug (with static libs).ActiveCfg = Debug (with static libs)|Win32
		{D3852DD2-8840-44C9-AA7A-469FA8445DF3}.Debug (with static libs).Build.0 = Debug (with static libs)|Win32
  		{D3852DD2-8840-44C9-AA7A-469FA8445DF3}.Debug (with DLLs).ActiveCfg = Debug (with DLLs)|Win32
		{D3852DD2-8840-44C9-AA7A-469FA8445DF3}.Debug (with DLLs).Build.0 = Debug (with DLLs)|Win32
    		{967105F5-9828-18D8-0AB3-AB33A96DF792}.Release (with static libs).ActiveCfg = Release (with static libs)|Win32
		{967105F5-9828-18D8-0AB3-AB33A96DF792}.Release (with static libs).Build.0 = Release (with static libs)|Win32
  		{967105F5-9828-18D8-0AB3-AB33A96DF792}.Release (with DLLs).ActiveCfg = Release (with DLLs)|Win32
		{967105F5-9828-18D8-0AB3-AB33A96DF792}.Release (with DLLs).Build.0 = Release (with DLLs)|Win32
    		{967105F5-9828-18D8-0AB3-AB33A96DF792}.Debug (with static libs).ActiveCfg = Debug (with static libs)|Win32
		{967105F5-9828-18D8-0AB3-AB33A96DF792}.Debug (with static libs).Build.0 = Debug (with static libs)|Win32
  		{967105F5-9828-18D8-0AB3-AB33A96DF792}.Debug (with DLLs).ActiveCfg = Debug (with DLLs)|Win32
		{967105F5-9828-18D8-0AB3-AB33A96DF792}.Debug (with DLLs).Build.0 = Debug (with DLLs)|Win32
    		{E91FEE10-2BA4-53FC-07FA-0A5B3649595F}.Release (with static libs).ActiveCfg = Release (with static libs)|Win32
		{E91FEE10-2BA4-53FC-07FA-0A5B3649595F}.Release (with static libs).Build.0 = Release (with static libs)|Win32
  		{E91FEE10-2BA4-53FC-07FA-0A5B3649595F}.Release (with DLLs).ActiveCfg = Release (with DLLs)|Win32
		{E91FEE10-2BA4-53FC-07FA-0A5B3649595F}.Release (with DLLs).Build.0 = Release (with DLLs)|Win32
    		{E91FEE10-2BA4-53FC-07FA-0A5B3649595F}.Debug (with static libs).ActiveCfg = Debug (with static libs)|Win32
		{E91FEE10-2BA4-53FC-07FA-0A5B3649595F}.Debug (with static libs).Build.0 = Debug (with static libs)|Win32
  		{E91FEE10-2BA4-53FC-07FA-0A5B3649595F}.Debug (with DLLs).ActiveCfg = Debug (with DLLs)|Win32
		{E91FEE10-2BA4-53FC-07FA-0A5B3649595F}.Debug (with DLLs).Build.0 = Debug (with DLLs)|Win32
    		{7453777E-C823-EFB7-31C1-FDF756EBAEBC}.Release (with static libs).ActiveCfg = Release (with static libs)|Win32
		{7453777E-C823-EFB7-31C1-FDF756EBAEBC}.Release (with static libs).Build.0 = Release (with static libs)|Win32
  		{7453777E-C823-EFB7-31C1-FDF756EBAEBC}.Release (with DLLs).ActiveCfg = Release (with DLLs)|Win32
		{7453777E-C823-EFB7-31C1-FDF756EBAEBC}.Release (with DLLs).Build.0 = Release (with DLLs)|Win32
    		{7453777E-C823-EFB7-31C1-FDF756EBAEBC}.Debug (with static libs).ActiveCfg = Debug (with static libs)|Win32
		{7453777E-C823-EFB7-31C1-FDF756EBAEBC}.Debug (with static libs).Build.0 = Debug (with static libs)|Win32
  		{7453777E-C823-EFB7-31C1-FDF756EBAEBC}.Debug (with DLLs).ActiveCfg = Debug (with DLLs)|Win32
		{7453777E-C823-EFB7-31C1-FDF756EBAEBC}.Debug (with DLLs).Build.0 = Debug (with DLLs)|Win32
    		{6452026D-0C54-4DCD-DA11-047FAC2224D7}.Release (with static libs).ActiveCfg = Release (with static libs)|Win32
		{6452026D-0C54-4DCD-DA11-047FAC2224D7}.Release (with static libs).Build.0 = Release (with static libs)|Win32
  		{6452026D-0C54-4DCD-DA11-047FAC2224D7}.Release (with DLLs).ActiveCfg = Release (with DLLs)|Win32
		{6452026D-0C54-4DCD-DA11-047FAC2224D7}.Release (with DLLs).Build.0 = Release (with DLLs)|Win32
    		{6452026D-0C54-4DCD-DA11-047FAC2224D7}.Debug (with static libs).ActiveCfg = Debug (with static libs)|Win32
		{6452026D-0C54-4DCD-DA11-047FAC2224D7}.Debug (with static libs).Build.0 = Debug (with static libs)|Win32
  		{6452026D-0C54-4DCD-DA11-047FAC2224D7}.Debug (with DLLs).ActiveCfg = Debug (with DLLs)|Win32
		{6452026D-0C54-4DCD-DA11-047FAC2224D7}.Debug (with DLLs).Build.0 = Debug (with DLLs)|Win32
    		{058AAD6E-A940-FA17-F583-B3676E4DAC6C}.Release (with static libs).ActiveCfg = Release (with static libs)|Win32
		{058AAD6E-A940-FA17-F583-B3676E4DAC6C}.Release (with static libs).Build.0 = Release (with static libs)|Win32
  		{058AAD6E-A940-FA17-F583-B3676E4DAC6C}.Release (with DLLs).ActiveCfg = Release (with DLLs)|Win32
		{058AAD6E-A940-FA17-F583-B3676E4DAC6C}.Release (with DLLs).Build.0 = Release (with DLLs)|Win32
    		{058AAD6E-A940-FA17-F583-B3676E4DAC6C}.Debug (with static libs).ActiveCfg = Debug (with static libs)|Win32
		{058AAD6E-A940-FA17-F583-B3676E4DAC6C}.Debug (with static libs).Build.0 = Debug (with static libs)|Win32
  		{058AAD6E-A940-FA17-F583-B3676E4DAC6C}.Debug (with DLLs).ActiveCfg = Debug (with DLLs)|Win32
		{058AAD6E-A940-FA17-F583-B3676E4DAC6C}.Debug (with DLLs).Build.0 = Debug (with DLLs)|Win32
    		{83E8AB22-CED2-2646-3A5A-73EA46D8959F}.Release (with static libs).ActiveCfg = Release (with static libs)|Win32
		{83E8AB22-CED2-2646-3A5A-73EA46D8959F}.Release (with static libs).Build.0 = Release (with static libs)|Win32
  		{83E8AB22-CED2-2646-3A5A-73EA46D8959F}.Release (with DLLs).ActiveCfg = Release (with DLLs)|Win32
		{83E8AB22-CED2-2646-3A5A-73EA46D8959F}.Release (with DLLs).Build.0 = Release (with DLLs)|Win32
    		{83E8AB22-CED2-2646-3A5A-73EA46D8959F}.Debug (with static libs).ActiveCfg = Debug (with static libs)|Win32
		{83E8AB22-CED2-2646-3A5A-73EA46D8959F}.Debug (with static libs).Build.0 = Debug (with static libs)|Win32
  		{83E8AB22-CED2-2646-3A5A-73EA46D8959F}.Debug (with DLLs).ActiveCfg = Debug (with DLLs)|Win32
		{83E8AB22-CED2-2646-3A5A-73EA46D8959F}.Debug (with DLLs).Build.0 = Debug (with DLLs)|Win32
    		{7819CFB4-1D16-C2CA-3B58-319C41E552DF}.Release (with static libs).ActiveCfg = Release (with static libs)|Win32
		{7819CFB4-1D16-C2CA-3B58-319C41E552DF}.Release (with static libs).Build.0 = Release (with static libs)|Win32
  		{7819CFB4-1D16-C2CA-3B58-319C41E552DF}.Release (with DLLs).ActiveCfg = Release (with DLLs)|Win32
		{7819CFB4-1D16-C2CA-3B58-319C41E552DF}.Release (with DLLs).Build.0 = Release (with DLLs)|Win32
    		{7819CFB4-1D16-C2CA-3B58-319C41E552DF}.Debug (with static libs).ActiveCfg = Debug (with static libs)|Win32
		{7819CFB4-1D16-C2CA-3B58-319C41E552DF}.Debug (with static libs).Build.0 = Debug (with static libs)|Win32
  		{7819CFB4-1D16-C2CA-3B58-319C41E552DF}.Debug (with DLLs).ActiveCfg = Debug (with DLLs)|Win32
		{7819CFB4-1D16-C2CA-3B58-319C41E552DF}.Debug (with DLLs).Build.0 = Debug (with DLLs)|Win32
    		{99CE9F68-96D7-1FAF-65BF-DEEF6E5085B8}.Release (with static libs).ActiveCfg = Release (with static libs)|Win32
		{99CE9F68-96D7-1FAF-65BF-DEEF6E5085B8}.Release (with static libs).Build.0 = Release (with static libs)|Win32
  		{99CE9F68-96D7-1FAF-65BF-DEEF6E5085B8}.Release (with DLLs).ActiveCfg = Release (with DLLs)|Win32
		{99CE9F68-96D7-1FAF-65BF-DEEF6E5085B8}.Release (with DLLs).Build.0 = Release (with DLLs)|Win32
    		{99CE9F68-96D7-1FAF-65BF-DEEF6E5085B8}.Debug (with static libs).ActiveCfg = Debug (with static libs)|Win32
		{99CE9F68-96D7-1FAF-65BF-DEEF6E5085B8}.Debug (with static libs).Build.0 = Debug (with static libs)|Win32
  		{99CE9F68-96D7-1FAF-65BF-DEEF6E5085B8}.Debug (with DLLs).ActiveCfg = Debug (with DLLs)|Win32
		{99CE9F68-96D7-1FAF-65BF-DEEF6E5085B8}.Debug (with DLLs).Build.0 = Debug (with DLLs)|Win32
    		{9B942FB3-91A0-9E4F-1514-1286B4872502}.Release (with static libs).ActiveCfg = Release (with static libs)|Win32
		{9B942FB3-91A0-9E4F-1514-1286B4872502}.Release (with static libs).Build.0 = Release (with static libs)|Win32
  		{9B942FB3-91A0-9E4F-1514-1286B4872502}.Release (with DLLs).ActiveCfg = Release (with DLLs)|Win32
		{9B942FB3-91A0-9E4F-1514-1286B4872502}.Release (with DLLs).Build.0 = Release (with DLLs)|Win32
    		{9B942FB3-91A0-9E4F-1514-1286B4872502}.Debug (with static libs).ActiveCfg = Debug (with static libs)|Win32
		{9B942FB3-91A0-9E4F-1514-1286B4872502}.Debug (with static libs).Build.0 = Debug (with static libs)|Win32
  		{9B942FB3-91A0-9E4F-1514-1286B4872502}.Debug (with DLLs).ActiveCfg = Debug (with DLLs)|Win32
		{9B942FB3-91A0-9E4F-1514-1286B4872502}.Debug (with DLLs).Build.0 = Debug (with DLLs)|Win32
    		{E1C134D4-C658-E321-DBBE-7D11200B882E}.Release (with static libs).ActiveCfg = Release (with static libs)|Win32
		{E1C134D4-C658-E321-DBBE-7D11200B882E}.Release (with static libs).Build.0 = Release (with static libs)|Win32
  		{E1C134D4-C658-E321-DBBE-7D11200B882E}.Release (with DLLs).ActiveCfg = Release (with DLLs)|Win32
		{E1C134D4-C658-E321-DBBE-7D11200B882E}.Release (with DLLs).Build.0 = Release (with DLLs)|Win32
    		{E1C134D4-C658-E321-DBBE-7D11200B882E}.Debug (with static libs).ActiveCfg = Debug (with static libs)|Win32
		{E1C134D4-C658-E321-DBBE-7D11200B882E}.Debug (with static libs).Build.0 = Debug (with static libs)|Win32
  		{E1C134D4-C658-E321-DBBE-7D11200B882E}.Debug (with DLLs).ActiveCfg = Debug (with DLLs)|Win32
		{E1C134D4-C658-E321-DBBE-7D11200B882E}.Debug (with DLLs).Build.0 = Debug (with DLLs)|Win32
    		{66C683AA-084B-50DD-3B04-ED38799342BA}.Release (with static libs).ActiveCfg = Release (with static libs)|Win32
		{66C683AA-084B-50DD-3B04-ED38799342BA}.Release (with static libs).Build.0 = Release (with static libs)|Win32
  		{66C683AA-084B-50DD-3B04-ED38799342BA}.Release (with DLLs).ActiveCfg = Release (with DLLs)|Win32
		{66C683AA-084B-50DD-3B04-ED38799342BA}.Release (with DLLs).Build.0 = Release (with DLLs)|Win32
    		{66C683AA-084B-50DD-3B04-ED38799342BA}.Debug (with static libs).ActiveCfg = Debug (with static libs)|Win32
		{66C683AA-084B-50DD-3B04-ED38799342BA}.Debug (with static libs).Build.0 = Debug (with static libs)|Win32
  		{66C683AA-084B-50DD-3B04-ED38799342BA}.Debug (with DLLs).ActiveCfg = Debug (with DLLs)|Win32
		{66C683AA-084B-50DD-3B04-ED38799342BA}.Debug (with DLLs).Build.0 = Debug (with DLLs)|Win32
    		{274174A0-7101-29E3-D06A-6C0B009A3DDD}.Release (with static libs).ActiveCfg = Release (with static libs)|Win32
		{274174A0-7101-29E3-D06A-6C0B009A3DDD}.Release (with static libs).Build.0 = Release (with static libs)|Win32
  		{274174A0-7101-29E3-D06A-6C0B009A3DDD}.Release (with DLLs).ActiveCfg = Release (with DLLs)|Win32
		{274174A0-7101-29E3-D06A-6C0B009A3DDD}.Release (with DLLs).Build.0 = Release (with DLLs)|Win32
    		{274174A0-7101-29E3-D06A-6C0B009A3DDD}.Debug (with static libs).ActiveCfg = Debug (with static libs)|Win32
		{274174A0-7101-29E3-D06A-6C0B009A3DDD}.Debug (with static libs).Build.0 = Debug (with static libs)|Win32
  		{274174A0-7101-29E3-D06A-6C0B009A3DDD}.Debug (with DLLs).ActiveCfg = Debug (with DLLs)|Win32
		{274174A0-7101-29E3-D06A-6C0B009A3DDD}.Debug (with DLLs).Build.0 = Debug (with DLLs)|Win32
  	EndGlobalSection
	GlobalSection(ExtensibilityGlobals) = postSolution
	EndGlobalSection
	GlobalSection(ExtensibilityAddIns) = postSolution
	EndGlobalSection
EndGlobal
