Microsoft Visual Studio Solution File, Format Version 7.00
Project("{8BC9CEB8-8B4A-11D0-8D11-00A0C91BC942}") = "appbootstrap", "appbootstrap.vcproj", "{FF4C7AD7-84CA-8A2F-7EBF-2B1FA775848F}"
EndProject
Project("{8BC9CEB8-8B4A-11D0-8D11-00A0C91BC942}") = "appceltst", "appceltst.vcproj", "{E7FA7509-300D-FB19-912A-61D2694C9BD0}"
EndProject
Project("{8BC9CEB8-8B4A-11D0-8D11-00A0C91BC942}") = "grpall_cel", "grpall_cel.vcproj", "{36C62D61-808A-D8D0-D561-3EE6C506C350}"
EndProject
Project("{8BC9CEB8-8B4A-11D0-8D11-00A0C91BC942}") = "grpapps_cel", "grpapps_cel.vcproj", "{E2ECEB01-C66F-C40A-F57D-14B5700CED7A}"
EndProject
Project("{8BC9CEB8-8B4A-11D0-8D11-00A0C91BC942}") = "grplibs_cel", "grplibs_cel.vcproj", "{106A7F99-1E5C-1E40-BA5B-83418069F01C}"
EndProject
Project("{8BC9CEB8-8B4A-11D0-8D11-00A0C91BC942}") = "grpplugins_cel", "grpplugins_cel.vcproj", "{866C2A26-400D-A8C9-8F7B-B780A879B604}"
EndProject
Project("{8BC9CEB8-8B4A-11D0-8D11-00A0C91BC942}") = "libaddon_celentity_static", "libaddon_celentity_static.vcproj", "{DCAABB3D-A750-C977-5988-4E0FFC187CEE}"
EndProject
Project("{8BC9CEB8-8B4A-11D0-8D11-00A0C91BC942}") = "libaddon_xmlscripts_static", "libaddon_xmlscripts_static.vcproj", "{A84D3011-BCAB-BE56-A545-A23AD1C90873}"
EndProject
Project("{8BC9CEB8-8B4A-11D0-8D11-00A0C91BC942}") = "libbltest_static", "libbltest_static.vcproj", "{BF224D73-0D8C-757C-4D8C-E213CC42A993}"
EndProject
Project("{8BC9CEB8-8B4A-11D0-8D11-00A0C91BC942}") = "libblxml_static", "libblxml_static.vcproj", "{005CF2CD-C6CC-CB4B-3D97-2AAE5B1A4220}"
EndProject
Project("{8BC9CEB8-8B4A-11D0-8D11-00A0C91BC942}") = "libceltool", "libceltool.vcproj", "{FE8C31C7-8C7C-B982-16AE-C6CA39940D52}"
EndProject
Project("{8BC9CEB8-8B4A-11D0-8D11-00A0C91BC942}") = "libcpersist_static", "libcpersist_static.vcproj", "{7F216975-06B1-6069-E7C3-1D06AD8C315A}"
EndProject
Project("{8BC9CEB8-8B4A-11D0-8D11-00A0C91BC942}") = "libmgr_billboard_static", "libmgr_billboard_static.vcproj", "{984886D6-F69D-8237-FB07-8BE1E8724719}"
EndProject
Project("{8BC9CEB8-8B4A-11D0-8D11-00A0C91BC942}") = "libmgr_quests_static", "libmgr_quests_static.vcproj", "{BC907528-6EBE-0E44-16B0-D0B0EFABF38D}"
EndProject
Project("{8BC9CEB8-8B4A-11D0-8D11-00A0C91BC942}") = "libpfactormove_static", "libpfactormove_static.vcproj", "{4656B9FB-AB02-C863-190E-DDBE9ACDE8A8}"
EndProject
Project("{8BC9CEB8-8B4A-11D0-8D11-00A0C91BC942}") = "libpfbillboard_static", "libpfbillboard_static.vcproj", "{09483AB8-546F-5C5E-197A-8C7C1785DA86}"
EndProject
Project("{8BC9CEB8-8B4A-11D0-8D11-00A0C91BC942}") = "libpfdynmove_static", "libpfdynmove_static.vcproj", "{F6ADAED3-9494-99D5-6EF2-994B70A3CBFA}"
EndProject
Project("{8BC9CEB8-8B4A-11D0-8D11-00A0C91BC942}") = "libpfengine_static", "libpfengine_static.vcproj", "{EE37BB2B-1568-588D-BB35-D3E09D8902ED}"
EndProject
Project("{8BC9CEB8-8B4A-11D0-8D11-00A0C91BC942}") = "libpfinput_static", "libpfinput_static.vcproj", "{A1800D44-66C3-CC90-CF25-AC85903ACB04}"
EndProject
Project("{8BC9CEB8-8B4A-11D0-8D11-00A0C91BC942}") = "libpfinv_static", "libpfinv_static.vcproj", "{B942DDA9-435C-1B6E-C33C-64EDC8427E56}"
EndProject
Project("{8BC9CEB8-8B4A-11D0-8D11-00A0C91BC942}") = "libpfmesh_static", "libpfmesh_static.vcproj", "{171EC933-C0B0-2CED-42A0-40F777608FD6}"
EndProject
Project("{8BC9CEB8-8B4A-11D0-8D11-00A0C91BC942}") = "libpfmove_static", "libpfmove_static.vcproj", "{8A97678D-3179-7C97-A224-A292398E055D}"
EndProject
Project("{8BC9CEB8-8B4A-11D0-8D11-00A0C91BC942}") = "libpfmover_static", "libpfmover_static.vcproj", "{5E92CFA6-9B66-6695-0E68-9F46F2A5B949}"
EndProject
Project("{8BC9CEB8-8B4A-11D0-8D11-00A0C91BC942}") = "libpfquest_static", "libpfquest_static.vcproj", "{624431C3-5D98-6102-BB10-8DFEE5DA0BCF}"
EndProject
Project("{8BC9CEB8-8B4A-11D0-8D11-00A0C91BC942}") = "libpftest_static", "libpftest_static.vcproj", "{ECCAD504-CC6C-1DE5-25A6-8CA43C7F2B04}"
EndProject
Project("{8BC9CEB8-8B4A-11D0-8D11-00A0C91BC942}") = "libpftools_static", "libpftools_static.vcproj", "{A37E9EBD-93D6-85DB-2F30-D0B07DEA506A}"
EndProject
Project("{8BC9CEB8-8B4A-11D0-8D11-00A0C91BC942}") = "libpftrigger_static", "libpftrigger_static.vcproj", "{B319EA10-C2E3-E48D-4454-63B37175D79B}"
EndProject
Project("{8BC9CEB8-8B4A-11D0-8D11-00A0C91BC942}") = "libpfzone_static", "libpfzone_static.vcproj", "{155A5196-93F3-D922-EE38-F8863855ED99}"
EndProject
Project("{8BC9CEB8-8B4A-11D0-8D11-00A0C91BC942}") = "libstdphyslayer_static", "libstdphyslayer_static.vcproj", "{28E8B1A4-12E6-2933-54DB-CA01B1E3CCC0}"
EndProject
Project("{8BC9CEB8-8B4A-11D0-8D11-00A0C91BC942}") = "libxmlpersist_static", "libxmlpersist_static.vcproj", "{0E79649A-4638-61C7-7015-C2DCB213D3BB}"
EndProject
Project("{8BC9CEB8-8B4A-11D0-8D11-00A0C91BC942}") = "plgaddon_celentity", "plgaddon_celentity.vcproj", "{3EF52631-4486-D72B-BB17-DB8FCF36DDBA}"
EndProject
Project("{8BC9CEB8-8B4A-11D0-8D11-00A0C91BC942}") = "plgaddon_xmlscripts", "plgaddon_xmlscripts.vcproj", "{BA7BEDE4-D74D-62E9-2A70-F3E2461698BB}"
EndProject
Project("{8BC9CEB8-8B4A-11D0-8D11-00A0C91BC942}") = "plgbltest", "plgbltest.vcproj", "{E15D3136-619B-861B-D8FF-561A1F846B6C}"
EndProject
Project("{8BC9CEB8-8B4A-11D0-8D11-00A0C91BC942}") = "plgblxml", "plgblxml.vcproj", "{D4C2A921-6257-1D72-592F-450E19AA3E20}"
EndProject
Project("{8BC9CEB8-8B4A-11D0-8D11-00A0C91BC942}") = "plgcpersist", "plgcpersist.vcproj", "{403E853A-59C3-FBA1-AF01-2BF89B0DA2F7}"
EndProject
Project("{8BC9CEB8-8B4A-11D0-8D11-00A0C91BC942}") = "plgmgr_billboard", "plgmgr_billboard.vcproj", "{32B86666-15E0-F234-58EC-50D3CC10AD59}"
EndProject
Project("{8BC9CEB8-8B4A-11D0-8D11-00A0C91BC942}") = "plgmgr_quests", "plgmgr_quests.vcproj", "{96C3E65A-7CC9-961B-0681-395F51BC9CE2}"
EndProject
Project("{8BC9CEB8-8B4A-11D0-8D11-00A0C91BC942}") = "plgpfactormove", "plgpfactormove.vcproj", "{8EBBE255-F364-3793-8E84-4ACE0FB487A1}"
EndProject
Project("{8BC9CEB8-8B4A-11D0-8D11-00A0C91BC942}") = "plgpfbillboard", "plgpfbillboard.vcproj", "{8E2C61D0-0DDE-9AC3-AB7E-8EE3B4EE09D4}"
EndProject
Project("{8BC9CEB8-8B4A-11D0-8D11-00A0C91BC942}") = "plgpfdynmove", "plgpfdynmove.vcproj", "{2E476624-9278-D3A9-BB30-02D25D1FA031}"
EndProject
Project("{8BC9CEB8-8B4A-11D0-8D11-00A0C91BC942}") = "plgpfengine", "plgpfengine.vcproj", "{F523A3D9-0D90-E985-CA29-10E441393BAE}"
EndProject
Project("{8BC9CEB8-8B4A-11D0-8D11-00A0C91BC942}") = "plgpfinput", "plgpfinput.vcproj", "{5281C5BB-2394-E384-DEDF-73F9F661705D}"
EndProject
Project("{8BC9CEB8-8B4A-11D0-8D11-00A0C91BC942}") = "plgpfinv", "plgpfinv.vcproj", "{CB5A4EF1-E092-959D-EFD1-E0442F3119F1}"
EndProject
Project("{8BC9CEB8-8B4A-11D0-8D11-00A0C91BC942}") = "plgpfmesh", "plgpfmesh.vcproj", "{7577CC57-FF93-6E33-EC99-846E898BED29}"
EndProject
Project("{8BC9CEB8-8B4A-11D0-8D11-00A0C91BC942}") = "plgpfmove", "plgpfmove.vcproj", "{E167BD33-4E68-2BB7-C568-09FC289A2E9A}"
EndProject
Project("{8BC9CEB8-8B4A-11D0-8D11-00A0C91BC942}") = "plgpfmover", "plgpfmover.vcproj", "{6AE42D83-4035-6C15-089B-D65BCF171A11}"
EndProject
Project("{8BC9CEB8-8B4A-11D0-8D11-00A0C91BC942}") = "plgpfquest", "plgpfquest.vcproj", "{3AB21594-2130-A5AE-9E11-272637C9F9B6}"
EndProject
Project("{8BC9CEB8-8B4A-11D0-8D11-00A0C91BC942}") = "plgpftest", "plgpftest.vcproj", "{6452026D-0C54-4DCD-DA11-047FAC2224D7}"
EndProject
Project("{8BC9CEB8-8B4A-11D0-8D11-00A0C91BC942}") = "plgpftools", "plgpftools.vcproj", "{058AAD6E-A940-FA17-F583-B3676E4DAC6C}"
EndProject
Project("{8BC9CEB8-8B4A-11D0-8D11-00A0C91BC942}") = "plgpftrigger", "plgpftrigger.vcproj", "{7819CFB4-1D16-C2CA-3B58-319C41E552DF}"
EndProject
Project("{8BC9CEB8-8B4A-11D0-8D11-00A0C91BC942}") = "plgpfzone", "plgpfzone.vcproj", "{9B942FB3-91A0-9E4F-1514-1286B4872502}"
EndProject
Project("{8BC9CEB8-8B4A-11D0-8D11-00A0C91BC942}") = "plgstdphyslayer", "plgstdphyslayer.vcproj", "{66C683AA-084B-50DD-3B04-ED38799342BA}"
EndProject
Project("{8BC9CEB8-8B4A-11D0-8D11-00A0C91BC942}") = "plgxmlpersist", "plgxmlpersist.vcproj", "{274174A0-7101-29E3-D06A-6C0B009A3DDD}"
EndProject
Global
	GlobalSection(SolutionConfiguration) = preSolution
		ConfigName.0 = Release
		ConfigName.1 = Debug
	EndGlobalSection
	GlobalSection(ProjectDependencies) = postSolution
		{FF4C7AD7-84CA-8A2F-7EBF-2B1FA775848F}.0 = {FE8C31C7-8C7C-B982-16AE-C6CA39940D52}
		{E7FA7509-300D-FB19-912A-61D2694C9BD0}.0 = {FE8C31C7-8C7C-B982-16AE-C6CA39940D52}
		{36C62D61-808A-D8D0-D561-3EE6C506C350}.0 = {FF4C7AD7-84CA-8A2F-7EBF-2B1FA775848F}
		{36C62D61-808A-D8D0-D561-3EE6C506C350}.1 = {E7FA7509-300D-FB19-912A-61D2694C9BD0}
		{36C62D61-808A-D8D0-D561-3EE6C506C350}.2 = {DCAABB3D-A750-C977-5988-4E0FFC187CEE}
		{36C62D61-808A-D8D0-D561-3EE6C506C350}.3 = {A84D3011-BCAB-BE56-A545-A23AD1C90873}
		{36C62D61-808A-D8D0-D561-3EE6C506C350}.4 = {BF224D73-0D8C-757C-4D8C-E213CC42A993}
		{36C62D61-808A-D8D0-D561-3EE6C506C350}.5 = {005CF2CD-C6CC-CB4B-3D97-2AAE5B1A4220}
		{36C62D61-808A-D8D0-D561-3EE6C506C350}.6 = {FE8C31C7-8C7C-B982-16AE-C6CA39940D52}
		{36C62D61-808A-D8D0-D561-3EE6C506C350}.7 = {7F216975-06B1-6069-E7C3-1D06AD8C315A}
		{36C62D61-808A-D8D0-D561-3EE6C506C350}.8 = {984886D6-F69D-8237-FB07-8BE1E8724719}
		{36C62D61-808A-D8D0-D561-3EE6C506C350}.9 = {BC907528-6EBE-0E44-16B0-D0B0EFABF38D}
		{36C62D61-808A-D8D0-D561-3EE6C506C350}.10 = {4656B9FB-AB02-C863-190E-DDBE9ACDE8A8}
		{36C62D61-808A-D8D0-D561-3EE6C506C350}.11 = {09483AB8-546F-5C5E-197A-8C7C1785DA86}
		{36C62D61-808A-D8D0-D561-3EE6C506C350}.12 = {F6ADAED3-9494-99D5-6EF2-994B70A3CBFA}
		{36C62D61-808A-D8D0-D561-3EE6C506C350}.13 = {EE37BB2B-1568-588D-BB35-D3E09D8902ED}
		{36C62D61-808A-D8D0-D561-3EE6C506C350}.14 = {A1800D44-66C3-CC90-CF25-AC85903ACB04}
		{36C62D61-808A-D8D0-D561-3EE6C506C350}.15 = {B942DDA9-435C-1B6E-C33C-64EDC8427E56}
		{36C62D61-808A-D8D0-D561-3EE6C506C350}.16 = {171EC933-C0B0-2CED-42A0-40F777608FD6}
		{36C62D61-808A-D8D0-D561-3EE6C506C350}.17 = {8A97678D-3179-7C97-A224-A292398E055D}
		{36C62D61-808A-D8D0-D561-3EE6C506C350}.18 = {5E92CFA6-9B66-6695-0E68-9F46F2A5B949}
		{36C62D61-808A-D8D0-D561-3EE6C506C350}.19 = {624431C3-5D98-6102-BB10-8DFEE5DA0BCF}
		{36C62D61-808A-D8D0-D561-3EE6C506C350}.20 = {ECCAD504-CC6C-1DE5-25A6-8CA43C7F2B04}
		{36C62D61-808A-D8D0-D561-3EE6C506C350}.21 = {A37E9EBD-93D6-85DB-2F30-D0B07DEA506A}
		{36C62D61-808A-D8D0-D561-3EE6C506C350}.22 = {B319EA10-C2E3-E48D-4454-63B37175D79B}
		{36C62D61-808A-D8D0-D561-3EE6C506C350}.23 = {155A5196-93F3-D922-EE38-F8863855ED99}
		{36C62D61-808A-D8D0-D561-3EE6C506C350}.24 = {28E8B1A4-12E6-2933-54DB-CA01B1E3CCC0}
		{36C62D61-808A-D8D0-D561-3EE6C506C350}.25 = {0E79649A-4638-61C7-7015-C2DCB213D3BB}
		{36C62D61-808A-D8D0-D561-3EE6C506C350}.26 = {3EF52631-4486-D72B-BB17-DB8FCF36DDBA}
		{36C62D61-808A-D8D0-D561-3EE6C506C350}.27 = {BA7BEDE4-D74D-62E9-2A70-F3E2461698BB}
		{36C62D61-808A-D8D0-D561-3EE6C506C350}.28 = {E15D3136-619B-861B-D8FF-561A1F846B6C}
		{36C62D61-808A-D8D0-D561-3EE6C506C350}.29 = {D4C2A921-6257-1D72-592F-450E19AA3E20}
		{36C62D61-808A-D8D0-D561-3EE6C506C350}.30 = {403E853A-59C3-FBA1-AF01-2BF89B0DA2F7}
		{36C62D61-808A-D8D0-D561-3EE6C506C350}.31 = {32B86666-15E0-F234-58EC-50D3CC10AD59}
		{36C62D61-808A-D8D0-D561-3EE6C506C350}.32 = {96C3E65A-7CC9-961B-0681-395F51BC9CE2}
		{36C62D61-808A-D8D0-D561-3EE6C506C350}.33 = {8EBBE255-F364-3793-8E84-4ACE0FB487A1}
		{36C62D61-808A-D8D0-D561-3EE6C506C350}.34 = {8E2C61D0-0DDE-9AC3-AB7E-8EE3B4EE09D4}
		{36C62D61-808A-D8D0-D561-3EE6C506C350}.35 = {2E476624-9278-D3A9-BB30-02D25D1FA031}
		{36C62D61-808A-D8D0-D561-3EE6C506C350}.36 = {F523A3D9-0D90-E985-CA29-10E441393BAE}
		{36C62D61-808A-D8D0-D561-3EE6C506C350}.37 = {5281C5BB-2394-E384-DEDF-73F9F661705D}
		{36C62D61-808A-D8D0-D561-3EE6C506C350}.38 = {CB5A4EF1-E092-959D-EFD1-E0442F3119F1}
		{36C62D61-808A-D8D0-D561-3EE6C506C350}.39 = {7577CC57-FF93-6E33-EC99-846E898BED29}
		{36C62D61-808A-D8D0-D561-3EE6C506C350}.40 = {E167BD33-4E68-2BB7-C568-09FC289A2E9A}
		{36C62D61-808A-D8D0-D561-3EE6C506C350}.41 = {6AE42D83-4035-6C15-089B-D65BCF171A11}
		{36C62D61-808A-D8D0-D561-3EE6C506C350}.42 = {3AB21594-2130-A5AE-9E11-272637C9F9B6}
		{36C62D61-808A-D8D0-D561-3EE6C506C350}.43 = {6452026D-0C54-4DCD-DA11-047FAC2224D7}
		{36C62D61-808A-D8D0-D561-3EE6C506C350}.44 = {058AAD6E-A940-FA17-F583-B3676E4DAC6C}
		{36C62D61-808A-D8D0-D561-3EE6C506C350}.45 = {7819CFB4-1D16-C2CA-3B58-319C41E552DF}
		{36C62D61-808A-D8D0-D561-3EE6C506C350}.46 = {9B942FB3-91A0-9E4F-1514-1286B4872502}
		{36C62D61-808A-D8D0-D561-3EE6C506C350}.47 = {66C683AA-084B-50DD-3B04-ED38799342BA}
		{36C62D61-808A-D8D0-D561-3EE6C506C350}.48 = {274174A0-7101-29E3-D06A-6C0B009A3DDD}
		{E2ECEB01-C66F-C40A-F57D-14B5700CED7A}.0 = {FF4C7AD7-84CA-8A2F-7EBF-2B1FA775848F}
		{E2ECEB01-C66F-C40A-F57D-14B5700CED7A}.1 = {E7FA7509-300D-FB19-912A-61D2694C9BD0}
		{106A7F99-1E5C-1E40-BA5B-83418069F01C}.0 = {DCAABB3D-A750-C977-5988-4E0FFC187CEE}
		{106A7F99-1E5C-1E40-BA5B-83418069F01C}.1 = {A84D3011-BCAB-BE56-A545-A23AD1C90873}
		{106A7F99-1E5C-1E40-BA5B-83418069F01C}.2 = {BF224D73-0D8C-757C-4D8C-E213CC42A993}
		{106A7F99-1E5C-1E40-BA5B-83418069F01C}.3 = {005CF2CD-C6CC-CB4B-3D97-2AAE5B1A4220}
		{106A7F99-1E5C-1E40-BA5B-83418069F01C}.4 = {FE8C31C7-8C7C-B982-16AE-C6CA39940D52}
		{106A7F99-1E5C-1E40-BA5B-83418069F01C}.5 = {7F216975-06B1-6069-E7C3-1D06AD8C315A}
		{106A7F99-1E5C-1E40-BA5B-83418069F01C}.6 = {984886D6-F69D-8237-FB07-8BE1E8724719}
		{106A7F99-1E5C-1E40-BA5B-83418069F01C}.7 = {BC907528-6EBE-0E44-16B0-D0B0EFABF38D}
		{106A7F99-1E5C-1E40-BA5B-83418069F01C}.8 = {4656B9FB-AB02-C863-190E-DDBE9ACDE8A8}
		{106A7F99-1E5C-1E40-BA5B-83418069F01C}.9 = {09483AB8-546F-5C5E-197A-8C7C1785DA86}
		{106A7F99-1E5C-1E40-BA5B-83418069F01C}.10 = {F6ADAED3-9494-99D5-6EF2-994B70A3CBFA}
		{106A7F99-1E5C-1E40-BA5B-83418069F01C}.11 = {EE37BB2B-1568-588D-BB35-D3E09D8902ED}
		{106A7F99-1E5C-1E40-BA5B-83418069F01C}.12 = {A1800D44-66C3-CC90-CF25-AC85903ACB04}
		{106A7F99-1E5C-1E40-BA5B-83418069F01C}.13 = {B942DDA9-435C-1B6E-C33C-64EDC8427E56}
		{106A7F99-1E5C-1E40-BA5B-83418069F01C}.14 = {171EC933-C0B0-2CED-42A0-40F777608FD6}
		{106A7F99-1E5C-1E40-BA5B-83418069F01C}.15 = {8A97678D-3179-7C97-A224-A292398E055D}
		{106A7F99-1E5C-1E40-BA5B-83418069F01C}.16 = {5E92CFA6-9B66-6695-0E68-9F46F2A5B949}
		{106A7F99-1E5C-1E40-BA5B-83418069F01C}.17 = {624431C3-5D98-6102-BB10-8DFEE5DA0BCF}
		{106A7F99-1E5C-1E40-BA5B-83418069F01C}.18 = {ECCAD504-CC6C-1DE5-25A6-8CA43C7F2B04}
		{106A7F99-1E5C-1E40-BA5B-83418069F01C}.19 = {A37E9EBD-93D6-85DB-2F30-D0B07DEA506A}
		{106A7F99-1E5C-1E40-BA5B-83418069F01C}.20 = {B319EA10-C2E3-E48D-4454-63B37175D79B}
		{106A7F99-1E5C-1E40-BA5B-83418069F01C}.21 = {155A5196-93F3-D922-EE38-F8863855ED99}
		{106A7F99-1E5C-1E40-BA5B-83418069F01C}.22 = {28E8B1A4-12E6-2933-54DB-CA01B1E3CCC0}
		{106A7F99-1E5C-1E40-BA5B-83418069F01C}.23 = {0E79649A-4638-61C7-7015-C2DCB213D3BB}
		{866C2A26-400D-A8C9-8F7B-B780A879B604}.0 = {3EF52631-4486-D72B-BB17-DB8FCF36DDBA}
		{866C2A26-400D-A8C9-8F7B-B780A879B604}.1 = {BA7BEDE4-D74D-62E9-2A70-F3E2461698BB}
		{866C2A26-400D-A8C9-8F7B-B780A879B604}.2 = {E15D3136-619B-861B-D8FF-561A1F846B6C}
		{866C2A26-400D-A8C9-8F7B-B780A879B604}.3 = {D4C2A921-6257-1D72-592F-450E19AA3E20}
		{866C2A26-400D-A8C9-8F7B-B780A879B604}.4 = {403E853A-59C3-FBA1-AF01-2BF89B0DA2F7}
		{866C2A26-400D-A8C9-8F7B-B780A879B604}.5 = {32B86666-15E0-F234-58EC-50D3CC10AD59}
		{866C2A26-400D-A8C9-8F7B-B780A879B604}.6 = {96C3E65A-7CC9-961B-0681-395F51BC9CE2}
		{866C2A26-400D-A8C9-8F7B-B780A879B604}.7 = {8EBBE255-F364-3793-8E84-4ACE0FB487A1}
		{866C2A26-400D-A8C9-8F7B-B780A879B604}.8 = {8E2C61D0-0DDE-9AC3-AB7E-8EE3B4EE09D4}
		{866C2A26-400D-A8C9-8F7B-B780A879B604}.9 = {2E476624-9278-D3A9-BB30-02D25D1FA031}
		{866C2A26-400D-A8C9-8F7B-B780A879B604}.10 = {F523A3D9-0D90-E985-CA29-10E441393BAE}
		{866C2A26-400D-A8C9-8F7B-B780A879B604}.11 = {5281C5BB-2394-E384-DEDF-73F9F661705D}
		{866C2A26-400D-A8C9-8F7B-B780A879B604}.12 = {CB5A4EF1-E092-959D-EFD1-E0442F3119F1}
		{866C2A26-400D-A8C9-8F7B-B780A879B604}.13 = {7577CC57-FF93-6E33-EC99-846E898BED29}
		{866C2A26-400D-A8C9-8F7B-B780A879B604}.14 = {E167BD33-4E68-2BB7-C568-09FC289A2E9A}
		{866C2A26-400D-A8C9-8F7B-B780A879B604}.15 = {6AE42D83-4035-6C15-089B-D65BCF171A11}
		{866C2A26-400D-A8C9-8F7B-B780A879B604}.16 = {3AB21594-2130-A5AE-9E11-272637C9F9B6}
		{866C2A26-400D-A8C9-8F7B-B780A879B604}.17 = {6452026D-0C54-4DCD-DA11-047FAC2224D7}
		{866C2A26-400D-A8C9-8F7B-B780A879B604}.18 = {058AAD6E-A940-FA17-F583-B3676E4DAC6C}
		{866C2A26-400D-A8C9-8F7B-B780A879B604}.19 = {7819CFB4-1D16-C2CA-3B58-319C41E552DF}
		{866C2A26-400D-A8C9-8F7B-B780A879B604}.20 = {9B942FB3-91A0-9E4F-1514-1286B4872502}
		{866C2A26-400D-A8C9-8F7B-B780A879B604}.21 = {66C683AA-084B-50DD-3B04-ED38799342BA}
		{866C2A26-400D-A8C9-8F7B-B780A879B604}.22 = {274174A0-7101-29E3-D06A-6C0B009A3DDD}
		{3EF52631-4486-D72B-BB17-DB8FCF36DDBA}.0 = {FE8C31C7-8C7C-B982-16AE-C6CA39940D52}
		{D4C2A921-6257-1D72-592F-450E19AA3E20}.0 = {FE8C31C7-8C7C-B982-16AE-C6CA39940D52}
		{8EBBE255-F364-3793-8E84-4ACE0FB487A1}.0 = {FE8C31C7-8C7C-B982-16AE-C6CA39940D52}
		{8E2C61D0-0DDE-9AC3-AB7E-8EE3B4EE09D4}.0 = {FE8C31C7-8C7C-B982-16AE-C6CA39940D52}
		{2E476624-9278-D3A9-BB30-02D25D1FA031}.0 = {FE8C31C7-8C7C-B982-16AE-C6CA39940D52}
		{F523A3D9-0D90-E985-CA29-10E441393BAE}.0 = {FE8C31C7-8C7C-B982-16AE-C6CA39940D52}
		{5281C5BB-2394-E384-DEDF-73F9F661705D}.0 = {FE8C31C7-8C7C-B982-16AE-C6CA39940D52}
		{CB5A4EF1-E092-959D-EFD1-E0442F3119F1}.0 = {FE8C31C7-8C7C-B982-16AE-C6CA39940D52}
		{7577CC57-FF93-6E33-EC99-846E898BED29}.0 = {FE8C31C7-8C7C-B982-16AE-C6CA39940D52}
		{E167BD33-4E68-2BB7-C568-09FC289A2E9A}.0 = {FE8C31C7-8C7C-B982-16AE-C6CA39940D52}
		{6AE42D83-4035-6C15-089B-D65BCF171A11}.0 = {FE8C31C7-8C7C-B982-16AE-C6CA39940D52}
		{3AB21594-2130-A5AE-9E11-272637C9F9B6}.0 = {FE8C31C7-8C7C-B982-16AE-C6CA39940D52}
		{6452026D-0C54-4DCD-DA11-047FAC2224D7}.0 = {FE8C31C7-8C7C-B982-16AE-C6CA39940D52}
		{058AAD6E-A940-FA17-F583-B3676E4DAC6C}.0 = {FE8C31C7-8C7C-B982-16AE-C6CA39940D52}
		{7819CFB4-1D16-C2CA-3B58-319C41E552DF}.0 = {FE8C31C7-8C7C-B982-16AE-C6CA39940D52}
		{9B942FB3-91A0-9E4F-1514-1286B4872502}.0 = {FE8C31C7-8C7C-B982-16AE-C6CA39940D52}
	EndGlobalSection
	GlobalSection(ProjectConfiguration) = postSolution
		{FF4C7AD7-84CA-8A2F-7EBF-2B1FA775848F}.Release.ActiveCfg = Release|Win32
		{FF4C7AD7-84CA-8A2F-7EBF-2B1FA775848F}.Release.Build.0 = Release|Win32
		{FF4C7AD7-84CA-8A2F-7EBF-2B1FA775848F}.Debug.ActiveCfg = Debug|Win32
		{FF4C7AD7-84CA-8A2F-7EBF-2B1FA775848F}.Debug.Build.0 = Debug|Win32
		{E7FA7509-300D-FB19-912A-61D2694C9BD0}.Release.ActiveCfg = Release|Win32
		{E7FA7509-300D-FB19-912A-61D2694C9BD0}.Release.Build.0 = Release|Win32
		{E7FA7509-300D-FB19-912A-61D2694C9BD0}.Debug.ActiveCfg = Debug|Win32
		{E7FA7509-300D-FB19-912A-61D2694C9BD0}.Debug.Build.0 = Debug|Win32
		{36C62D61-808A-D8D0-D561-3EE6C506C350}.Release.ActiveCfg = Release|Win32
		{36C62D61-808A-D8D0-D561-3EE6C506C350}.Release.Build.0 = Release|Win32
		{36C62D61-808A-D8D0-D561-3EE6C506C350}.Debug.ActiveCfg = Debug|Win32
		{36C62D61-808A-D8D0-D561-3EE6C506C350}.Debug.Build.0 = Debug|Win32
		{E2ECEB01-C66F-C40A-F57D-14B5700CED7A}.Release.ActiveCfg = Release|Win32
		{E2ECEB01-C66F-C40A-F57D-14B5700CED7A}.Release.Build.0 = Release|Win32
		{E2ECEB01-C66F-C40A-F57D-14B5700CED7A}.Debug.ActiveCfg = Debug|Win32
		{E2ECEB01-C66F-C40A-F57D-14B5700CED7A}.Debug.Build.0 = Debug|Win32
		{106A7F99-1E5C-1E40-BA5B-83418069F01C}.Release.ActiveCfg = Release|Win32
		{106A7F99-1E5C-1E40-BA5B-83418069F01C}.Release.Build.0 = Release|Win32
		{106A7F99-1E5C-1E40-BA5B-83418069F01C}.Debug.ActiveCfg = Debug|Win32
		{106A7F99-1E5C-1E40-BA5B-83418069F01C}.Debug.Build.0 = Debug|Win32
		{866C2A26-400D-A8C9-8F7B-B780A879B604}.Release.ActiveCfg = Release|Win32
		{866C2A26-400D-A8C9-8F7B-B780A879B604}.Release.Build.0 = Release|Win32
		{866C2A26-400D-A8C9-8F7B-B780A879B604}.Debug.ActiveCfg = Debug|Win32
		{866C2A26-400D-A8C9-8F7B-B780A879B604}.Debug.Build.0 = Debug|Win32
		{DCAABB3D-A750-C977-5988-4E0FFC187CEE}.Release.ActiveCfg = Release|Win32
		{DCAABB3D-A750-C977-5988-4E0FFC187CEE}.Release.Build.0 = Release|Win32
		{DCAABB3D-A750-C977-5988-4E0FFC187CEE}.Debug.ActiveCfg = Debug|Win32
		{DCAABB3D-A750-C977-5988-4E0FFC187CEE}.Debug.Build.0 = Debug|Win32
		{A84D3011-BCAB-BE56-A545-A23AD1C90873}.Release.ActiveCfg = Release|Win32
		{A84D3011-BCAB-BE56-A545-A23AD1C90873}.Release.Build.0 = Release|Win32
		{A84D3011-BCAB-BE56-A545-A23AD1C90873}.Debug.ActiveCfg = Debug|Win32
		{A84D3011-BCAB-BE56-A545-A23AD1C90873}.Debug.Build.0 = Debug|Win32
		{BF224D73-0D8C-757C-4D8C-E213CC42A993}.Release.ActiveCfg = Release|Win32
		{BF224D73-0D8C-757C-4D8C-E213CC42A993}.Release.Build.0 = Release|Win32
		{BF224D73-0D8C-757C-4D8C-E213CC42A993}.Debug.ActiveCfg = Debug|Win32
		{BF224D73-0D8C-757C-4D8C-E213CC42A993}.Debug.Build.0 = Debug|Win32
		{005CF2CD-C6CC-CB4B-3D97-2AAE5B1A4220}.Release.ActiveCfg = Release|Win32
		{005CF2CD-C6CC-CB4B-3D97-2AAE5B1A4220}.Release.Build.0 = Release|Win32
		{005CF2CD-C6CC-CB4B-3D97-2AAE5B1A4220}.Debug.ActiveCfg = Debug|Win32
		{005CF2CD-C6CC-CB4B-3D97-2AAE5B1A4220}.Debug.Build.0 = Debug|Win32
		{FE8C31C7-8C7C-B982-16AE-C6CA39940D52}.Release.ActiveCfg = Release|Win32
		{FE8C31C7-8C7C-B982-16AE-C6CA39940D52}.Release.Build.0 = Release|Win32
		{FE8C31C7-8C7C-B982-16AE-C6CA39940D52}.Debug.ActiveCfg = Debug|Win32
		{FE8C31C7-8C7C-B982-16AE-C6CA39940D52}.Debug.Build.0 = Debug|Win32
		{7F216975-06B1-6069-E7C3-1D06AD8C315A}.Release.ActiveCfg = Release|Win32
		{7F216975-06B1-6069-E7C3-1D06AD8C315A}.Release.Build.0 = Release|Win32
		{7F216975-06B1-6069-E7C3-1D06AD8C315A}.Debug.ActiveCfg = Debug|Win32
		{7F216975-06B1-6069-E7C3-1D06AD8C315A}.Debug.Build.0 = Debug|Win32
		{984886D6-F69D-8237-FB07-8BE1E8724719}.Release.ActiveCfg = Release|Win32
		{984886D6-F69D-8237-FB07-8BE1E8724719}.Release.Build.0 = Release|Win32
		{984886D6-F69D-8237-FB07-8BE1E8724719}.Debug.ActiveCfg = Debug|Win32
		{984886D6-F69D-8237-FB07-8BE1E8724719}.Debug.Build.0 = Debug|Win32
		{BC907528-6EBE-0E44-16B0-D0B0EFABF38D}.Release.ActiveCfg = Release|Win32
		{BC907528-6EBE-0E44-16B0-D0B0EFABF38D}.Release.Build.0 = Release|Win32
		{BC907528-6EBE-0E44-16B0-D0B0EFABF38D}.Debug.ActiveCfg = Debug|Win32
		{BC907528-6EBE-0E44-16B0-D0B0EFABF38D}.Debug.Build.0 = Debug|Win32
		{4656B9FB-AB02-C863-190E-DDBE9ACDE8A8}.Release.ActiveCfg = Release|Win32
		{4656B9FB-AB02-C863-190E-DDBE9ACDE8A8}.Release.Build.0 = Release|Win32
		{4656B9FB-AB02-C863-190E-DDBE9ACDE8A8}.Debug.ActiveCfg = Debug|Win32
		{4656B9FB-AB02-C863-190E-DDBE9ACDE8A8}.Debug.Build.0 = Debug|Win32
		{09483AB8-546F-5C5E-197A-8C7C1785DA86}.Release.ActiveCfg = Release|Win32
		{09483AB8-546F-5C5E-197A-8C7C1785DA86}.Release.Build.0 = Release|Win32
		{09483AB8-546F-5C5E-197A-8C7C1785DA86}.Debug.ActiveCfg = Debug|Win32
		{09483AB8-546F-5C5E-197A-8C7C1785DA86}.Debug.Build.0 = Debug|Win32
		{F6ADAED3-9494-99D5-6EF2-994B70A3CBFA}.Release.ActiveCfg = Release|Win32
		{F6ADAED3-9494-99D5-6EF2-994B70A3CBFA}.Release.Build.0 = Release|Win32
		{F6ADAED3-9494-99D5-6EF2-994B70A3CBFA}.Debug.ActiveCfg = Debug|Win32
		{F6ADAED3-9494-99D5-6EF2-994B70A3CBFA}.Debug.Build.0 = Debug|Win32
		{EE37BB2B-1568-588D-BB35-D3E09D8902ED}.Release.ActiveCfg = Release|Win32
		{EE37BB2B-1568-588D-BB35-D3E09D8902ED}.Release.Build.0 = Release|Win32
		{EE37BB2B-1568-588D-BB35-D3E09D8902ED}.Debug.ActiveCfg = Debug|Win32
		{EE37BB2B-1568-588D-BB35-D3E09D8902ED}.Debug.Build.0 = Debug|Win32
		{A1800D44-66C3-CC90-CF25-AC85903ACB04}.Release.ActiveCfg = Release|Win32
		{A1800D44-66C3-CC90-CF25-AC85903ACB04}.Release.Build.0 = Release|Win32
		{A1800D44-66C3-CC90-CF25-AC85903ACB04}.Debug.ActiveCfg = Debug|Win32
		{A1800D44-66C3-CC90-CF25-AC85903ACB04}.Debug.Build.0 = Debug|Win32
		{B942DDA9-435C-1B6E-C33C-64EDC8427E56}.Release.ActiveCfg = Release|Win32
		{B942DDA9-435C-1B6E-C33C-64EDC8427E56}.Release.Build.0 = Release|Win32
		{B942DDA9-435C-1B6E-C33C-64EDC8427E56}.Debug.ActiveCfg = Debug|Win32
		{B942DDA9-435C-1B6E-C33C-64EDC8427E56}.Debug.Build.0 = Debug|Win32
		{171EC933-C0B0-2CED-42A0-40F777608FD6}.Release.ActiveCfg = Release|Win32
		{171EC933-C0B0-2CED-42A0-40F777608FD6}.Release.Build.0 = Release|Win32
		{171EC933-C0B0-2CED-42A0-40F777608FD6}.Debug.ActiveCfg = Debug|Win32
		{171EC933-C0B0-2CED-42A0-40F777608FD6}.Debug.Build.0 = Debug|Win32
		{8A97678D-3179-7C97-A224-A292398E055D}.Release.ActiveCfg = Release|Win32
		{8A97678D-3179-7C97-A224-A292398E055D}.Release.Build.0 = Release|Win32
		{8A97678D-3179-7C97-A224-A292398E055D}.Debug.ActiveCfg = Debug|Win32
		{8A97678D-3179-7C97-A224-A292398E055D}.Debug.Build.0 = Debug|Win32
		{5E92CFA6-9B66-6695-0E68-9F46F2A5B949}.Release.ActiveCfg = Release|Win32
		{5E92CFA6-9B66-6695-0E68-9F46F2A5B949}.Release.Build.0 = Release|Win32
		{5E92CFA6-9B66-6695-0E68-9F46F2A5B949}.Debug.ActiveCfg = Debug|Win32
		{5E92CFA6-9B66-6695-0E68-9F46F2A5B949}.Debug.Build.0 = Debug|Win32
		{624431C3-5D98-6102-BB10-8DFEE5DA0BCF}.Release.ActiveCfg = Release|Win32
		{624431C3-5D98-6102-BB10-8DFEE5DA0BCF}.Release.Build.0 = Release|Win32
		{624431C3-5D98-6102-BB10-8DFEE5DA0BCF}.Debug.ActiveCfg = Debug|Win32
		{624431C3-5D98-6102-BB10-8DFEE5DA0BCF}.Debug.Build.0 = Debug|Win32
		{ECCAD504-CC6C-1DE5-25A6-8CA43C7F2B04}.Release.ActiveCfg = Release|Win32
		{ECCAD504-CC6C-1DE5-25A6-8CA43C7F2B04}.Release.Build.0 = Release|Win32
		{ECCAD504-CC6C-1DE5-25A6-8CA43C7F2B04}.Debug.ActiveCfg = Debug|Win32
		{ECCAD504-CC6C-1DE5-25A6-8CA43C7F2B04}.Debug.Build.0 = Debug|Win32
		{A37E9EBD-93D6-85DB-2F30-D0B07DEA506A}.Release.ActiveCfg = Release|Win32
		{A37E9EBD-93D6-85DB-2F30-D0B07DEA506A}.Release.Build.0 = Release|Win32
		{A37E9EBD-93D6-85DB-2F30-D0B07DEA506A}.Debug.ActiveCfg = Debug|Win32
		{A37E9EBD-93D6-85DB-2F30-D0B07DEA506A}.Debug.Build.0 = Debug|Win32
		{B319EA10-C2E3-E48D-4454-63B37175D79B}.Release.ActiveCfg = Release|Win32
		{B319EA10-C2E3-E48D-4454-63B37175D79B}.Release.Build.0 = Release|Win32
		{B319EA10-C2E3-E48D-4454-63B37175D79B}.Debug.ActiveCfg = Debug|Win32
		{B319EA10-C2E3-E48D-4454-63B37175D79B}.Debug.Build.0 = Debug|Win32
		{155A5196-93F3-D922-EE38-F8863855ED99}.Release.ActiveCfg = Release|Win32
		{155A5196-93F3-D922-EE38-F8863855ED99}.Release.Build.0 = Release|Win32
		{155A5196-93F3-D922-EE38-F8863855ED99}.Debug.ActiveCfg = Debug|Win32
		{155A5196-93F3-D922-EE38-F8863855ED99}.Debug.Build.0 = Debug|Win32
		{28E8B1A4-12E6-2933-54DB-CA01B1E3CCC0}.Release.ActiveCfg = Release|Win32
		{28E8B1A4-12E6-2933-54DB-CA01B1E3CCC0}.Release.Build.0 = Release|Win32
		{28E8B1A4-12E6-2933-54DB-CA01B1E3CCC0}.Debug.ActiveCfg = Debug|Win32
		{28E8B1A4-12E6-2933-54DB-CA01B1E3CCC0}.Debug.Build.0 = Debug|Win32
		{0E79649A-4638-61C7-7015-C2DCB213D3BB}.Release.ActiveCfg = Release|Win32
		{0E79649A-4638-61C7-7015-C2DCB213D3BB}.Release.Build.0 = Release|Win32
		{0E79649A-4638-61C7-7015-C2DCB213D3BB}.Debug.ActiveCfg = Debug|Win32
		{0E79649A-4638-61C7-7015-C2DCB213D3BB}.Debug.Build.0 = Debug|Win32
		{3EF52631-4486-D72B-BB17-DB8FCF36DDBA}.Release.ActiveCfg = Release|Win32
		{3EF52631-4486-D72B-BB17-DB8FCF36DDBA}.Release.Build.0 = Release|Win32
		{3EF52631-4486-D72B-BB17-DB8FCF36DDBA}.Debug.ActiveCfg = Debug|Win32
		{3EF52631-4486-D72B-BB17-DB8FCF36DDBA}.Debug.Build.0 = Debug|Win32
		{BA7BEDE4-D74D-62E9-2A70-F3E2461698BB}.Release.ActiveCfg = Release|Win32
		{BA7BEDE4-D74D-62E9-2A70-F3E2461698BB}.Release.Build.0 = Release|Win32
		{BA7BEDE4-D74D-62E9-2A70-F3E2461698BB}.Debug.ActiveCfg = Debug|Win32
		{BA7BEDE4-D74D-62E9-2A70-F3E2461698BB}.Debug.Build.0 = Debug|Win32
		{E15D3136-619B-861B-D8FF-561A1F846B6C}.Release.ActiveCfg = Release|Win32
		{E15D3136-619B-861B-D8FF-561A1F846B6C}.Release.Build.0 = Release|Win32
		{E15D3136-619B-861B-D8FF-561A1F846B6C}.Debug.ActiveCfg = Debug|Win32
		{E15D3136-619B-861B-D8FF-561A1F846B6C}.Debug.Build.0 = Debug|Win32
		{D4C2A921-6257-1D72-592F-450E19AA3E20}.Release.ActiveCfg = Release|Win32
		{D4C2A921-6257-1D72-592F-450E19AA3E20}.Release.Build.0 = Release|Win32
		{D4C2A921-6257-1D72-592F-450E19AA3E20}.Debug.ActiveCfg = Debug|Win32
		{D4C2A921-6257-1D72-592F-450E19AA3E20}.Debug.Build.0 = Debug|Win32
		{403E853A-59C3-FBA1-AF01-2BF89B0DA2F7}.Release.ActiveCfg = Release|Win32
		{403E853A-59C3-FBA1-AF01-2BF89B0DA2F7}.Release.Build.0 = Release|Win32
		{403E853A-59C3-FBA1-AF01-2BF89B0DA2F7}.Debug.ActiveCfg = Debug|Win32
		{403E853A-59C3-FBA1-AF01-2BF89B0DA2F7}.Debug.Build.0 = Debug|Win32
		{32B86666-15E0-F234-58EC-50D3CC10AD59}.Release.ActiveCfg = Release|Win32
		{32B86666-15E0-F234-58EC-50D3CC10AD59}.Release.Build.0 = Release|Win32
		{32B86666-15E0-F234-58EC-50D3CC10AD59}.Debug.ActiveCfg = Debug|Win32
		{32B86666-15E0-F234-58EC-50D3CC10AD59}.Debug.Build.0 = Debug|Win32
		{96C3E65A-7CC9-961B-0681-395F51BC9CE2}.Release.ActiveCfg = Release|Win32
		{96C3E65A-7CC9-961B-0681-395F51BC9CE2}.Release.Build.0 = Release|Win32
		{96C3E65A-7CC9-961B-0681-395F51BC9CE2}.Debug.ActiveCfg = Debug|Win32
		{96C3E65A-7CC9-961B-0681-395F51BC9CE2}.Debug.Build.0 = Debug|Win32
		{8EBBE255-F364-3793-8E84-4ACE0FB487A1}.Release.ActiveCfg = Release|Win32
		{8EBBE255-F364-3793-8E84-4ACE0FB487A1}.Release.Build.0 = Release|Win32
		{8EBBE255-F364-3793-8E84-4ACE0FB487A1}.Debug.ActiveCfg = Debug|Win32
		{8EBBE255-F364-3793-8E84-4ACE0FB487A1}.Debug.Build.0 = Debug|Win32
		{8E2C61D0-0DDE-9AC3-AB7E-8EE3B4EE09D4}.Release.ActiveCfg = Release|Win32
		{8E2C61D0-0DDE-9AC3-AB7E-8EE3B4EE09D4}.Release.Build.0 = Release|Win32
		{8E2C61D0-0DDE-9AC3-AB7E-8EE3B4EE09D4}.Debug.ActiveCfg = Debug|Win32
		{8E2C61D0-0DDE-9AC3-AB7E-8EE3B4EE09D4}.Debug.Build.0 = Debug|Win32
		{2E476624-9278-D3A9-BB30-02D25D1FA031}.Release.ActiveCfg = Release|Win32
		{2E476624-9278-D3A9-BB30-02D25D1FA031}.Release.Build.0 = Release|Win32
		{2E476624-9278-D3A9-BB30-02D25D1FA031}.Debug.ActiveCfg = Debug|Win32
		{2E476624-9278-D3A9-BB30-02D25D1FA031}.Debug.Build.0 = Debug|Win32
		{F523A3D9-0D90-E985-CA29-10E441393BAE}.Release.ActiveCfg = Release|Win32
		{F523A3D9-0D90-E985-CA29-10E441393BAE}.Release.Build.0 = Release|Win32
		{F523A3D9-0D90-E985-CA29-10E441393BAE}.Debug.ActiveCfg = Debug|Win32
		{F523A3D9-0D90-E985-CA29-10E441393BAE}.Debug.Build.0 = Debug|Win32
		{5281C5BB-2394-E384-DEDF-73F9F661705D}.Release.ActiveCfg = Release|Win32
		{5281C5BB-2394-E384-DEDF-73F9F661705D}.Release.Build.0 = Release|Win32
		{5281C5BB-2394-E384-DEDF-73F9F661705D}.Debug.ActiveCfg = Debug|Win32
		{5281C5BB-2394-E384-DEDF-73F9F661705D}.Debug.Build.0 = Debug|Win32
		{CB5A4EF1-E092-959D-EFD1-E0442F3119F1}.Release.ActiveCfg = Release|Win32
		{CB5A4EF1-E092-959D-EFD1-E0442F3119F1}.Release.Build.0 = Release|Win32
		{CB5A4EF1-E092-959D-EFD1-E0442F3119F1}.Debug.ActiveCfg = Debug|Win32
		{CB5A4EF1-E092-959D-EFD1-E0442F3119F1}.Debug.Build.0 = Debug|Win32
		{7577CC57-FF93-6E33-EC99-846E898BED29}.Release.ActiveCfg = Release|Win32
		{7577CC57-FF93-6E33-EC99-846E898BED29}.Release.Build.0 = Release|Win32
		{7577CC57-FF93-6E33-EC99-846E898BED29}.Debug.ActiveCfg = Debug|Win32
		{7577CC57-FF93-6E33-EC99-846E898BED29}.Debug.Build.0 = Debug|Win32
		{E167BD33-4E68-2BB7-C568-09FC289A2E9A}.Release.ActiveCfg = Release|Win32
		{E167BD33-4E68-2BB7-C568-09FC289A2E9A}.Release.Build.0 = Release|Win32
		{E167BD33-4E68-2BB7-C568-09FC289A2E9A}.Debug.ActiveCfg = Debug|Win32
		{E167BD33-4E68-2BB7-C568-09FC289A2E9A}.Debug.Build.0 = Debug|Win32
		{6AE42D83-4035-6C15-089B-D65BCF171A11}.Release.ActiveCfg = Release|Win32
		{6AE42D83-4035-6C15-089B-D65BCF171A11}.Release.Build.0 = Release|Win32
		{6AE42D83-4035-6C15-089B-D65BCF171A11}.Debug.ActiveCfg = Debug|Win32
		{6AE42D83-4035-6C15-089B-D65BCF171A11}.Debug.Build.0 = Debug|Win32
		{3AB21594-2130-A5AE-9E11-272637C9F9B6}.Release.ActiveCfg = Release|Win32
		{3AB21594-2130-A5AE-9E11-272637C9F9B6}.Release.Build.0 = Release|Win32
		{3AB21594-2130-A5AE-9E11-272637C9F9B6}.Debug.ActiveCfg = Debug|Win32
		{3AB21594-2130-A5AE-9E11-272637C9F9B6}.Debug.Build.0 = Debug|Win32
		{6452026D-0C54-4DCD-DA11-047FAC2224D7}.Release.ActiveCfg = Release|Win32
		{6452026D-0C54-4DCD-DA11-047FAC2224D7}.Release.Build.0 = Release|Win32
		{6452026D-0C54-4DCD-DA11-047FAC2224D7}.Debug.ActiveCfg = Debug|Win32
		{6452026D-0C54-4DCD-DA11-047FAC2224D7}.Debug.Build.0 = Debug|Win32
		{058AAD6E-A940-FA17-F583-B3676E4DAC6C}.Release.ActiveCfg = Release|Win32
		{058AAD6E-A940-FA17-F583-B3676E4DAC6C}.Release.Build.0 = Release|Win32
		{058AAD6E-A940-FA17-F583-B3676E4DAC6C}.Debug.ActiveCfg = Debug|Win32
		{058AAD6E-A940-FA17-F583-B3676E4DAC6C}.Debug.Build.0 = Debug|Win32
		{7819CFB4-1D16-C2CA-3B58-319C41E552DF}.Release.ActiveCfg = Release|Win32
		{7819CFB4-1D16-C2CA-3B58-319C41E552DF}.Release.Build.0 = Release|Win32
		{7819CFB4-1D16-C2CA-3B58-319C41E552DF}.Debug.ActiveCfg = Debug|Win32
		{7819CFB4-1D16-C2CA-3B58-319C41E552DF}.Debug.Build.0 = Debug|Win32
		{9B942FB3-91A0-9E4F-1514-1286B4872502}.Release.ActiveCfg = Release|Win32
		{9B942FB3-91A0-9E4F-1514-1286B4872502}.Release.Build.0 = Release|Win32
		{9B942FB3-91A0-9E4F-1514-1286B4872502}.Debug.ActiveCfg = Debug|Win32
		{9B942FB3-91A0-9E4F-1514-1286B4872502}.Debug.Build.0 = Debug|Win32
		{66C683AA-084B-50DD-3B04-ED38799342BA}.Release.ActiveCfg = Release|Win32
		{66C683AA-084B-50DD-3B04-ED38799342BA}.Release.Build.0 = Release|Win32
		{66C683AA-084B-50DD-3B04-ED38799342BA}.Debug.ActiveCfg = Debug|Win32
		{66C683AA-084B-50DD-3B04-ED38799342BA}.Debug.Build.0 = Debug|Win32
		{274174A0-7101-29E3-D06A-6C0B009A3DDD}.Release.ActiveCfg = Release|Win32
		{274174A0-7101-29E3-D06A-6C0B009A3DDD}.Release.Build.0 = Release|Win32
		{274174A0-7101-29E3-D06A-6C0B009A3DDD}.Debug.ActiveCfg = Debug|Win32
		{274174A0-7101-29E3-D06A-6C0B009A3DDD}.Debug.Build.0 = Debug|Win32
	EndGlobalSection
	GlobalSection(ExtensibilityGlobals) = postSolution
	EndGlobalSection
	GlobalSection(ExtensibilityAddIns) = postSolution
	EndGlobalSection
EndGlobal
