Microsoft Visual Studio Solution File, Format Version 7.00
# Visual C++ Express 2005
Project("{8BC9CEB8-8B4A-11D0-8D11-00A0C91BC942}") = "appbootstrap", "appbootstrap.vcproj", "{FF4C7AD7-84CA-8A2F-7EBF-2B1FA775848F}"
EndProject
Project("{8BC9CEB8-8B4A-11D0-8D11-00A0C91BC942}") = "appceltst", "appceltst.vcproj", "{E7FA7509-300D-FB19-912A-61D2694C9BD0}"
EndProject
Project("{8BC9CEB8-8B4A-11D0-8D11-00A0C91BC942}") = "apphovertest", "apphovertest.vcproj", "{E083067F-99E2-8C1C-3EE4-BB0ECA726556}"
EndProject
Project("{8BC9CEB8-8B4A-11D0-8D11-00A0C91BC942}") = "appmechtest", "appmechtest.vcproj", "{BCD3DA6A-1AA3-888D-89E5-CFBFF01BA09C}"
EndProject
Project("{8BC9CEB8-8B4A-11D0-8D11-00A0C91BC942}") = "appnettest", "appnettest.vcproj", "{810EE67A-EF58-EF92-1367-E6FD972356CE}"
EndProject
Project("{8BC9CEB8-8B4A-11D0-8D11-00A0C91BC942}") = "appwalktut", "appwalktut.vcproj", "{894F6414-EF76-A9C4-B26F-7E17223A8FEF}"
EndProject
Project("{8BC9CEB8-8B4A-11D0-8D11-00A0C91BC942}") = "grpall_cel", "grpall_cel.vcproj", "{36C62D61-808A-D8D0-D561-3EE6C506C350}"
EndProject
Project("{8BC9CEB8-8B4A-11D0-8D11-00A0C91BC942}") = "grpapps_cel", "grpapps_cel.vcproj", "{E2ECEB01-C66F-C40A-F57D-14B5700CED7A}"
EndProject
Project("{8BC9CEB8-8B4A-11D0-8D11-00A0C91BC942}") = "grplibs_cel", "grplibs_cel.vcproj", "{106A7F99-1E5C-1E40-BA5B-83418069F01C}"
EndProject
Project("{8BC9CEB8-8B4A-11D0-8D11-00A0C91BC942}") = "grpplugins_cel", "grpplugins_cel.vcproj", "{866C2A26-400D-A8C9-8F7B-B780A879B604}"
EndProject
Project("{8BC9CEB8-8B4A-11D0-8D11-00A0C91BC942}") = "libceltool", "libceltool.vcproj", "{FE8C31C7-8C7C-B982-16AE-C6CA39940D52}"
EndProject
Project("{8BC9CEB8-8B4A-11D0-8D11-00A0C91BC942}") = "plgaddon_celentity", "plgaddon_celentity.vcproj", "{3EF52631-4486-D72B-BB17-DB8FCF36DDBA}"
EndProject
Project("{8BC9CEB8-8B4A-11D0-8D11-00A0C91BC942}") = "plgaddon_celentitytpl", "plgaddon_celentitytpl.vcproj", "{EEC493BE-2745-954F-FA24-45447359FCDC}"
EndProject
Project("{8BC9CEB8-8B4A-11D0-8D11-00A0C91BC942}") = "plgaddon_questdef", "plgaddon_questdef.vcproj", "{D55BE37F-A3CE-2CF1-7474-6961CF055BC0}"
EndProject
Project("{8BC9CEB8-8B4A-11D0-8D11-00A0C91BC942}") = "plgaddon_ruledef", "plgaddon_ruledef.vcproj", "{A8B80D52-CD56-437D-0DF3-3798C9279FE4}"
EndProject
Project("{8BC9CEB8-8B4A-11D0-8D11-00A0C91BC942}") = "plgaddon_xmlscripts", "plgaddon_xmlscripts.vcproj", "{BA7BEDE4-D74D-62E9-2A70-F3E2461698BB}"
EndProject
Project("{8BC9CEB8-8B4A-11D0-8D11-00A0C91BC942}") = "plgbltest", "plgbltest.vcproj", "{E15D3136-619B-861B-D8FF-561A1F846B6C}"
EndProject
Project("{8BC9CEB8-8B4A-11D0-8D11-00A0C91BC942}") = "plgblxml", "plgblxml.vcproj", "{D4C2A921-6257-1D72-592F-450E19AA3E20}"
EndProject
Project("{8BC9CEB8-8B4A-11D0-8D11-00A0C91BC942}") = "plgcelconsole", "plgcelconsole.vcproj", "{98B5AC91-D6B1-1C99-9FEC-D1EEA525ED3B}"
EndProject
Project("{8BC9CEB8-8B4A-11D0-8D11-00A0C91BC942}") = "plgcpersist", "plgcpersist.vcproj", "{403E853A-59C3-FBA1-AF01-2BF89B0DA2F7}"
EndProject
Project("{8BC9CEB8-8B4A-11D0-8D11-00A0C91BC942}") = "plgmgr_billboard", "plgmgr_billboard.vcproj", "{32B86666-15E0-F234-58EC-50D3CC10AD59}"
EndProject
Project("{8BC9CEB8-8B4A-11D0-8D11-00A0C91BC942}") = "plgmgr_quests", "plgmgr_quests.vcproj", "{96C3E65A-7CC9-961B-0681-395F51BC9CE2}"
EndProject
Project("{8BC9CEB8-8B4A-11D0-8D11-00A0C91BC942}") = "plgpfactormove", "plgpfactormove.vcproj", "{8EBBE255-F364-3793-8E84-4ACE0FB487A1}"
EndProject
Project("{8BC9CEB8-8B4A-11D0-8D11-00A0C91BC942}") = "plgpfawswin", "plgpfawswin.vcproj", "{E10987F1-14F9-76D8-4B18-F031272542F2}"
EndProject
Project("{8BC9CEB8-8B4A-11D0-8D11-00A0C91BC942}") = "plgpfbillboard", "plgpfbillboard.vcproj", "{8E2C61D0-0DDE-9AC3-AB7E-8EE3B4EE09D4}"
EndProject
Project("{8BC9CEB8-8B4A-11D0-8D11-00A0C91BC942}") = "plgpfdefcam", "plgpfdefcam.vcproj", "{10B1A9B3-DB3C-98CB-62C9-DB10F9F43396}"
EndProject
Project("{8BC9CEB8-8B4A-11D0-8D11-00A0C91BC942}") = "plgpfengine", "plgpfengine.vcproj", "{F523A3D9-0D90-E985-CA29-10E441393BAE}"
EndProject
Project("{8BC9CEB8-8B4A-11D0-8D11-00A0C91BC942}") = "plgpfinput", "plgpfinput.vcproj", "{5281C5BB-2394-E384-DEDF-73F9F661705D}"
EndProject
Project("{8BC9CEB8-8B4A-11D0-8D11-00A0C91BC942}") = "plgpfinv", "plgpfinv.vcproj", "{CB5A4EF1-E092-959D-EFD1-E0442F3119F1}"
EndProject
Project("{8BC9CEB8-8B4A-11D0-8D11-00A0C91BC942}") = "plgpflight", "plgpflight.vcproj", "{23D61ADF-182D-DD0F-43F2-2E474EE1FB00}"
EndProject
Project("{8BC9CEB8-8B4A-11D0-8D11-00A0C91BC942}") = "plgpfmechanics", "plgpfmechanics.vcproj", "{89822485-8A94-469B-7CA5-A2839C03D271}"
EndProject
Project("{8BC9CEB8-8B4A-11D0-8D11-00A0C91BC942}") = "plgpfmesh", "plgpfmesh.vcproj", "{7577CC57-FF93-6E33-EC99-846E898BED29}"
EndProject
Project("{8BC9CEB8-8B4A-11D0-8D11-00A0C91BC942}") = "plgpfmove", "plgpfmove.vcproj", "{E167BD33-4E68-2BB7-C568-09FC289A2E9A}"
EndProject
Project("{8BC9CEB8-8B4A-11D0-8D11-00A0C91BC942}") = "plgpfmover", "plgpfmover.vcproj", "{6AE42D83-4035-6C15-089B-D65BCF171A11}"
EndProject
Project("{8BC9CEB8-8B4A-11D0-8D11-00A0C91BC942}") = "plgpfnewcamera", "plgpfnewcamera.vcproj", "{097814E8-8395-28B7-6CCF-374BA0D10503}"
EndProject
Project("{8BC9CEB8-8B4A-11D0-8D11-00A0C91BC942}") = "plgpfportal", "plgpfportal.vcproj", "{E4F5830C-8CAF-CBC0-C5E5-B189CECF556A}"
EndProject
Project("{8BC9CEB8-8B4A-11D0-8D11-00A0C91BC942}") = "plgpfquest", "plgpfquest.vcproj", "{3AB21594-2130-A5AE-9E11-272637C9F9B6}"
EndProject
Project("{8BC9CEB8-8B4A-11D0-8D11-00A0C91BC942}") = "plgpfrules", "plgpfrules.vcproj", "{D3852DD2-8840-44C9-AA7A-469FA8445DF3}"
EndProject
Project("{8BC9CEB8-8B4A-11D0-8D11-00A0C91BC942}") = "plgpfsimpcam", "plgpfsimpcam.vcproj", "{967105F5-9828-18D8-0AB3-AB33A96DF792}"
EndProject
Project("{8BC9CEB8-8B4A-11D0-8D11-00A0C91BC942}") = "plgpfsound", "plgpfsound.vcproj", "{E91FEE10-2BA4-53FC-07FA-0A5B3649595F}"
EndProject
Project("{8BC9CEB8-8B4A-11D0-8D11-00A0C91BC942}") = "plgpftest", "plgpftest.vcproj", "{6452026D-0C54-4DCD-DA11-047FAC2224D7}"
EndProject
Project("{8BC9CEB8-8B4A-11D0-8D11-00A0C91BC942}") = "plgpftools", "plgpftools.vcproj", "{058AAD6E-A940-FA17-F583-B3676E4DAC6C}"
EndProject
Project("{8BC9CEB8-8B4A-11D0-8D11-00A0C91BC942}") = "plgpftrigger", "plgpftrigger.vcproj", "{7819CFB4-1D16-C2CA-3B58-319C41E552DF}"
EndProject
Project("{8BC9CEB8-8B4A-11D0-8D11-00A0C91BC942}") = "plgpfzone", "plgpfzone.vcproj", "{9B942FB3-91A0-9E4F-1514-1286B4872502}"
EndProject
Project("{8BC9CEB8-8B4A-11D0-8D11-00A0C91BC942}") = "plgrulebase", "plgrulebase.vcproj", "{E1C134D4-C658-E321-DBBE-7D11200B882E}"
EndProject
Project("{8BC9CEB8-8B4A-11D0-8D11-00A0C91BC942}") = "plgstdphyslayer", "plgstdphyslayer.vcproj", "{66C683AA-084B-50DD-3B04-ED38799342BA}"
EndProject
Project("{8BC9CEB8-8B4A-11D0-8D11-00A0C91BC942}") = "plgxmlpersist", "plgxmlpersist.vcproj", "{274174A0-7101-29E3-D06A-6C0B009A3DDD}"
EndProject
Global
	GlobalSection(SolutionConfiguration) = preSolution
		ConfigName.0 = Release
		ConfigName.1 = Debug
	EndGlobalSection
	GlobalSection(ProjectDependencies) = postSolution
		{FF4C7AD7-84CA-8A2F-7EBF-2B1FA775848F}.0 = {FE8C31C7-8C7C-B982-16AE-C6CA39940D52}
		{E7FA7509-300D-FB19-912A-61D2694C9BD0}.0 = {FE8C31C7-8C7C-B982-16AE-C6CA39940D52}
		{E083067F-99E2-8C1C-3EE4-BB0ECA726556}.0 = {FE8C31C7-8C7C-B982-16AE-C6CA39940D52}
		{BCD3DA6A-1AA3-888D-89E5-CFBFF01BA09C}.0 = {FE8C31C7-8C7C-B982-16AE-C6CA39940D52}
		{810EE67A-EF58-EF92-1367-E6FD972356CE}.0 = {FE8C31C7-8C7C-B982-16AE-C6CA39940D52}
		{894F6414-EF76-A9C4-B26F-7E17223A8FEF}.0 = {FE8C31C7-8C7C-B982-16AE-C6CA39940D52}
		{36C62D61-808A-D8D0-D561-3EE6C506C350}.0 = {FF4C7AD7-84CA-8A2F-7EBF-2B1FA775848F}
		{36C62D61-808A-D8D0-D561-3EE6C506C350}.1 = {E7FA7509-300D-FB19-912A-61D2694C9BD0}
		{36C62D61-808A-D8D0-D561-3EE6C506C350}.2 = {E083067F-99E2-8C1C-3EE4-BB0ECA726556}
		{36C62D61-808A-D8D0-D561-3EE6C506C350}.3 = {BCD3DA6A-1AA3-888D-89E5-CFBFF01BA09C}
		{36C62D61-808A-D8D0-D561-3EE6C506C350}.4 = {810EE67A-EF58-EF92-1367-E6FD972356CE}
		{36C62D61-808A-D8D0-D561-3EE6C506C350}.5 = {894F6414-EF76-A9C4-B26F-7E17223A8FEF}
		{36C62D61-808A-D8D0-D561-3EE6C506C350}.6 = {FE8C31C7-8C7C-B982-16AE-C6CA39940D52}
		{36C62D61-808A-D8D0-D561-3EE6C506C350}.7 = {3EF52631-4486-D72B-BB17-DB8FCF36DDBA}
		{36C62D61-808A-D8D0-D561-3EE6C506C350}.8 = {EEC493BE-2745-954F-FA24-45447359FCDC}
		{36C62D61-808A-D8D0-D561-3EE6C506C350}.9 = {D55BE37F-A3CE-2CF1-7474-6961CF055BC0}
		{36C62D61-808A-D8D0-D561-3EE6C506C350}.10 = {A8B80D52-CD56-437D-0DF3-3798C9279FE4}
		{36C62D61-808A-D8D0-D561-3EE6C506C350}.11 = {BA7BEDE4-D74D-62E9-2A70-F3E2461698BB}
		{36C62D61-808A-D8D0-D561-3EE6C506C350}.12 = {E15D3136-619B-861B-D8FF-561A1F846B6C}
		{36C62D61-808A-D8D0-D561-3EE6C506C350}.13 = {D4C2A921-6257-1D72-592F-450E19AA3E20}
		{36C62D61-808A-D8D0-D561-3EE6C506C350}.14 = {98B5AC91-D6B1-1C99-9FEC-D1EEA525ED3B}
		{36C62D61-808A-D8D0-D561-3EE6C506C350}.15 = {403E853A-59C3-FBA1-AF01-2BF89B0DA2F7}
		{36C62D61-808A-D8D0-D561-3EE6C506C350}.16 = {32B86666-15E0-F234-58EC-50D3CC10AD59}
		{36C62D61-808A-D8D0-D561-3EE6C506C350}.17 = {96C3E65A-7CC9-961B-0681-395F51BC9CE2}
		{36C62D61-808A-D8D0-D561-3EE6C506C350}.18 = {8EBBE255-F364-3793-8E84-4ACE0FB487A1}
		{36C62D61-808A-D8D0-D561-3EE6C506C350}.19 = {E10987F1-14F9-76D8-4B18-F031272542F2}
		{36C62D61-808A-D8D0-D561-3EE6C506C350}.20 = {8E2C61D0-0DDE-9AC3-AB7E-8EE3B4EE09D4}
		{36C62D61-808A-D8D0-D561-3EE6C506C350}.21 = {10B1A9B3-DB3C-98CB-62C9-DB10F9F43396}
		{36C62D61-808A-D8D0-D561-3EE6C506C350}.22 = {F523A3D9-0D90-E985-CA29-10E441393BAE}
		{36C62D61-808A-D8D0-D561-3EE6C506C350}.23 = {5281C5BB-2394-E384-DEDF-73F9F661705D}
		{36C62D61-808A-D8D0-D561-3EE6C506C350}.24 = {CB5A4EF1-E092-959D-EFD1-E0442F3119F1}
		{36C62D61-808A-D8D0-D561-3EE6C506C350}.25 = {23D61ADF-182D-DD0F-43F2-2E474EE1FB00}
		{36C62D61-808A-D8D0-D561-3EE6C506C350}.26 = {89822485-8A94-469B-7CA5-A2839C03D271}
		{36C62D61-808A-D8D0-D561-3EE6C506C350}.27 = {7577CC57-FF93-6E33-EC99-846E898BED29}
		{36C62D61-808A-D8D0-D561-3EE6C506C350}.28 = {E167BD33-4E68-2BB7-C568-09FC289A2E9A}
		{36C62D61-808A-D8D0-D561-3EE6C506C350}.29 = {6AE42D83-4035-6C15-089B-D65BCF171A11}
		{36C62D61-808A-D8D0-D561-3EE6C506C350}.30 = {097814E8-8395-28B7-6CCF-374BA0D10503}
		{36C62D61-808A-D8D0-D561-3EE6C506C350}.31 = {E4F5830C-8CAF-CBC0-C5E5-B189CECF556A}
		{36C62D61-808A-D8D0-D561-3EE6C506C350}.32 = {3AB21594-2130-A5AE-9E11-272637C9F9B6}
		{36C62D61-808A-D8D0-D561-3EE6C506C350}.33 = {D3852DD2-8840-44C9-AA7A-469FA8445DF3}
		{36C62D61-808A-D8D0-D561-3EE6C506C350}.34 = {967105F5-9828-18D8-0AB3-AB33A96DF792}
		{36C62D61-808A-D8D0-D561-3EE6C506C350}.35 = {E91FEE10-2BA4-53FC-07FA-0A5B3649595F}
		{36C62D61-808A-D8D0-D561-3EE6C506C350}.36 = {6452026D-0C54-4DCD-DA11-047FAC2224D7}
		{36C62D61-808A-D8D0-D561-3EE6C506C350}.37 = {058AAD6E-A940-FA17-F583-B3676E4DAC6C}
		{36C62D61-808A-D8D0-D561-3EE6C506C350}.38 = {7819CFB4-1D16-C2CA-3B58-319C41E552DF}
		{36C62D61-808A-D8D0-D561-3EE6C506C350}.39 = {9B942FB3-91A0-9E4F-1514-1286B4872502}
		{36C62D61-808A-D8D0-D561-3EE6C506C350}.40 = {E1C134D4-C658-E321-DBBE-7D11200B882E}
		{36C62D61-808A-D8D0-D561-3EE6C506C350}.41 = {66C683AA-084B-50DD-3B04-ED38799342BA}
		{36C62D61-808A-D8D0-D561-3EE6C506C350}.42 = {274174A0-7101-29E3-D06A-6C0B009A3DDD}
		{E2ECEB01-C66F-C40A-F57D-14B5700CED7A}.0 = {FF4C7AD7-84CA-8A2F-7EBF-2B1FA775848F}
		{E2ECEB01-C66F-C40A-F57D-14B5700CED7A}.1 = {E7FA7509-300D-FB19-912A-61D2694C9BD0}
		{E2ECEB01-C66F-C40A-F57D-14B5700CED7A}.2 = {E083067F-99E2-8C1C-3EE4-BB0ECA726556}
		{E2ECEB01-C66F-C40A-F57D-14B5700CED7A}.3 = {BCD3DA6A-1AA3-888D-89E5-CFBFF01BA09C}
		{E2ECEB01-C66F-C40A-F57D-14B5700CED7A}.4 = {810EE67A-EF58-EF92-1367-E6FD972356CE}
		{E2ECEB01-C66F-C40A-F57D-14B5700CED7A}.5 = {894F6414-EF76-A9C4-B26F-7E17223A8FEF}
		{106A7F99-1E5C-1E40-BA5B-83418069F01C}.0 = {FE8C31C7-8C7C-B982-16AE-C6CA39940D52}
		{866C2A26-400D-A8C9-8F7B-B780A879B604}.0 = {3EF52631-4486-D72B-BB17-DB8FCF36DDBA}
		{866C2A26-400D-A8C9-8F7B-B780A879B604}.1 = {EEC493BE-2745-954F-FA24-45447359FCDC}
		{866C2A26-400D-A8C9-8F7B-B780A879B604}.2 = {D55BE37F-A3CE-2CF1-7474-6961CF055BC0}
		{866C2A26-400D-A8C9-8F7B-B780A879B604}.3 = {A8B80D52-CD56-437D-0DF3-3798C9279FE4}
		{866C2A26-400D-A8C9-8F7B-B780A879B604}.4 = {BA7BEDE4-D74D-62E9-2A70-F3E2461698BB}
		{866C2A26-400D-A8C9-8F7B-B780A879B604}.5 = {E15D3136-619B-861B-D8FF-561A1F846B6C}
		{866C2A26-400D-A8C9-8F7B-B780A879B604}.6 = {D4C2A921-6257-1D72-592F-450E19AA3E20}
		{866C2A26-400D-A8C9-8F7B-B780A879B604}.7 = {98B5AC91-D6B1-1C99-9FEC-D1EEA525ED3B}
		{866C2A26-400D-A8C9-8F7B-B780A879B604}.8 = {403E853A-59C3-FBA1-AF01-2BF89B0DA2F7}
		{866C2A26-400D-A8C9-8F7B-B780A879B604}.9 = {32B86666-15E0-F234-58EC-50D3CC10AD59}
		{866C2A26-400D-A8C9-8F7B-B780A879B604}.10 = {96C3E65A-7CC9-961B-0681-395F51BC9CE2}
		{866C2A26-400D-A8C9-8F7B-B780A879B604}.11 = {8EBBE255-F364-3793-8E84-4ACE0FB487A1}
		{866C2A26-400D-A8C9-8F7B-B780A879B604}.12 = {E10987F1-14F9-76D8-4B18-F031272542F2}
		{866C2A26-400D-A8C9-8F7B-B780A879B604}.13 = {8E2C61D0-0DDE-9AC3-AB7E-8EE3B4EE09D4}
		{866C2A26-400D-A8C9-8F7B-B780A879B604}.14 = {10B1A9B3-DB3C-98CB-62C9-DB10F9F43396}
		{866C2A26-400D-A8C9-8F7B-B780A879B604}.15 = {F523A3D9-0D90-E985-CA29-10E441393BAE}
		{866C2A26-400D-A8C9-8F7B-B780A879B604}.16 = {5281C5BB-2394-E384-DEDF-73F9F661705D}
		{866C2A26-400D-A8C9-8F7B-B780A879B604}.17 = {CB5A4EF1-E092-959D-EFD1-E0442F3119F1}
		{866C2A26-400D-A8C9-8F7B-B780A879B604}.18 = {23D61ADF-182D-DD0F-43F2-2E474EE1FB00}
		{866C2A26-400D-A8C9-8F7B-B780A879B604}.19 = {89822485-8A94-469B-7CA5-A2839C03D271}
		{866C2A26-400D-A8C9-8F7B-B780A879B604}.20 = {7577CC57-FF93-6E33-EC99-846E898BED29}
		{866C2A26-400D-A8C9-8F7B-B780A879B604}.21 = {E167BD33-4E68-2BB7-C568-09FC289A2E9A}
		{866C2A26-400D-A8C9-8F7B-B780A879B604}.22 = {6AE42D83-4035-6C15-089B-D65BCF171A11}
		{866C2A26-400D-A8C9-8F7B-B780A879B604}.23 = {097814E8-8395-28B7-6CCF-374BA0D10503}
		{866C2A26-400D-A8C9-8F7B-B780A879B604}.24 = {E4F5830C-8CAF-CBC0-C5E5-B189CECF556A}
		{866C2A26-400D-A8C9-8F7B-B780A879B604}.25 = {3AB21594-2130-A5AE-9E11-272637C9F9B6}
		{866C2A26-400D-A8C9-8F7B-B780A879B604}.26 = {D3852DD2-8840-44C9-AA7A-469FA8445DF3}
		{866C2A26-400D-A8C9-8F7B-B780A879B604}.27 = {967105F5-9828-18D8-0AB3-AB33A96DF792}
		{866C2A26-400D-A8C9-8F7B-B780A879B604}.28 = {E91FEE10-2BA4-53FC-07FA-0A5B3649595F}
		{866C2A26-400D-A8C9-8F7B-B780A879B604}.29 = {6452026D-0C54-4DCD-DA11-047FAC2224D7}
		{866C2A26-400D-A8C9-8F7B-B780A879B604}.30 = {058AAD6E-A940-FA17-F583-B3676E4DAC6C}
		{866C2A26-400D-A8C9-8F7B-B780A879B604}.31 = {7819CFB4-1D16-C2CA-3B58-319C41E552DF}
		{866C2A26-400D-A8C9-8F7B-B780A879B604}.32 = {9B942FB3-91A0-9E4F-1514-1286B4872502}
		{866C2A26-400D-A8C9-8F7B-B780A879B604}.33 = {E1C134D4-C658-E321-DBBE-7D11200B882E}
		{866C2A26-400D-A8C9-8F7B-B780A879B604}.34 = {66C683AA-084B-50DD-3B04-ED38799342BA}
		{866C2A26-400D-A8C9-8F7B-B780A879B604}.35 = {274174A0-7101-29E3-D06A-6C0B009A3DDD}
		{3EF52631-4486-D72B-BB17-DB8FCF36DDBA}.0 = {FE8C31C7-8C7C-B982-16AE-C6CA39940D52}
		{EEC493BE-2745-954F-FA24-45447359FCDC}.0 = {FE8C31C7-8C7C-B982-16AE-C6CA39940D52}
		{D55BE37F-A3CE-2CF1-7474-6961CF055BC0}.0 = {FE8C31C7-8C7C-B982-16AE-C6CA39940D52}
		{D4C2A921-6257-1D72-592F-450E19AA3E20}.0 = {FE8C31C7-8C7C-B982-16AE-C6CA39940D52}
		{96C3E65A-7CC9-961B-0681-395F51BC9CE2}.0 = {FE8C31C7-8C7C-B982-16AE-C6CA39940D52}
		{8EBBE255-F364-3793-8E84-4ACE0FB487A1}.0 = {FE8C31C7-8C7C-B982-16AE-C6CA39940D52}
		{E10987F1-14F9-76D8-4B18-F031272542F2}.0 = {FE8C31C7-8C7C-B982-16AE-C6CA39940D52}
		{8E2C61D0-0DDE-9AC3-AB7E-8EE3B4EE09D4}.0 = {FE8C31C7-8C7C-B982-16AE-C6CA39940D52}
		{10B1A9B3-DB3C-98CB-62C9-DB10F9F43396}.0 = {FE8C31C7-8C7C-B982-16AE-C6CA39940D52}
		{F523A3D9-0D90-E985-CA29-10E441393BAE}.0 = {FE8C31C7-8C7C-B982-16AE-C6CA39940D52}
		{5281C5BB-2394-E384-DEDF-73F9F661705D}.0 = {FE8C31C7-8C7C-B982-16AE-C6CA39940D52}
		{CB5A4EF1-E092-959D-EFD1-E0442F3119F1}.0 = {FE8C31C7-8C7C-B982-16AE-C6CA39940D52}
		{23D61ADF-182D-DD0F-43F2-2E474EE1FB00}.0 = {FE8C31C7-8C7C-B982-16AE-C6CA39940D52}
		{89822485-8A94-469B-7CA5-A2839C03D271}.0 = {FE8C31C7-8C7C-B982-16AE-C6CA39940D52}
		{7577CC57-FF93-6E33-EC99-846E898BED29}.0 = {FE8C31C7-8C7C-B982-16AE-C6CA39940D52}
		{E167BD33-4E68-2BB7-C568-09FC289A2E9A}.0 = {FE8C31C7-8C7C-B982-16AE-C6CA39940D52}
		{6AE42D83-4035-6C15-089B-D65BCF171A11}.0 = {FE8C31C7-8C7C-B982-16AE-C6CA39940D52}
		{097814E8-8395-28B7-6CCF-374BA0D10503}.0 = {FE8C31C7-8C7C-B982-16AE-C6CA39940D52}
		{E4F5830C-8CAF-CBC0-C5E5-B189CECF556A}.0 = {FE8C31C7-8C7C-B982-16AE-C6CA39940D52}
		{3AB21594-2130-A5AE-9E11-272637C9F9B6}.0 = {FE8C31C7-8C7C-B982-16AE-C6CA39940D52}
		{D3852DD2-8840-44C9-AA7A-469FA8445DF3}.0 = {FE8C31C7-8C7C-B982-16AE-C6CA39940D52}
		{967105F5-9828-18D8-0AB3-AB33A96DF792}.0 = {FE8C31C7-8C7C-B982-16AE-C6CA39940D52}
		{E91FEE10-2BA4-53FC-07FA-0A5B3649595F}.0 = {FE8C31C7-8C7C-B982-16AE-C6CA39940D52}
		{6452026D-0C54-4DCD-DA11-047FAC2224D7}.0 = {FE8C31C7-8C7C-B982-16AE-C6CA39940D52}
		{058AAD6E-A940-FA17-F583-B3676E4DAC6C}.0 = {FE8C31C7-8C7C-B982-16AE-C6CA39940D52}
		{7819CFB4-1D16-C2CA-3B58-319C41E552DF}.0 = {FE8C31C7-8C7C-B982-16AE-C6CA39940D52}
		{9B942FB3-91A0-9E4F-1514-1286B4872502}.0 = {FE8C31C7-8C7C-B982-16AE-C6CA39940D52}
		{66C683AA-084B-50DD-3B04-ED38799342BA}.0 = {FE8C31C7-8C7C-B982-16AE-C6CA39940D52}
	EndGlobalSection
	GlobalSection(ProjectConfiguration) = postSolution
		{FF4C7AD7-84CA-8A2F-7EBF-2B1FA775848F}.Release.ActiveCfg = Release|Win32
		{FF4C7AD7-84CA-8A2F-7EBF-2B1FA775848F}.Release.Build.0 = Release|Win32
		{FF4C7AD7-84CA-8A2F-7EBF-2B1FA775848F}.Debug.ActiveCfg = Debug|Win32
		{FF4C7AD7-84CA-8A2F-7EBF-2B1FA775848F}.Debug.Build.0 = Debug|Win32
		{E7FA7509-300D-FB19-912A-61D2694C9BD0}.Release.ActiveCfg = Release|Win32
		{E7FA7509-300D-FB19-912A-61D2694C9BD0}.Release.Build.0 = Release|Win32
		{E7FA7509-300D-FB19-912A-61D2694C9BD0}.Debug.ActiveCfg = Debug|Win32
		{E7FA7509-300D-FB19-912A-61D2694C9BD0}.Debug.Build.0 = Debug|Win32
		{E083067F-99E2-8C1C-3EE4-BB0ECA726556}.Release.ActiveCfg = Release|Win32
		{E083067F-99E2-8C1C-3EE4-BB0ECA726556}.Release.Build.0 = Release|Win32
		{E083067F-99E2-8C1C-3EE4-BB0ECA726556}.Debug.ActiveCfg = Debug|Win32
		{E083067F-99E2-8C1C-3EE4-BB0ECA726556}.Debug.Build.0 = Debug|Win32
		{BCD3DA6A-1AA3-888D-89E5-CFBFF01BA09C}.Release.ActiveCfg = Release|Win32
		{BCD3DA6A-1AA3-888D-89E5-CFBFF01BA09C}.Release.Build.0 = Release|Win32
		{BCD3DA6A-1AA3-888D-89E5-CFBFF01BA09C}.Debug.ActiveCfg = Debug|Win32
		{BCD3DA6A-1AA3-888D-89E5-CFBFF01BA09C}.Debug.Build.0 = Debug|Win32
		{810EE67A-EF58-EF92-1367-E6FD972356CE}.Release.ActiveCfg = Release|Win32
		{810EE67A-EF58-EF92-1367-E6FD972356CE}.Release.Build.0 = Release|Win32
		{810EE67A-EF58-EF92-1367-E6FD972356CE}.Debug.ActiveCfg = Debug|Win32
		{810EE67A-EF58-EF92-1367-E6FD972356CE}.Debug.Build.0 = Debug|Win32
		{894F6414-EF76-A9C4-B26F-7E17223A8FEF}.Release.ActiveCfg = Release|Win32
		{894F6414-EF76-A9C4-B26F-7E17223A8FEF}.Release.Build.0 = Release|Win32
		{894F6414-EF76-A9C4-B26F-7E17223A8FEF}.Debug.ActiveCfg = Debug|Win32
		{894F6414-EF76-A9C4-B26F-7E17223A8FEF}.Debug.Build.0 = Debug|Win32
		{36C62D61-808A-D8D0-D561-3EE6C506C350}.Release.ActiveCfg = Release|Win32
		{36C62D61-808A-D8D0-D561-3EE6C506C350}.Release.Build.0 = Release|Win32
		{36C62D61-808A-D8D0-D561-3EE6C506C350}.Debug.ActiveCfg = Debug|Win32
		{36C62D61-808A-D8D0-D561-3EE6C506C350}.Debug.Build.0 = Debug|Win32
		{E2ECEB01-C66F-C40A-F57D-14B5700CED7A}.Release.ActiveCfg = Release|Win32
		{E2ECEB01-C66F-C40A-F57D-14B5700CED7A}.Release.Build.0 = Release|Win32
		{E2ECEB01-C66F-C40A-F57D-14B5700CED7A}.Debug.ActiveCfg = Debug|Win32
		{E2ECEB01-C66F-C40A-F57D-14B5700CED7A}.Debug.Build.0 = Debug|Win32
		{106A7F99-1E5C-1E40-BA5B-83418069F01C}.Release.ActiveCfg = Release|Win32
		{106A7F99-1E5C-1E40-BA5B-83418069F01C}.Release.Build.0 = Release|Win32
		{106A7F99-1E5C-1E40-BA5B-83418069F01C}.Debug.ActiveCfg = Debug|Win32
		{106A7F99-1E5C-1E40-BA5B-83418069F01C}.Debug.Build.0 = Debug|Win32
		{866C2A26-400D-A8C9-8F7B-B780A879B604}.Release.ActiveCfg = Release|Win32
		{866C2A26-400D-A8C9-8F7B-B780A879B604}.Release.Build.0 = Release|Win32
		{866C2A26-400D-A8C9-8F7B-B780A879B604}.Debug.ActiveCfg = Debug|Win32
		{866C2A26-400D-A8C9-8F7B-B780A879B604}.Debug.Build.0 = Debug|Win32
		{FE8C31C7-8C7C-B982-16AE-C6CA39940D52}.Release.ActiveCfg = Release|Win32
		{FE8C31C7-8C7C-B982-16AE-C6CA39940D52}.Release.Build.0 = Release|Win32
		{FE8C31C7-8C7C-B982-16AE-C6CA39940D52}.Debug.ActiveCfg = Debug|Win32
		{FE8C31C7-8C7C-B982-16AE-C6CA39940D52}.Debug.Build.0 = Debug|Win32
		{3EF52631-4486-D72B-BB17-DB8FCF36DDBA}.Release.ActiveCfg = Release|Win32
		{3EF52631-4486-D72B-BB17-DB8FCF36DDBA}.Release.Build.0 = Release|Win32
		{3EF52631-4486-D72B-BB17-DB8FCF36DDBA}.Debug.ActiveCfg = Debug|Win32
		{3EF52631-4486-D72B-BB17-DB8FCF36DDBA}.Debug.Build.0 = Debug|Win32
		{EEC493BE-2745-954F-FA24-45447359FCDC}.Release.ActiveCfg = Release|Win32
		{EEC493BE-2745-954F-FA24-45447359FCDC}.Release.Build.0 = Release|Win32
		{EEC493BE-2745-954F-FA24-45447359FCDC}.Debug.ActiveCfg = Debug|Win32
		{EEC493BE-2745-954F-FA24-45447359FCDC}.Debug.Build.0 = Debug|Win32
		{D55BE37F-A3CE-2CF1-7474-6961CF055BC0}.Release.ActiveCfg = Release|Win32
		{D55BE37F-A3CE-2CF1-7474-6961CF055BC0}.Release.Build.0 = Release|Win32
		{D55BE37F-A3CE-2CF1-7474-6961CF055BC0}.Debug.ActiveCfg = Debug|Win32
		{D55BE37F-A3CE-2CF1-7474-6961CF055BC0}.Debug.Build.0 = Debug|Win32
		{A8B80D52-CD56-437D-0DF3-3798C9279FE4}.Release.ActiveCfg = Release|Win32
		{A8B80D52-CD56-437D-0DF3-3798C9279FE4}.Release.Build.0 = Release|Win32
		{A8B80D52-CD56-437D-0DF3-3798C9279FE4}.Debug.ActiveCfg = Debug|Win32
		{A8B80D52-CD56-437D-0DF3-3798C9279FE4}.Debug.Build.0 = Debug|Win32
		{BA7BEDE4-D74D-62E9-2A70-F3E2461698BB}.Release.ActiveCfg = Release|Win32
		{BA7BEDE4-D74D-62E9-2A70-F3E2461698BB}.Release.Build.0 = Release|Win32
		{BA7BEDE4-D74D-62E9-2A70-F3E2461698BB}.Debug.ActiveCfg = Debug|Win32
		{BA7BEDE4-D74D-62E9-2A70-F3E2461698BB}.Debug.Build.0 = Debug|Win32
		{E15D3136-619B-861B-D8FF-561A1F846B6C}.Release.ActiveCfg = Release|Win32
		{E15D3136-619B-861B-D8FF-561A1F846B6C}.Release.Build.0 = Release|Win32
		{E15D3136-619B-861B-D8FF-561A1F846B6C}.Debug.ActiveCfg = Debug|Win32
		{E15D3136-619B-861B-D8FF-561A1F846B6C}.Debug.Build.0 = Debug|Win32
		{D4C2A921-6257-1D72-592F-450E19AA3E20}.Release.ActiveCfg = Release|Win32
		{D4C2A921-6257-1D72-592F-450E19AA3E20}.Release.Build.0 = Release|Win32
		{D4C2A921-6257-1D72-592F-450E19AA3E20}.Debug.ActiveCfg = Debug|Win32
		{D4C2A921-6257-1D72-592F-450E19AA3E20}.Debug.Build.0 = Debug|Win32
		{98B5AC91-D6B1-1C99-9FEC-D1EEA525ED3B}.Release.ActiveCfg = Release|Win32
		{98B5AC91-D6B1-1C99-9FEC-D1EEA525ED3B}.Release.Build.0 = Release|Win32
		{98B5AC91-D6B1-1C99-9FEC-D1EEA525ED3B}.Debug.ActiveCfg = Debug|Win32
		{98B5AC91-D6B1-1C99-9FEC-D1EEA525ED3B}.Debug.Build.0 = Debug|Win32
		{403E853A-59C3-FBA1-AF01-2BF89B0DA2F7}.Release.ActiveCfg = Release|Win32
		{403E853A-59C3-FBA1-AF01-2BF89B0DA2F7}.Release.Build.0 = Release|Win32
		{403E853A-59C3-FBA1-AF01-2BF89B0DA2F7}.Debug.ActiveCfg = Debug|Win32
		{403E853A-59C3-FBA1-AF01-2BF89B0DA2F7}.Debug.Build.0 = Debug|Win32
		{32B86666-15E0-F234-58EC-50D3CC10AD59}.Release.ActiveCfg = Release|Win32
		{32B86666-15E0-F234-58EC-50D3CC10AD59}.Release.Build.0 = Release|Win32
		{32B86666-15E0-F234-58EC-50D3CC10AD59}.Debug.ActiveCfg = Debug|Win32
		{32B86666-15E0-F234-58EC-50D3CC10AD59}.Debug.Build.0 = Debug|Win32
		{96C3E65A-7CC9-961B-0681-395F51BC9CE2}.Release.ActiveCfg = Release|Win32
		{96C3E65A-7CC9-961B-0681-395F51BC9CE2}.Release.Build.0 = Release|Win32
		{96C3E65A-7CC9-961B-0681-395F51BC9CE2}.Debug.ActiveCfg = Debug|Win32
		{96C3E65A-7CC9-961B-0681-395F51BC9CE2}.Debug.Build.0 = Debug|Win32
		{8EBBE255-F364-3793-8E84-4ACE0FB487A1}.Release.ActiveCfg = Release|Win32
		{8EBBE255-F364-3793-8E84-4ACE0FB487A1}.Release.Build.0 = Release|Win32
		{8EBBE255-F364-3793-8E84-4ACE0FB487A1}.Debug.ActiveCfg = Debug|Win32
		{8EBBE255-F364-3793-8E84-4ACE0FB487A1}.Debug.Build.0 = Debug|Win32
		{E10987F1-14F9-76D8-4B18-F031272542F2}.Release.ActiveCfg = Release|Win32
		{E10987F1-14F9-76D8-4B18-F031272542F2}.Release.Build.0 = Release|Win32
		{E10987F1-14F9-76D8-4B18-F031272542F2}.Debug.ActiveCfg = Debug|Win32
		{E10987F1-14F9-76D8-4B18-F031272542F2}.Debug.Build.0 = Debug|Win32
		{8E2C61D0-0DDE-9AC3-AB7E-8EE3B4EE09D4}.Release.ActiveCfg = Release|Win32
		{8E2C61D0-0DDE-9AC3-AB7E-8EE3B4EE09D4}.Release.Build.0 = Release|Win32
		{8E2C61D0-0DDE-9AC3-AB7E-8EE3B4EE09D4}.Debug.ActiveCfg = Debug|Win32
		{8E2C61D0-0DDE-9AC3-AB7E-8EE3B4EE09D4}.Debug.Build.0 = Debug|Win32
		{10B1A9B3-DB3C-98CB-62C9-DB10F9F43396}.Release.ActiveCfg = Release|Win32
		{10B1A9B3-DB3C-98CB-62C9-DB10F9F43396}.Release.Build.0 = Release|Win32
		{10B1A9B3-DB3C-98CB-62C9-DB10F9F43396}.Debug.ActiveCfg = Debug|Win32
		{10B1A9B3-DB3C-98CB-62C9-DB10F9F43396}.Debug.Build.0 = Debug|Win32
		{F523A3D9-0D90-E985-CA29-10E441393BAE}.Release.ActiveCfg = Release|Win32
		{F523A3D9-0D90-E985-CA29-10E441393BAE}.Release.Build.0 = Release|Win32
		{F523A3D9-0D90-E985-CA29-10E441393BAE}.Debug.ActiveCfg = Debug|Win32
		{F523A3D9-0D90-E985-CA29-10E441393BAE}.Debug.Build.0 = Debug|Win32
		{5281C5BB-2394-E384-DEDF-73F9F661705D}.Release.ActiveCfg = Release|Win32
		{5281C5BB-2394-E384-DEDF-73F9F661705D}.Release.Build.0 = Release|Win32
		{5281C5BB-2394-E384-DEDF-73F9F661705D}.Debug.ActiveCfg = Debug|Win32
		{5281C5BB-2394-E384-DEDF-73F9F661705D}.Debug.Build.0 = Debug|Win32
		{CB5A4EF1-E092-959D-EFD1-E0442F3119F1}.Release.ActiveCfg = Release|Win32
		{CB5A4EF1-E092-959D-EFD1-E0442F3119F1}.Release.Build.0 = Release|Win32
		{CB5A4EF1-E092-959D-EFD1-E0442F3119F1}.Debug.ActiveCfg = Debug|Win32
		{CB5A4EF1-E092-959D-EFD1-E0442F3119F1}.Debug.Build.0 = Debug|Win32
		{23D61ADF-182D-DD0F-43F2-2E474EE1FB00}.Release.ActiveCfg = Release|Win32
		{23D61ADF-182D-DD0F-43F2-2E474EE1FB00}.Release.Build.0 = Release|Win32
		{23D61ADF-182D-DD0F-43F2-2E474EE1FB00}.Debug.ActiveCfg = Debug|Win32
		{23D61ADF-182D-DD0F-43F2-2E474EE1FB00}.Debug.Build.0 = Debug|Win32
		{89822485-8A94-469B-7CA5-A2839C03D271}.Release.ActiveCfg = Release|Win32
		{89822485-8A94-469B-7CA5-A2839C03D271}.Release.Build.0 = Release|Win32
		{89822485-8A94-469B-7CA5-A2839C03D271}.Debug.ActiveCfg = Debug|Win32
		{89822485-8A94-469B-7CA5-A2839C03D271}.Debug.Build.0 = Debug|Win32
		{7577CC57-FF93-6E33-EC99-846E898BED29}.Release.ActiveCfg = Release|Win32
		{7577CC57-FF93-6E33-EC99-846E898BED29}.Release.Build.0 = Release|Win32
		{7577CC57-FF93-6E33-EC99-846E898BED29}.Debug.ActiveCfg = Debug|Win32
		{7577CC57-FF93-6E33-EC99-846E898BED29}.Debug.Build.0 = Debug|Win32
		{E167BD33-4E68-2BB7-C568-09FC289A2E9A}.Release.ActiveCfg = Release|Win32
		{E167BD33-4E68-2BB7-C568-09FC289A2E9A}.Release.Build.0 = Release|Win32
		{E167BD33-4E68-2BB7-C568-09FC289A2E9A}.Debug.ActiveCfg = Debug|Win32
		{E167BD33-4E68-2BB7-C568-09FC289A2E9A}.Debug.Build.0 = Debug|Win32
		{6AE42D83-4035-6C15-089B-D65BCF171A11}.Release.ActiveCfg = Release|Win32
		{6AE42D83-4035-6C15-089B-D65BCF171A11}.Release.Build.0 = Release|Win32
		{6AE42D83-4035-6C15-089B-D65BCF171A11}.Debug.ActiveCfg = Debug|Win32
		{6AE42D83-4035-6C15-089B-D65BCF171A11}.Debug.Build.0 = Debug|Win32
		{097814E8-8395-28B7-6CCF-374BA0D10503}.Release.ActiveCfg = Release|Win32
		{097814E8-8395-28B7-6CCF-374BA0D10503}.Release.Build.0 = Release|Win32
		{097814E8-8395-28B7-6CCF-374BA0D10503}.Debug.ActiveCfg = Debug|Win32
		{097814E8-8395-28B7-6CCF-374BA0D10503}.Debug.Build.0 = Debug|Win32
		{E4F5830C-8CAF-CBC0-C5E5-B189CECF556A}.Release.ActiveCfg = Release|Win32
		{E4F5830C-8CAF-CBC0-C5E5-B189CECF556A}.Release.Build.0 = Release|Win32
		{E4F5830C-8CAF-CBC0-C5E5-B189CECF556A}.Debug.ActiveCfg = Debug|Win32
		{E4F5830C-8CAF-CBC0-C5E5-B189CECF556A}.Debug.Build.0 = Debug|Win32
		{3AB21594-2130-A5AE-9E11-272637C9F9B6}.Release.ActiveCfg = Release|Win32
		{3AB21594-2130-A5AE-9E11-272637C9F9B6}.Release.Build.0 = Release|Win32
		{3AB21594-2130-A5AE-9E11-272637C9F9B6}.Debug.ActiveCfg = Debug|Win32
		{3AB21594-2130-A5AE-9E11-272637C9F9B6}.Debug.Build.0 = Debug|Win32
		{D3852DD2-8840-44C9-AA7A-469FA8445DF3}.Release.ActiveCfg = Release|Win32
		{D3852DD2-8840-44C9-AA7A-469FA8445DF3}.Release.Build.0 = Release|Win32
		{D3852DD2-8840-44C9-AA7A-469FA8445DF3}.Debug.ActiveCfg = Debug|Win32
		{D3852DD2-8840-44C9-AA7A-469FA8445DF3}.Debug.Build.0 = Debug|Win32
		{967105F5-9828-18D8-0AB3-AB33A96DF792}.Release.ActiveCfg = Release|Win32
		{967105F5-9828-18D8-0AB3-AB33A96DF792}.Release.Build.0 = Release|Win32
		{967105F5-9828-18D8-0AB3-AB33A96DF792}.Debug.ActiveCfg = Debug|Win32
		{967105F5-9828-18D8-0AB3-AB33A96DF792}.Debug.Build.0 = Debug|Win32
		{E91FEE10-2BA4-53FC-07FA-0A5B3649595F}.Release.ActiveCfg = Release|Win32
		{E91FEE10-2BA4-53FC-07FA-0A5B3649595F}.Release.Build.0 = Release|Win32
		{E91FEE10-2BA4-53FC-07FA-0A5B3649595F}.Debug.ActiveCfg = Debug|Win32
		{E91FEE10-2BA4-53FC-07FA-0A5B3649595F}.Debug.Build.0 = Debug|Win32
		{6452026D-0C54-4DCD-DA11-047FAC2224D7}.Release.ActiveCfg = Release|Win32
		{6452026D-0C54-4DCD-DA11-047FAC2224D7}.Release.Build.0 = Release|Win32
		{6452026D-0C54-4DCD-DA11-047FAC2224D7}.Debug.ActiveCfg = Debug|Win32
		{6452026D-0C54-4DCD-DA11-047FAC2224D7}.Debug.Build.0 = Debug|Win32
		{058AAD6E-A940-FA17-F583-B3676E4DAC6C}.Release.ActiveCfg = Release|Win32
		{058AAD6E-A940-FA17-F583-B3676E4DAC6C}.Release.Build.0 = Release|Win32
		{058AAD6E-A940-FA17-F583-B3676E4DAC6C}.Debug.ActiveCfg = Debug|Win32
		{058AAD6E-A940-FA17-F583-B3676E4DAC6C}.Debug.Build.0 = Debug|Win32
		{7819CFB4-1D16-C2CA-3B58-319C41E552DF}.Release.ActiveCfg = Release|Win32
		{7819CFB4-1D16-C2CA-3B58-319C41E552DF}.Release.Build.0 = Release|Win32
		{7819CFB4-1D16-C2CA-3B58-319C41E552DF}.Debug.ActiveCfg = Debug|Win32
		{7819CFB4-1D16-C2CA-3B58-319C41E552DF}.Debug.Build.0 = Debug|Win32
		{9B942FB3-91A0-9E4F-1514-1286B4872502}.Release.ActiveCfg = Release|Win32
		{9B942FB3-91A0-9E4F-1514-1286B4872502}.Release.Build.0 = Release|Win32
		{9B942FB3-91A0-9E4F-1514-1286B4872502}.Debug.ActiveCfg = Debug|Win32
		{9B942FB3-91A0-9E4F-1514-1286B4872502}.Debug.Build.0 = Debug|Win32
		{E1C134D4-C658-E321-DBBE-7D11200B882E}.Release.ActiveCfg = Release|Win32
		{E1C134D4-C658-E321-DBBE-7D11200B882E}.Release.Build.0 = Release|Win32
		{E1C134D4-C658-E321-DBBE-7D11200B882E}.Debug.ActiveCfg = Debug|Win32
		{E1C134D4-C658-E321-DBBE-7D11200B882E}.Debug.Build.0 = Debug|Win32
		{66C683AA-084B-50DD-3B04-ED38799342BA}.Release.ActiveCfg = Release|Win32
		{66C683AA-084B-50DD-3B04-ED38799342BA}.Release.Build.0 = Release|Win32
		{66C683AA-084B-50DD-3B04-ED38799342BA}.Debug.ActiveCfg = Debug|Win32
		{66C683AA-084B-50DD-3B04-ED38799342BA}.Debug.Build.0 = Debug|Win32
		{274174A0-7101-29E3-D06A-6C0B009A3DDD}.Release.ActiveCfg = Release|Win32
		{274174A0-7101-29E3-D06A-6C0B009A3DDD}.Release.Build.0 = Release|Win32
		{274174A0-7101-29E3-D06A-6C0B009A3DDD}.Debug.ActiveCfg = Debug|Win32
		{274174A0-7101-29E3-D06A-6C0B009A3DDD}.Debug.Build.0 = Debug|Win32
	EndGlobalSection
	GlobalSection(ExtensibilityGlobals) = postSolution
	EndGlobalSection
	GlobalSection(ExtensibilityAddIns) = postSolution
	EndGlobalSection
EndGlobal
